// !$*UTF8*$!
{
	archiveVersion = 1;
	classes = {
	};
	objectVersion = 46;
	objects = {

/* Begin PBXBuildFile section */
		CA26528E1DBE05F5008BCCC9 /* AppDelegate.swift in Sources */ = {isa = PBXBuildFile; fileRef = CA26528D1DBE05F5008BCCC9 /* AppDelegate.swift */; };
		CA2652901DBE05F5008BCCC9 /* ViewController.swift in Sources */ = {isa = PBXBuildFile; fileRef = CA26528F1DBE05F5008BCCC9 /* ViewController.swift */; };
		CA2652951DBE05F5008BCCC9 /* Assets.xcassets in Resources */ = {isa = PBXBuildFile; fileRef = CA2652941DBE05F5008BCCC9 /* Assets.xcassets */; };
		CA2652981DBE05F5008BCCC9 /* LaunchScreen.storyboard in Resources */ = {isa = PBXBuildFile; fileRef = CA2652961DBE05F5008BCCC9 /* LaunchScreen.storyboard */; };
		CA2652C11DBE0605008BCCC9 /* Algeria.png in Resources */ = {isa = PBXBuildFile; fileRef = CA2652A01DBE0605008BCCC9 /* Algeria.png */; };
		CA2652C21DBE0605008BCCC9 /* Argentina.png in Resources */ = {isa = PBXBuildFile; fileRef = CA2652A11DBE0605008BCCC9 /* Argentina.png */; };
		CA2652C31DBE0605008BCCC9 /* Australia.png in Resources */ = {isa = PBXBuildFile; fileRef = CA2652A21DBE0605008BCCC9 /* Australia.png */; };
		CA2652C41DBE0605008BCCC9 /* Brazil.png in Resources */ = {isa = PBXBuildFile; fileRef = CA2652A31DBE0605008BCCC9 /* Brazil.png */; };
		CA2652C51DBE0605008BCCC9 /* Cameroon.png in Resources */ = {isa = PBXBuildFile; fileRef = CA2652A41DBE0605008BCCC9 /* Cameroon.png */; };
		CA2652C61DBE0605008BCCC9 /* Chile.png in Resources */ = {isa = PBXBuildFile; fileRef = CA2652A51DBE0605008BCCC9 /* Chile.png */; };
		CA2652C71DBE0605008BCCC9 /* CoteDIvoire.png in Resources */ = {isa = PBXBuildFile; fileRef = CA2652A61DBE0605008BCCC9 /* CoteDIvoire.png */; };
		CA2652C81DBE0605008BCCC9 /* Denmark.png in Resources */ = {isa = PBXBuildFile; fileRef = CA2652A71DBE0605008BCCC9 /* Denmark.png */; };
		CA2652C91DBE0605008BCCC9 /* England.png in Resources */ = {isa = PBXBuildFile; fileRef = CA2652A81DBE0605008BCCC9 /* England.png */; };
		CA2652CA1DBE0605008BCCC9 /* France.png in Resources */ = {isa = PBXBuildFile; fileRef = CA2652A91DBE0605008BCCC9 /* France.png */; };
		CA2652CB1DBE0605008BCCC9 /* Germany.png in Resources */ = {isa = PBXBuildFile; fileRef = CA2652AA1DBE0605008BCCC9 /* Germany.png */; };
		CA2652CC1DBE0605008BCCC9 /* Ghana.png in Resources */ = {isa = PBXBuildFile; fileRef = CA2652AB1DBE0605008BCCC9 /* Ghana.png */; };
		CA2652CD1DBE0605008BCCC9 /* Greece.png in Resources */ = {isa = PBXBuildFile; fileRef = CA2652AC1DBE0605008BCCC9 /* Greece.png */; };
		CA2652CE1DBE0605008BCCC9 /* Holland.png in Resources */ = {isa = PBXBuildFile; fileRef = CA2652AD1DBE0605008BCCC9 /* Holland.png */; };
		CA2652CF1DBE0605008BCCC9 /* Honduras.png in Resources */ = {isa = PBXBuildFile; fileRef = CA2652AE1DBE0605008BCCC9 /* Honduras.png */; };
		CA2652D01DBE0605008BCCC9 /* Italy.png in Resources */ = {isa = PBXBuildFile; fileRef = CA2652AF1DBE0605008BCCC9 /* Italy.png */; };
		CA2652D11DBE0605008BCCC9 /* Japan.png in Resources */ = {isa = PBXBuildFile; fileRef = CA2652B01DBE0605008BCCC9 /* Japan.png */; };
		CA2652D21DBE0605008BCCC9 /* Mexico.png in Resources */ = {isa = PBXBuildFile; fileRef = CA2652B11DBE0605008BCCC9 /* Mexico.png */; };
		CA2652D31DBE0605008BCCC9 /* NewZealand.png in Resources */ = {isa = PBXBuildFile; fileRef = CA2652B21DBE0605008BCCC9 /* NewZealand.png */; };
		CA2652D41DBE0605008BCCC9 /* Nigeria.png in Resources */ = {isa = PBXBuildFile; fileRef = CA2652B31DBE0605008BCCC9 /* Nigeria.png */; };
		CA2652D51DBE0605008BCCC9 /* NorthKorea.png in Resources */ = {isa = PBXBuildFile; fileRef = CA2652B41DBE0605008BCCC9 /* NorthKorea.png */; };
		CA2652D61DBE0605008BCCC9 /* Paraguay.png in Resources */ = {isa = PBXBuildFile; fileRef = CA2652B51DBE0605008BCCC9 /* Paraguay.png */; };
		CA2652D71DBE0605008BCCC9 /* Portugal.png in Resources */ = {isa = PBXBuildFile; fileRef = CA2652B61DBE0605008BCCC9 /* Portugal.png */; };
		CA2652D81DBE0605008BCCC9 /* Serbia.png in Resources */ = {isa = PBXBuildFile; fileRef = CA2652B71DBE0605008BCCC9 /* Serbia.png */; };
		CA2652D91DBE0605008BCCC9 /* Slovakia.png in Resources */ = {isa = PBXBuildFile; fileRef = CA2652B81DBE0605008BCCC9 /* Slovakia.png */; };
		CA2652DA1DBE0605008BCCC9 /* Slovenia.png in Resources */ = {isa = PBXBuildFile; fileRef = CA2652B91DBE0605008BCCC9 /* Slovenia.png */; };
		CA2652DB1DBE0605008BCCC9 /* SouthAfrica.png in Resources */ = {isa = PBXBuildFile; fileRef = CA2652BA1DBE0605008BCCC9 /* SouthAfrica.png */; };
		CA2652DC1DBE0605008BCCC9 /* SouthKorea.png in Resources */ = {isa = PBXBuildFile; fileRef = CA2652BB1DBE0605008BCCC9 /* SouthKorea.png */; };
		CA2652DD1DBE0605008BCCC9 /* Spain.png in Resources */ = {isa = PBXBuildFile; fileRef = CA2652BC1DBE0605008BCCC9 /* Spain.png */; };
		CA2652DE1DBE0605008BCCC9 /* Switzerland.png in Resources */ = {isa = PBXBuildFile; fileRef = CA2652BD1DBE0605008BCCC9 /* Switzerland.png */; };
		CA2652DF1DBE0605008BCCC9 /* Uruguay.png in Resources */ = {isa = PBXBuildFile; fileRef = CA2652BE1DBE0605008BCCC9 /* Uruguay.png */; };
		CA2652E01DBE0605008BCCC9 /* USA.png in Resources */ = {isa = PBXBuildFile; fileRef = CA2652BF1DBE0605008BCCC9 /* USA.png */; };
		CA2652E11DBE0605008BCCC9 /* team.plist in Resources */ = {isa = PBXBuildFile; fileRef = CA2652C01DBE0605008BCCC9 /* team.plist */; };
		CA2652E31DBE066A008BCCC9 /* CustomCell.swift in Sources */ = {isa = PBXBuildFile; fileRef = CA2652E21DBE066A008BCCC9 /* CustomCell.swift */; };
/* End PBXBuildFile section */

/* Begin PBXFileReference section */
		CA26528A1DBE05F5008BCCC9 /* CustomCell.app */ = {isa = PBXFileReference; explicitFileType = wrapper.application; includeInIndex = 0; path = CustomCell.app; sourceTree = BUILT_PRODUCTS_DIR; };
		CA26528D1DBE05F5008BCCC9 /* AppDelegate.swift */ = {isa = PBXFileReference; lastKnownFileType = sourcecode.swift; path = AppDelegate.swift; sourceTree = "<group>"; };
		CA26528F1DBE05F5008BCCC9 /* ViewController.swift */ = {isa = PBXFileReference; lastKnownFileType = sourcecode.swift; path = ViewController.swift; sourceTree = "<group>"; };
		CA2652941DBE05F5008BCCC9 /* Assets.xcassets */ = {isa = PBXFileReference; lastKnownFileType = folder.assetcatalog; path = Assets.xcassets; sourceTree = "<group>"; };
		CA2652971DBE05F5008BCCC9 /* Base */ = {isa = PBXFileReference; lastKnownFileType = file.storyboard; name = Base; path = Base.lproj/LaunchScreen.storyboard; sourceTree = "<group>"; };
		CA2652991DBE05F5008BCCC9 /* Info.plist */ = {isa = PBXFileReference; lastKnownFileType = text.plist.xml; path = Info.plist; sourceTree = "<group>"; };
		CA2652A01DBE0605008BCCC9 /* Algeria.png */ = {isa = PBXFileReference; lastKnownFileType = image.png; path = Algeria.png; sourceTree = "<group>"; };
		CA2652A11DBE0605008BCCC9 /* Argentina.png */ = {isa = PBXFileReference; lastKnownFileType = image.png; path = Argentina.png; sourceTree = "<group>"; };
		CA2652A21DBE0605008BCCC9 /* Australia.png */ = {isa = PBXFileReference; lastKnownFileType = image.png; path = Australia.png; sourceTree = "<group>"; };
		CA2652A31DBE0605008BCCC9 /* Brazil.png */ = {isa = PBXFileReference; lastKnownFileType = image.png; path = Brazil.png; sourceTree = "<group>"; };
		CA2652A41DBE0605008BCCC9 /* Cameroon.png */ = {isa = PBXFileReference; lastKnownFileType = image.png; path = Cameroon.png; sourceTree = "<group>"; };
		CA2652A51DBE0605008BCCC9 /* Chile.png */ = {isa = PBXFileReference; lastKnownFileType = image.png; path = Chile.png; sourceTree = "<group>"; };
		CA2652A61DBE0605008BCCC9 /* CoteDIvoire.png */ = {isa = PBXFileReference; lastKnownFileType = image.png; path = CoteDIvoire.png; sourceTree = "<group>"; };
		CA2652A71DBE0605008BCCC9 /* Denmark.png */ = {isa = PBXFileReference; lastKnownFileType = image.png; path = Denmark.png; sourceTree = "<group>"; };
		CA2652A81DBE0605008BCCC9 /* England.png */ = {isa = PBXFileReference; lastKnownFileType = image.png; path = England.png; sourceTree = "<group>"; };
		CA2652A91DBE0605008BCCC9 /* France.png */ = {isa = PBXFileReference; lastKnownFileType = image.png; path = France.png; sourceTree = "<group>"; };
		CA2652AA1DBE0605008BCCC9 /* Germany.png */ = {isa = PBXFileReference; lastKnownFileType = image.png; path = Germany.png; sourceTree = "<group>"; };
		CA2652AB1DBE0605008BCCC9 /* Ghana.png */ = {isa = PBXFileReference; lastKnownFileType = image.png; path = Ghana.png; sourceTree = "<group>"; };
		CA2652AC1DBE0605008BCCC9 /* Greece.png */ = {isa = PBXFileReference; lastKnownFileType = image.png; path = Greece.png; sourceTree = "<group>"; };
		CA2652AD1DBE0605008BCCC9 /* Holland.png */ = {isa = PBXFileReference; lastKnownFileType = image.png; path = Holland.png; sourceTree = "<group>"; };
		CA2652AE1DBE0605008BCCC9 /* Honduras.png */ = {isa = PBXFileReference; lastKnownFileType = image.png; path = Honduras.png; sourceTree = "<group>"; };
		CA2652AF1DBE0605008BCCC9 /* Italy.png */ = {isa = PBXFileReference; lastKnownFileType = image.png; path = Italy.png; sourceTree = "<group>"; };
		CA2652B01DBE0605008BCCC9 /* Japan.png */ = {isa = PBXFileReference; lastKnownFileType = image.png; path = Japan.png; sourceTree = "<group>"; };
		CA2652B11DBE0605008BCCC9 /* Mexico.png */ = {isa = PBXFileReference; lastKnownFileType = image.png; path = Mexico.png; sourceTree = "<group>"; };
		CA2652B21DBE0605008BCCC9 /* NewZealand.png */ = {isa = PBXFileReference; lastKnownFileType = image.png; path = NewZealand.png; sourceTree = "<group>"; };
		CA2652B31DBE0605008BCCC9 /* Nigeria.png */ = {isa = PBXFileReference; lastKnownFileType = image.png; path = Nigeria.png; sourceTree = "<group>"; };
		CA2652B41DBE0605008BCCC9 /* NorthKorea.png */ = {isa = PBXFileReference; lastKnownFileType = image.png; path = NorthKorea.png; sourceTree = "<group>"; };
		CA2652B51DBE0605008BCCC9 /* Paraguay.png */ = {isa = PBXFileReference; lastKnownFileType = image.png; path = Paraguay.png; sourceTree = "<group>"; };
		CA2652B61DBE0605008BCCC9 /* Portugal.png */ = {isa = PBXFileReference; lastKnownFileType = image.png; path = Portugal.png; sourceTree = "<group>"; };
		CA2652B71DBE0605008BCCC9 /* Serbia.png */ = {isa = PBXFileReference; lastKnownFileType = image.png; path = Serbia.png; sourceTree = "<group>"; };
		CA2652B81DBE0605008BCCC9 /* Slovakia.png */ = {isa = PBXFileReference; lastKnownFileType = image.png; path = Slovakia.png; sourceTree = "<group>"; };
		CA2652B91DBE0605008BCCC9 /* Slovenia.png */ = {isa = PBXFileReference; lastKnownFileType = image.png; path = Slovenia.png; sourceTree = "<group>"; };
		CA2652BA1DBE0605008BCCC9 /* SouthAfrica.png */ = {isa = PBXFileReference; lastKnownFileType = image.png; path = SouthAfrica.png; sourceTree = "<group>"; };
		CA2652BB1DBE0605008BCCC9 /* SouthKorea.png */ = {isa = PBXFileReference; lastKnownFileType = image.png; path = SouthKorea.png; sourceTree = "<group>"; };
		CA2652BC1DBE0605008BCCC9 /* Spain.png */ = {isa = PBXFileReference; lastKnownFileType = image.png; path = Spain.png; sourceTree = "<group>"; };
		CA2652BD1DBE0605008BCCC9 /* Switzerland.png */ = {isa = PBXFileReference; lastKnownFileType = image.png; path = Switzerland.png; sourceTree = "<group>"; };
		CA2652BE1DBE0605008BCCC9 /* Uruguay.png */ = {isa = PBXFileReference; lastKnownFileType = image.png; path = Uruguay.png; sourceTree = "<group>"; };
		CA2652BF1DBE0605008BCCC9 /* USA.png */ = {isa = PBXFileReference; lastKnownFileType = image.png; path = USA.png; sourceTree = "<group>"; };
		CA2652C01DBE0605008BCCC9 /* team.plist */ = {isa = PBXFileReference; fileEncoding = 4; lastKnownFileType = text.plist.xml; path = team.plist; sourceTree = "<group>"; };
		CA2652E21DBE066A008BCCC9 /* CustomCell.swift */ = {isa = PBXFileReference; fileEncoding = 4; lastKnownFileType = sourcecode.swift; path = CustomCell.swift; sourceTree = "<group>"; };
/* End PBXFileReference section */

/* Begin PBXFrameworksBuildPhase section */
		CA2652871DBE05F5008BCCC9 /* Frameworks */ = {
			isa = PBXFrameworksBuildPhase;
			buildActionMask = 2147483647;
			files = (
			);
			runOnlyForDeploymentPostprocessing = 0;
		};
/* End PBXFrameworksBuildPhase section */

/* Begin PBXGroup section */
		CA2652811DBE05F5008BCCC9 = {
			isa = PBXGroup;
			children = (
				CA26528C1DBE05F5008BCCC9 /* CustomCell */,
				CA26528B1DBE05F5008BCCC9 /* Products */,
			);
			sourceTree = "<group>";
		};
		CA26528B1DBE05F5008BCCC9 /* Products */ = {
			isa = PBXGroup;
			children = (
				CA26528A1DBE05F5008BCCC9 /* CustomCell.app */,
			);
			name = Products;
			sourceTree = "<group>";
		};
		CA26528C1DBE05F5008BCCC9 /* CustomCell */ = {
			isa = PBXGroup;
			children = (
				CA26529F1DBE0605008BCCC9 /* 球队图片 */,
				CA2652C01DBE0605008BCCC9 /* team.plist */,
				CA26528D1DBE05F5008BCCC9 /* AppDelegate.swift */,
				CA26528F1DBE05F5008BCCC9 /* ViewController.swift */,
				CA2652E21DBE066A008BCCC9 /* CustomCell.swift */,
				CA2652941DBE05F5008BCCC9 /* Assets.xcassets */,
				CA2652961DBE05F5008BCCC9 /* LaunchScreen.storyboard */,
				CA2652991DBE05F5008BCCC9 /* Info.plist */,
			);
			path = CustomCell;
			sourceTree = "<group>";
		};
		CA26529F1DBE0605008BCCC9 /* 球队图片 */ = {
			isa = PBXGroup;
			children = (
				CA2652A01DBE0605008BCCC9 /* Algeria.png */,
				CA2652A11DBE0605008BCCC9 /* Argentina.png */,
				CA2652A21DBE0605008BCCC9 /* Australia.png */,
				CA2652A31DBE0605008BCCC9 /* Brazil.png */,
				CA2652A41DBE0605008BCCC9 /* Cameroon.png */,
				CA2652A51DBE0605008BCCC9 /* Chile.png */,
				CA2652A61DBE0605008BCCC9 /* CoteDIvoire.png */,
				CA2652A71DBE0605008BCCC9 /* Denmark.png */,
				CA2652A81DBE0605008BCCC9 /* England.png */,
				CA2652A91DBE0605008BCCC9 /* France.png */,
				CA2652AA1DBE0605008BCCC9 /* Germany.png */,
				CA2652AB1DBE0605008BCCC9 /* Ghana.png */,
				CA2652AC1DBE0605008BCCC9 /* Greece.png */,
				CA2652AD1DBE0605008BCCC9 /* Holland.png */,
				CA2652AE1DBE0605008BCCC9 /* Honduras.png */,
				CA2652AF1DBE0605008BCCC9 /* Italy.png */,
				CA2652B01DBE0605008BCCC9 /* Japan.png */,
				CA2652B11DBE0605008BCCC9 /* Mexico.png */,
				CA2652B21DBE0605008BCCC9 /* NewZealand.png */,
				CA2652B31DBE0605008BCCC9 /* Nigeria.png */,
				CA2652B41DBE0605008BCCC9 /* NorthKorea.png */,
				CA2652B51DBE0605008BCCC9 /* Paraguay.png */,
				CA2652B61DBE0605008BCCC9 /* Portugal.png */,
				CA2652B71DBE0605008BCCC9 /* Serbia.png */,
				CA2652B81DBE0605008BCCC9 /* Slovakia.png */,
				CA2652B91DBE0605008BCCC9 /* Slovenia.png */,
				CA2652BA1DBE0605008BCCC9 /* SouthAfrica.png */,
				CA2652BB1DBE0605008BCCC9 /* SouthKorea.png */,
				CA2652BC1DBE0605008BCCC9 /* Spain.png */,
				CA2652BD1DBE0605008BCCC9 /* Switzerland.png */,
				CA2652BE1DBE0605008BCCC9 /* Uruguay.png */,
				CA2652BF1DBE0605008BCCC9 /* USA.png */,
			);
			path = "球队图片";
			sourceTree = "<group>";
		};
/* End PBXGroup section */

/* Begin PBXNativeTarget section */
		CA2652891DBE05F5008BCCC9 /* CustomCell */ = {
			isa = PBXNativeTarget;
			buildConfigurationList = CA26529C1DBE05F5008BCCC9 /* Build configuration list for PBXNativeTarget "CustomCell" */;
			buildPhases = (
				CA2652861DBE05F5008BCCC9 /* Sources */,
				CA2652871DBE05F5008BCCC9 /* Frameworks */,
				CA2652881DBE05F5008BCCC9 /* Resources */,
			);
			buildRules = (
			);
			dependencies = (
			);
			name = CustomCell;
			productName = CustomCell;
			productReference = CA26528A1DBE05F5008BCCC9 /* CustomCell.app */;
			productType = "com.apple.product-type.application";
		};
/* End PBXNativeTarget section */

/* Begin PBXProject section */
		CA2652821DBE05F5008BCCC9 /* Project object */ = {
			isa = PBXProject;
			attributes = {
				LastSwiftUpdateCheck = 0800;
				LastUpgradeCheck = 0800;
				ORGANIZATIONNAME = "关东升";
				TargetAttributes = {
					CA2652891DBE05F5008BCCC9 = {
						CreatedOnToolsVersion = 8.0;
						ProvisioningStyle = Automatic;
					};
				};
			};
			buildConfigurationList = CA2652851DBE05F5008BCCC9 /* Build configuration list for PBXProject "CustomCell" */;
			compatibilityVersion = "Xcode 3.2";
			developmentRegion = English;
			hasScannedForEncodings = 0;
			knownRegions = (
				en,
				Base,
			);
			mainGroup = CA2652811DBE05F5008BCCC9;
			productRefGroup = CA26528B1DBE05F5008BCCC9 /* Products */;
			projectDirPath = "";
			projectRoot = "";
			targets = (
				CA2652891DBE05F5008BCCC9 /* CustomCell */,
			);
		};
/* End PBXProject section */

/* Begin PBXResourcesBuildPhase section */
		CA2652881DBE05F5008BCCC9 /* Resources */ = {
			isa = PBXResourcesBuildPhase;
			buildActionMask = 2147483647;
			files = (
				CA2652E01DBE0605008BCCC9 /* USA.png in Resources */,
				CA2652981DBE05F5008BCCC9 /* LaunchScreen.storyboard in Resources */,
				CA2652C21DBE0605008BCCC9 /* Argentina.png in Resources */,
				CA2652DF1DBE0605008BCCC9 /* Uruguay.png in Resources */,
				CA2652D01DBE0605008BCCC9 /* Italy.png in Resources */,
				CA2652D71DBE0605008BCCC9 /* Portugal.png in Resources */,
				CA2652CE1DBE0605008BCCC9 /* Holland.png in Resources */,
				CA2652C31DBE0605008BCCC9 /* Australia.png in Resources */,
				CA2652CB1DBE0605008BCCC9 /* Germany.png in Resources */,
				CA2652D51DBE0605008BCCC9 /* NorthKorea.png in Resources */,
				CA2652C91DBE0605008BCCC9 /* England.png in Resources */,
				CA2652C81DBE0605008BCCC9 /* Denmark.png in Resources */,
				CA2652DE1DBE0605008BCCC9 /* Switzerland.png in Resources */,
				CA2652D81DBE0605008BCCC9 /* Serbia.png in Resources */,
				CA2652CF1DBE0605008BCCC9 /* Honduras.png in Resources */,
				CA2652D41DBE0605008BCCC9 /* Nigeria.png in Resources */,
				CA2652D91DBE0605008BCCC9 /* Slovakia.png in Resources */,
				CA2652DC1DBE0605008BCCC9 /* SouthKorea.png in Resources */,
				CA2652D21DBE0605008BCCC9 /* Mexico.png in Resources */,
				CA2652E11DBE0605008BCCC9 /* team.plist in Resources */,
				CA2652C51DBE0605008BCCC9 /* Cameroon.png in Resources */,
				CA2652D11DBE0605008BCCC9 /* Japan.png in Resources */,
				CA2652951DBE05F5008BCCC9 /* Assets.xcassets in Resources */,
				CA2652CD1DBE0605008BCCC9 /* Greece.png in Resources */,
				CA2652D31DBE0605008BCCC9 /* NewZealand.png in Resources */,
				CA2652CA1DBE0605008BCCC9 /* France.png in Resources */,
				CA2652DD1DBE0605008BCCC9 /* Spain.png in Resources */,
				CA2652C41DBE0605008BCCC9 /* Brazil.png in Resources */,
				CA2652CC1DBE0605008BCCC9 /* Ghana.png in Resources */,
				CA2652C71DBE0605008BCCC9 /* CoteDIvoire.png in Resources */,
				CA2652C61DBE0605008BCCC9 /* Chile.png in Resources */,
				CA2652C11DBE0605008BCCC9 /* Algeria.png in Resources */,
				CA2652DB1DBE0605008BCCC9 /* SouthAfrica.png in Resources */,
				CA2652DA1DBE0605008BCCC9 /* Slovenia.png in Resources */,
				CA2652D61DBE0605008BCCC9 /* Paraguay.png in Resources */,
			);
			runOnlyForDeploymentPostprocessing = 0;
		};
/* End PBXResourcesBuildPhase section */

/* Begin PBXSourcesBuildPhase section */
		CA2652861DBE05F5008BCCC9 /* Sources */ = {
			isa = PBXSourcesBuildPhase;
			buildActionMask = 2147483647;
			files = (
				CA2652901DBE05F5008BCCC9 /* ViewController.swift in Sources */,
				CA2652E31DBE066A008BCCC9 /* CustomCell.swift in Sources */,
				CA26528E1DBE05F5008BCCC9 /* AppDelegate.swift in Sources */,
			);
			runOnlyForDeploymentPostprocessing = 0;
		};
/* End PBXSourcesBuildPhase section */

/* Begin PBXVariantGroup section */
		CA2652961DBE05F5008BCCC9 /* LaunchScreen.storyboard */ = {
			isa = PBXVariantGroup;
			children = (
				CA2652971DBE05F5008BCCC9 /* Base */,
			);
			name = LaunchScreen.storyboard;
			sourceTree = "<group>";
		};
/* End PBXVariantGroup section */

/* Begin XCBuildConfiguration section */
		CA26529A1DBE05F5008BCCC9 /* Debug */ = {
			isa = XCBuildConfiguration;
			buildSettings = {
				ALWAYS_SEARCH_USER_PATHS = NO;
				CLANG_ANALYZER_NONNULL = YES;
				CLANG_CXX_LANGUAGE_STANDARD = "gnu++0x";
				CLANG_CXX_LIBRARY = "libc++";
				CLANG_ENABLE_MODULES = YES;
				CLANG_ENABLE_OBJC_ARC = YES;
				CLANG_WARN_BOOL_CONVERSION = YES;
				CLANG_WARN_CONSTANT_CONVERSION = YES;
				CLANG_WARN_DIRECT_OBJC_ISA_USAGE = YES_ERROR;
				CLANG_WARN_DOCUMENTATION_COMMENTS = YES;
				CLANG_WARN_EMPTY_BODY = YES;
				CLANG_WARN_ENUM_CONVERSION = YES;
				CLANG_WARN_INFINITE_RECURSION = YES;
				CLANG_WARN_INT_CONVERSION = YES;
				CLANG_WARN_OBJC_ROOT_CLASS = YES_ERROR;
				CLANG_WARN_SUSPICIOUS_MOVES = YES;
				CLANG_WARN_UNREACHABLE_CODE = YES;
				CLANG_WARN__DUPLICATE_METHOD_MATCH = YES;
				"CODE_SIGN_IDENTITY[sdk=iphoneos*]" = "iPhone Developer";
				COPY_PHASE_STRIP = NO;
				DEBUG_INFORMATION_FORMAT = dwarf;
				ENABLE_STRICT_OBJC_MSGSEND = YES;
				ENABLE_TESTABILITY = YES;
				GCC_C_LANGUAGE_STANDARD = gnu99;
				GCC_DYNAMIC_NO_PIC = NO;
				GCC_NO_COMMON_BLOCKS = YES;
				GCC_OPTIMIZATION_LEVEL = 0;
				GCC_PREPROCESSOR_DEFINITIONS = (
					"DEBUG=1",
					"$(inherited)",
				);
				GCC_WARN_64_TO_32_BIT_CONVERSION = YES;
				GCC_WARN_ABOUT_RETURN_TYPE = YES_ERROR;
				GCC_WARN_UNDECLARED_SELECTOR = YES;
				GCC_WARN_UNINITIALIZED_AUTOS = YES_AGGRESSIVE;
				GCC_WARN_UNUSED_FUNCTION = YES;
				GCC_WARN_UNUSED_VARIABLE = YES;
				IPHONEOS_DEPLOYMENT_TARGET = 10.0;
				MTL_ENABLE_DEBUG_INFO = YES;
				ONLY_ACTIVE_ARCH = YES;
				SDKROOT = iphoneos;
				SWIFT_ACTIVE_COMPILATION_CONDITIONS = DEBUG;
				SWIFT_OPTIMIZATION_LEVEL = "-Onone";
			};
			name = Debug;
		};
		CA26529B1DBE05F5008BCCC9 /* Release */ = {
			isa = XCBuildConfiguration;
			buildSettings = {
				ALWAYS_SEARCH_USER_PATHS = NO;
				CLANG_ANALYZER_NONNULL = YES;
				CLANG_CXX_LANGUAGE_STANDARD = "gnu++0x";
				CLANG_CXX_LIBRARY = "libc++";
				CLANG_ENABLE_MODULES = YES;
				CLANG_ENABLE_OBJC_ARC = YES;
				CLANG_WARN_BOOL_CONVERSION = YES;
				CLANG_WARN_CONSTANT_CONVERSION = YES;
				CLANG_WARN_DIRECT_OBJC_ISA_USAGE = YES_ERROR;
				CLANG_WARN_DOCUMENTATION_COMMENTS = YES;
				CLANG_WARN_EMPTY_BODY = YES;
				CLANG_WARN_ENUM_CONVERSION = YES;
				CLANG_WARN_INFINITE_RECURSION = YES;
				CLANG_WARN_INT_CONVERSION = YES;
				CLANG_WARN_OBJC_ROOT_CLASS = YES_ERROR;
				CLANG_WARN_SUSPICIOUS_MOVES = YES;
				CLANG_WARN_UNREACHABLE_CODE = YES;
				CLANG_WARN__DUPLICATE_METHOD_MATCH = YES;
				"CODE_SIGN_IDENTITY[sdk=iphoneos*]" = "iPhone Developer";
				COPY_PHASE_STRIP = NO;
				DEBUG_INFORMATION_FORMAT = "dwarf-with-dsym";
				ENABLE_NS_ASSERTIONS = NO;
				ENABLE_STRICT_OBJC_MSGSEND = YES;
				GCC_C_LANGUAGE_STANDARD = gnu99;
				GCC_NO_COMMON_BLOCKS = YES;
				GCC_WARN_64_TO_32_BIT_CONVERSION = YES;
				GCC_WARN_ABOUT_RETURN_TYPE = YES_ERROR;
				GCC_WARN_UNDECLARED_SELECTOR = YES;
				GCC_WARN_UNINITIALIZED_AUTOS = YES_AGGRESSIVE;
				GCC_WARN_UNUSED_FUNCTION = YES;
				GCC_WARN_UNUSED_VARIABLE = YES;
				IPHONEOS_DEPLOYMENT_TARGET = 10.0;
				MTL_ENABLE_DEBUG_INFO = NO;
				SDKROOT = iphoneos;
				SWIFT_OPTIMIZATION_LEVEL = "-Owholemodule";
				VALIDATE_PRODUCT = YES;
			};
			name = Release;
		};
		CA26529D1DBE05F5008BCCC9 /* Debug */ = {
			isa = XCBuildConfiguration;
			buildSettings = {
				ASSETCATALOG_COMPILER_APPICON_NAME = AppIcon;
				INFOPLIST_FILE = CustomCell/Info.plist;
				LD_RUNPATH_SEARCH_PATHS = "$(inherited) @executable_path/Frameworks";
				PRODUCT_BUNDLE_IDENTIFIER = com.51work6.CustomCell;
				PRODUCT_NAME = "$(TARGET_NAME)";
				SWIFT_VERSION = 3.0;
			};
			name = Debug;
		};
		CA26529E1DBE05F5008BCCC9 /* Release */ = {
			isa = XCBuildConfiguration;
			buildSettings = {
				ASSETCATALOG_COMPILER_APPICON_NAME = AppIcon;
				INFOPLIST_FILE = CustomCell/Info.plist;
				LD_RUNPATH_SEARCH_PATHS = "$(inherited) @executable_path/Frameworks";
				PRODUCT_BUNDLE_IDENTIFIER = com.51work6.CustomCell;
				PRODUCT_NAME = "$(TARGET_NAME)";
				SWIFT_VERSION = 3.0;
			};
			name = Release;
		};
/* End XCBuildConfiguration section */

/* Begin XCConfigurationList section */
		CA2652851DBE05F5008BCCC9 /* Build configuration list for PBXProject "CustomCell" */ = {
			isa = XCConfigurationList;
			buildConfigurations = (
				CA26529A1DBE05F5008BCCC9 /* Debug */,
				CA26529B1DBE05F5008BCCC9 /* Release */,
			);
			defaultConfigurationIsVisible = 0;
			defaultConfigurationName = Release;
		};
		CA26529C1DBE05F5008BCCC9 /* Build configuration list for PBXNativeTarget "CustomCell" */ = {
			isa = XCConfigurationList;
			buildConfigurations = (
				CA26529D1DBE05F5008BCCC9 /* Debug */,
				CA26529E1DBE05F5008BCCC9 /* Release */,
			);
			defaultConfigurationIsVisible = 0;
			defaultConfigurationName = Release;
		};
/* End XCConfigurationList section */
	};
	rootObject = CA2652821DBE05F5008BCCC9 /* Project object */;
}
