// !$*UTF8*$!
{
	archiveVersion = 1;
	classes = {
	};
	objectVersion = 46;
	objects = {

/* Begin PBXBuildFile section */
		CA2652F11DBE3AA6008BCCC9 /* AppDelegate.swift in Sources */ = {isa = PBXBuildFile; fileRef = CA2652F01DBE3AA6008BCCC9 /* AppDelegate.swift */; };
		CA2652F31DBE3AA6008BCCC9 /* ViewController.swift in Sources */ = {isa = PBXBuildFile; fileRef = CA2652F21DBE3AA6008BCCC9 /* ViewController.swift */; };
		CA2652F61DBE3AA6008BCCC9 /* Main.storyboard in Resources */ = {isa = PBXBuildFile; fileRef = CA2652F41DBE3AA6008BCCC9 /* Main.storyboard */; };
		CA2652F81DBE3AA6008BCCC9 /* Assets.xcassets in Resources */ = {isa = PBXBuildFile; fileRef = CA2652F71DBE3AA6008BCCC9 /* Assets.xcassets */; };
		CA2652FB1DBE3AA6008BCCC9 /* LaunchScreen.storyboard in Resources */ = {isa = PBXBuildFile; fileRef = CA2652F91DBE3AA6008BCCC9 /* LaunchScreen.storyboard */; };
		CA2653241DBE3ABB008BCCC9 /* Algeria.png in Resources */ = {isa = PBXBuildFile; fileRef = CA2653031DBE3ABB008BCCC9 /* Algeria.png */; };
		CA2653251DBE3ABB008BCCC9 /* Argentina.png in Resources */ = {isa = PBXBuildFile; fileRef = CA2653041DBE3ABB008BCCC9 /* Argentina.png */; };
		CA2653261DBE3ABB008BCCC9 /* Australia.png in Resources */ = {isa = PBXBuildFile; fileRef = CA2653051DBE3ABB008BCCC9 /* Australia.png */; };
		CA2653271DBE3ABB008BCCC9 /* Brazil.png in Resources */ = {isa = PBXBuildFile; fileRef = CA2653061DBE3ABB008BCCC9 /* Brazil.png */; };
		CA2653281DBE3ABB008BCCC9 /* Cameroon.png in Resources */ = {isa = PBXBuildFile; fileRef = CA2653071DBE3ABB008BCCC9 /* Cameroon.png */; };
		CA2653291DBE3ABB008BCCC9 /* Chile.png in Resources */ = {isa = PBXBuildFile; fileRef = CA2653081DBE3ABB008BCCC9 /* Chile.png */; };
		CA26532A1DBE3ABB008BCCC9 /* CoteDIvoire.png in Resources */ = {isa = PBXBuildFile; fileRef = CA2653091DBE3ABB008BCCC9 /* CoteDIvoire.png */; };
		CA26532B1DBE3ABB008BCCC9 /* Denmark.png in Resources */ = {isa = PBXBuildFile; fileRef = CA26530A1DBE3ABB008BCCC9 /* Denmark.png */; };
		CA26532C1DBE3ABB008BCCC9 /* England.png in Resources */ = {isa = PBXBuildFile; fileRef = CA26530B1DBE3ABB008BCCC9 /* England.png */; };
		CA26532D1DBE3ABB008BCCC9 /* France.png in Resources */ = {isa = PBXBuildFile; fileRef = CA26530C1DBE3ABB008BCCC9 /* France.png */; };
		CA26532E1DBE3ABB008BCCC9 /* Germany.png in Resources */ = {isa = PBXBuildFile; fileRef = CA26530D1DBE3ABB008BCCC9 /* Germany.png */; };
		CA26532F1DBE3ABB008BCCC9 /* Ghana.png in Resources */ = {isa = PBXBuildFile; fileRef = CA26530E1DBE3ABB008BCCC9 /* Ghana.png */; };
		CA2653301DBE3ABB008BCCC9 /* Greece.png in Resources */ = {isa = PBXBuildFile; fileRef = CA26530F1DBE3ABB008BCCC9 /* Greece.png */; };
		CA2653311DBE3ABB008BCCC9 /* Holland.png in Resources */ = {isa = PBXBuildFile; fileRef = CA2653101DBE3ABB008BCCC9 /* Holland.png */; };
		CA2653321DBE3ABB008BCCC9 /* Honduras.png in Resources */ = {isa = PBXBuildFile; fileRef = CA2653111DBE3ABB008BCCC9 /* Honduras.png */; };
		CA2653331DBE3ABB008BCCC9 /* Italy.png in Resources */ = {isa = PBXBuildFile; fileRef = CA2653121DBE3ABB008BCCC9 /* Italy.png */; };
		CA2653341DBE3ABB008BCCC9 /* Japan.png in Resources */ = {isa = PBXBuildFile; fileRef = CA2653131DBE3ABB008BCCC9 /* Japan.png */; };
		CA2653351DBE3ABB008BCCC9 /* Mexico.png in Resources */ = {isa = PBXBuildFile; fileRef = CA2653141DBE3ABB008BCCC9 /* Mexico.png */; };
		CA2653361DBE3ABB008BCCC9 /* NewZealand.png in Resources */ = {isa = PBXBuildFile; fileRef = CA2653151DBE3ABB008BCCC9 /* NewZealand.png */; };
		CA2653371DBE3ABB008BCCC9 /* Nigeria.png in Resources */ = {isa = PBXBuildFile; fileRef = CA2653161DBE3ABB008BCCC9 /* Nigeria.png */; };
		CA2653381DBE3ABB008BCCC9 /* NorthKorea.png in Resources */ = {isa = PBXBuildFile; fileRef = CA2653171DBE3ABB008BCCC9 /* NorthKorea.png */; };
		CA2653391DBE3ABB008BCCC9 /* Paraguay.png in Resources */ = {isa = PBXBuildFile; fileRef = CA2653181DBE3ABB008BCCC9 /* Paraguay.png */; };
		CA26533A1DBE3ABB008BCCC9 /* Portugal.png in Resources */ = {isa = PBXBuildFile; fileRef = CA2653191DBE3ABB008BCCC9 /* Portugal.png */; };
		CA26533B1DBE3ABB008BCCC9 /* Serbia.png in Resources */ = {isa = PBXBuildFile; fileRef = CA26531A1DBE3ABB008BCCC9 /* Serbia.png */; };
		CA26533C1DBE3ABB008BCCC9 /* Slovakia.png in Resources */ = {isa = PBXBuildFile; fileRef = CA26531B1DBE3ABB008BCCC9 /* Slovakia.png */; };
		CA26533D1DBE3ABB008BCCC9 /* Slovenia.png in Resources */ = {isa = PBXBuildFile; fileRef = CA26531C1DBE3ABB008BCCC9 /* Slovenia.png */; };
		CA26533E1DBE3ABB008BCCC9 /* SouthAfrica.png in Resources */ = {isa = PBXBuildFile; fileRef = CA26531D1DBE3ABB008BCCC9 /* SouthAfrica.png */; };
		CA26533F1DBE3ABB008BCCC9 /* SouthKorea.png in Resources */ = {isa = PBXBuildFile; fileRef = CA26531E1DBE3ABB008BCCC9 /* SouthKorea.png */; };
		CA2653401DBE3ABB008BCCC9 /* Spain.png in Resources */ = {isa = PBXBuildFile; fileRef = CA26531F1DBE3ABB008BCCC9 /* Spain.png */; };
		CA2653411DBE3ABB008BCCC9 /* Switzerland.png in Resources */ = {isa = PBXBuildFile; fileRef = CA2653201DBE3ABB008BCCC9 /* Switzerland.png */; };
		CA2653421DBE3ABB008BCCC9 /* Uruguay.png in Resources */ = {isa = PBXBuildFile; fileRef = CA2653211DBE3ABB008BCCC9 /* Uruguay.png */; };
		CA2653431DBE3ABB008BCCC9 /* USA.png in Resources */ = {isa = PBXBuildFile; fileRef = CA2653221DBE3ABB008BCCC9 /* USA.png */; };
		CA2653441DBE3ABB008BCCC9 /* team.plist in Resources */ = {isa = PBXBuildFile; fileRef = CA2653231DBE3ABB008BCCC9 /* team.plist */; };
/* End PBXBuildFile section */

/* Begin PBXFileReference section */
		CA2652ED1DBE3AA6008BCCC9 /* SearchbarTable.app */ = {isa = PBXFileReference; explicitFileType = wrapper.application; includeInIndex = 0; path = SearchbarTable.app; sourceTree = BUILT_PRODUCTS_DIR; };
		CA2652F01DBE3AA6008BCCC9 /* AppDelegate.swift */ = {isa = PBXFileReference; lastKnownFileType = sourcecode.swift; path = AppDelegate.swift; sourceTree = "<group>"; };
		CA2652F21DBE3AA6008BCCC9 /* ViewController.swift */ = {isa = PBXFileReference; lastKnownFileType = sourcecode.swift; path = ViewController.swift; sourceTree = "<group>"; };
		CA2652F51DBE3AA6008BCCC9 /* Base */ = {isa = PBXFileReference; lastKnownFileType = file.storyboard; name = Base; path = Base.lproj/Main.storyboard; sourceTree = "<group>"; };
		CA2652F71DBE3AA6008BCCC9 /* Assets.xcassets */ = {isa = PBXFileReference; lastKnownFileType = folder.assetcatalog; path = Assets.xcassets; sourceTree = "<group>"; };
		CA2652FA1DBE3AA6008BCCC9 /* Base */ = {isa = PBXFileReference; lastKnownFileType = file.storyboard; name = Base; path = Base.lproj/LaunchScreen.storyboard; sourceTree = "<group>"; };
		CA2652FC1DBE3AA6008BCCC9 /* Info.plist */ = {isa = PBXFileReference; lastKnownFileType = text.plist.xml; path = Info.plist; sourceTree = "<group>"; };
		CA2653031DBE3ABB008BCCC9 /* Algeria.png */ = {isa = PBXFileReference; lastKnownFileType = image.png; path = Algeria.png; sourceTree = "<group>"; };
		CA2653041DBE3ABB008BCCC9 /* Argentina.png */ = {isa = PBXFileReference; lastKnownFileType = image.png; path = Argentina.png; sourceTree = "<group>"; };
		CA2653051DBE3ABB008BCCC9 /* Australia.png */ = {isa = PBXFileReference; lastKnownFileType = image.png; path = Australia.png; sourceTree = "<group>"; };
		CA2653061DBE3ABB008BCCC9 /* Brazil.png */ = {isa = PBXFileReference; lastKnownFileType = image.png; path = Brazil.png; sourceTree = "<group>"; };
		CA2653071DBE3ABB008BCCC9 /* Cameroon.png */ = {isa = PBXFileReference; lastKnownFileType = image.png; path = Cameroon.png; sourceTree = "<group>"; };
		CA2653081DBE3ABB008BCCC9 /* Chile.png */ = {isa = PBXFileReference; lastKnownFileType = image.png; path = Chile.png; sourceTree = "<group>"; };
		CA2653091DBE3ABB008BCCC9 /* CoteDIvoire.png */ = {isa = PBXFileReference; lastKnownFileType = image.png; path = CoteDIvoire.png; sourceTree = "<group>"; };
		CA26530A1DBE3ABB008BCCC9 /* Denmark.png */ = {isa = PBXFileReference; lastKnownFileType = image.png; path = Denmark.png; sourceTree = "<group>"; };
		CA26530B1DBE3ABB008BCCC9 /* England.png */ = {isa = PBXFileReference; lastKnownFileType = image.png; path = England.png; sourceTree = "<group>"; };
		CA26530C1DBE3ABB008BCCC9 /* France.png */ = {isa = PBXFileReference; lastKnownFileType = image.png; path = France.png; sourceTree = "<group>"; };
		CA26530D1DBE3ABB008BCCC9 /* Germany.png */ = {isa = PBXFileReference; lastKnownFileType = image.png; path = Germany.png; sourceTree = "<group>"; };
		CA26530E1DBE3ABB008BCCC9 /* Ghana.png */ = {isa = PBXFileReference; lastKnownFileType = image.png; path = Ghana.png; sourceTree = "<group>"; };
		CA26530F1DBE3ABB008BCCC9 /* Greece.png */ = {isa = PBXFileReference; lastKnownFileType = image.png; path = Greece.png; sourceTree = "<group>"; };
		CA2653101DBE3ABB008BCCC9 /* Holland.png */ = {isa = PBXFileReference; lastKnownFileType = image.png; path = Holland.png; sourceTree = "<group>"; };
		CA2653111DBE3ABB008BCCC9 /* Honduras.png */ = {isa = PBXFileReference; lastKnownFileType = image.png; path = Honduras.png; sourceTree = "<group>"; };
		CA2653121DBE3ABB008BCCC9 /* Italy.png */ = {isa = PBXFileReference; lastKnownFileType = image.png; path = Italy.png; sourceTree = "<group>"; };
		CA2653131DBE3ABB008BCCC9 /* Japan.png */ = {isa = PBXFileReference; lastKnownFileType = image.png; path = Japan.png; sourceTree = "<group>"; };
		CA2653141DBE3ABB008BCCC9 /* Mexico.png */ = {isa = PBXFileReference; lastKnownFileType = image.png; path = Mexico.png; sourceTree = "<group>"; };
		CA2653151DBE3ABB008BCCC9 /* NewZealand.png */ = {isa = PBXFileReference; lastKnownFileType = image.png; path = NewZealand.png; sourceTree = "<group>"; };
		CA2653161DBE3ABB008BCCC9 /* Nigeria.png */ = {isa = PBXFileReference; lastKnownFileType = image.png; path = Nigeria.png; sourceTree = "<group>"; };
		CA2653171DBE3ABB008BCCC9 /* NorthKorea.png */ = {isa = PBXFileReference; lastKnownFileType = image.png; path = NorthKorea.png; sourceTree = "<group>"; };
		CA2653181DBE3ABB008BCCC9 /* Paraguay.png */ = {isa = PBXFileReference; lastKnownFileType = image.png; path = Paraguay.png; sourceTree = "<group>"; };
		CA2653191DBE3ABB008BCCC9 /* Portugal.png */ = {isa = PBXFileReference; lastKnownFileType = image.png; path = Portugal.png; sourceTree = "<group>"; };
		CA26531A1DBE3ABB008BCCC9 /* Serbia.png */ = {isa = PBXFileReference; lastKnownFileType = image.png; path = Serbia.png; sourceTree = "<group>"; };
		CA26531B1DBE3ABB008BCCC9 /* Slovakia.png */ = {isa = PBXFileReference; lastKnownFileType = image.png; path = Slovakia.png; sourceTree = "<group>"; };
		CA26531C1DBE3ABB008BCCC9 /* Slovenia.png */ = {isa = PBXFileReference; lastKnownFileType = image.png; path = Slovenia.png; sourceTree = "<group>"; };
		CA26531D1DBE3ABB008BCCC9 /* SouthAfrica.png */ = {isa = PBXFileReference; lastKnownFileType = image.png; path = SouthAfrica.png; sourceTree = "<group>"; };
		CA26531E1DBE3ABB008BCCC9 /* SouthKorea.png */ = {isa = PBXFileReference; lastKnownFileType = image.png; path = SouthKorea.png; sourceTree = "<group>"; };
		CA26531F1DBE3ABB008BCCC9 /* Spain.png */ = {isa = PBXFileReference; lastKnownFileType = image.png; path = Spain.png; sourceTree = "<group>"; };
		CA2653201DBE3ABB008BCCC9 /* Switzerland.png */ = {isa = PBXFileReference; lastKnownFileType = image.png; path = Switzerland.png; sourceTree = "<group>"; };
		CA2653211DBE3ABB008BCCC9 /* Uruguay.png */ = {isa = PBXFileReference; lastKnownFileType = image.png; path = Uruguay.png; sourceTree = "<group>"; };
		CA2653221DBE3ABB008BCCC9 /* USA.png */ = {isa = PBXFileReference; lastKnownFileType = image.png; path = USA.png; sourceTree = "<group>"; };
		CA2653231DBE3ABB008BCCC9 /* team.plist */ = {isa = PBXFileReference; fileEncoding = 4; lastKnownFileType = text.plist.xml; path = team.plist; sourceTree = "<group>"; };
/* End PBXFileReference section */

/* Begin PBXFrameworksBuildPhase section */
		CA2652EA1DBE3AA6008BCCC9 /* Frameworks */ = {
			isa = PBXFrameworksBuildPhase;
			buildActionMask = 2147483647;
			files = (
			);
			runOnlyForDeploymentPostprocessing = 0;
		};
/* End PBXFrameworksBuildPhase section */

/* Begin PBXGroup section */
		CA2652E41DBE3AA6008BCCC9 = {
			isa = PBXGroup;
			children = (
				CA2652EF1DBE3AA6008BCCC9 /* SearchbarTable */,
				CA2652EE1DBE3AA6008BCCC9 /* Products */,
			);
			sourceTree = "<group>";
		};
		CA2652EE1DBE3AA6008BCCC9 /* Products */ = {
			isa = PBXGroup;
			children = (
				CA2652ED1DBE3AA6008BCCC9 /* SearchbarTable.app */,
			);
			name = Products;
			sourceTree = "<group>";
		};
		CA2652EF1DBE3AA6008BCCC9 /* SearchbarTable */ = {
			isa = PBXGroup;
			children = (
				CA2653021DBE3ABB008BCCC9 /* 球队图片 */,
				CA2653231DBE3ABB008BCCC9 /* team.plist */,
				CA2652F01DBE3AA6008BCCC9 /* AppDelegate.swift */,
				CA2652F21DBE3AA6008BCCC9 /* ViewController.swift */,
				CA2652F41DBE3AA6008BCCC9 /* Main.storyboard */,
				CA2652F71DBE3AA6008BCCC9 /* Assets.xcassets */,
				CA2652F91DBE3AA6008BCCC9 /* LaunchScreen.storyboard */,
				CA2652FC1DBE3AA6008BCCC9 /* Info.plist */,
			);
			path = SearchbarTable;
			sourceTree = "<group>";
		};
		CA2653021DBE3ABB008BCCC9 /* 球队图片 */ = {
			isa = PBXGroup;
			children = (
				CA2653031DBE3ABB008BCCC9 /* Algeria.png */,
				CA2653041DBE3ABB008BCCC9 /* Argentina.png */,
				CA2653051DBE3ABB008BCCC9 /* Australia.png */,
				CA2653061DBE3ABB008BCCC9 /* Brazil.png */,
				CA2653071DBE3ABB008BCCC9 /* Cameroon.png */,
				CA2653081DBE3ABB008BCCC9 /* Chile.png */,
				CA2653091DBE3ABB008BCCC9 /* CoteDIvoire.png */,
				CA26530A1DBE3ABB008BCCC9 /* Denmark.png */,
				CA26530B1DBE3ABB008BCCC9 /* England.png */,
				CA26530C1DBE3ABB008BCCC9 /* France.png */,
				CA26530D1DBE3ABB008BCCC9 /* Germany.png */,
				CA26530E1DBE3ABB008BCCC9 /* Ghana.png */,
				CA26530F1DBE3ABB008BCCC9 /* Greece.png */,
				CA2653101DBE3ABB008BCCC9 /* Holland.png */,
				CA2653111DBE3ABB008BCCC9 /* Honduras.png */,
				CA2653121DBE3ABB008BCCC9 /* Italy.png */,
				CA2653131DBE3ABB008BCCC9 /* Japan.png */,
				CA2653141DBE3ABB008BCCC9 /* Mexico.png */,
				CA2653151DBE3ABB008BCCC9 /* NewZealand.png */,
				CA2653161DBE3ABB008BCCC9 /* Nigeria.png */,
				CA2653171DBE3ABB008BCCC9 /* NorthKorea.png */,
				CA2653181DBE3ABB008BCCC9 /* Paraguay.png */,
				CA2653191DBE3ABB008BCCC9 /* Portugal.png */,
				CA26531A1DBE3ABB008BCCC9 /* Serbia.png */,
				CA26531B1DBE3ABB008BCCC9 /* Slovakia.png */,
				CA26531C1DBE3ABB008BCCC9 /* Slovenia.png */,
				CA26531D1DBE3ABB008BCCC9 /* SouthAfrica.png */,
				CA26531E1DBE3ABB008BCCC9 /* SouthKorea.png */,
				CA26531F1DBE3ABB008BCCC9 /* Spain.png */,
				CA2653201DBE3ABB008BCCC9 /* Switzerland.png */,
				CA2653211DBE3ABB008BCCC9 /* Uruguay.png */,
				CA2653221DBE3ABB008BCCC9 /* USA.png */,
			);
			path = "球队图片";
			sourceTree = "<group>";
		};
/* End PBXGroup section */

/* Begin PBXNativeTarget section */
		CA2652EC1DBE3AA6008BCCC9 /* SearchbarTable */ = {
			isa = PBXNativeTarget;
			buildConfigurationList = CA2652FF1DBE3AA6008BCCC9 /* Build configuration list for PBXNativeTarget "SearchbarTable" */;
			buildPhases = (
				CA2652E91DBE3AA6008BCCC9 /* Sources */,
				CA2652EA1DBE3AA6008BCCC9 /* Frameworks */,
				CA2652EB1DBE3AA6008BCCC9 /* Resources */,
			);
			buildRules = (
			);
			dependencies = (
			);
			name = SearchbarTable;
			productName = SearchbarTable;
			productReference = CA2652ED1DBE3AA6008BCCC9 /* SearchbarTable.app */;
			productType = "com.apple.product-type.application";
		};
/* End PBXNativeTarget section */

/* Begin PBXProject section */
		CA2652E51DBE3AA6008BCCC9 /* Project object */ = {
			isa = PBXProject;
			attributes = {
				LastSwiftUpdateCheck = 0800;
				LastUpgradeCheck = 0800;
				ORGANIZATIONNAME = "关东升";
				TargetAttributes = {
					CA2652EC1DBE3AA6008BCCC9 = {
						CreatedOnToolsVersion = 8.0;
						ProvisioningStyle = Automatic;
					};
				};
			};
			buildConfigurationList = CA2652E81DBE3AA6008BCCC9 /* Build configuration list for PBXProject "SearchbarTable" */;
			compatibilityVersion = "Xcode 3.2";
			developmentRegion = English;
			hasScannedForEncodings = 0;
			knownRegions = (
				en,
				Base,
			);
			mainGroup = CA2652E41DBE3AA6008BCCC9;
			productRefGroup = CA2652EE1DBE3AA6008BCCC9 /* Products */;
			projectDirPath = "";
			projectRoot = "";
			targets = (
				CA2652EC1DBE3AA6008BCCC9 /* SearchbarTable */,
			);
		};
/* End PBXProject section */

/* Begin PBXResourcesBuildPhase section */
		CA2652EB1DBE3AA6008BCCC9 /* Resources */ = {
			isa = PBXResourcesBuildPhase;
			buildActionMask = 2147483647;
			files = (
				CA2653431DBE3ABB008BCCC9 /* USA.png in Resources */,
				CA2652FB1DBE3AA6008BCCC9 /* LaunchScreen.storyboard in Resources */,
				CA2653251DBE3ABB008BCCC9 /* Argentina.png in Resources */,
				CA2653421DBE3ABB008BCCC9 /* Uruguay.png in Resources */,
				CA2653331DBE3ABB008BCCC9 /* Italy.png in Resources */,
				CA26533A1DBE3ABB008BCCC9 /* Portugal.png in Resources */,
				CA2653311DBE3ABB008BCCC9 /* Holland.png in Resources */,
				CA2653261DBE3ABB008BCCC9 /* Australia.png in Resources */,
				CA26532E1DBE3ABB008BCCC9 /* Germany.png in Resources */,
				CA2653381DBE3ABB008BCCC9 /* NorthKorea.png in Resources */,
				CA26532C1DBE3ABB008BCCC9 /* England.png in Resources */,
				CA26532B1DBE3ABB008BCCC9 /* Denmark.png in Resources */,
				CA2653411DBE3ABB008BCCC9 /* Switzerland.png in Resources */,
				CA26533B1DBE3ABB008BCCC9 /* Serbia.png in Resources */,
				CA2653321DBE3ABB008BCCC9 /* Honduras.png in Resources */,
				CA2653371DBE3ABB008BCCC9 /* Nigeria.png in Resources */,
				CA26533C1DBE3ABB008BCCC9 /* Slovakia.png in Resources */,
				CA26533F1DBE3ABB008BCCC9 /* SouthKorea.png in Resources */,
				CA2653351DBE3ABB008BCCC9 /* Mexico.png in Resources */,
				CA2653441DBE3ABB008BCCC9 /* team.plist in Resources */,
				CA2653281DBE3ABB008BCCC9 /* Cameroon.png in Resources */,
				CA2653341DBE3ABB008BCCC9 /* Japan.png in Resources */,
				CA2652F81DBE3AA6008BCCC9 /* Assets.xcassets in Resources */,
				CA2653301DBE3ABB008BCCC9 /* Greece.png in Resources */,
				CA2653361DBE3ABB008BCCC9 /* NewZealand.png in Resources */,
				CA26532D1DBE3ABB008BCCC9 /* France.png in Resources */,
				CA2652F61DBE3AA6008BCCC9 /* Main.storyboard in Resources */,
				CA2653401DBE3ABB008BCCC9 /* Spain.png in Resources */,
				CA2653271DBE3ABB008BCCC9 /* Brazil.png in Resources */,
				CA26532F1DBE3ABB008BCCC9 /* Ghana.png in Resources */,
				CA26532A1DBE3ABB008BCCC9 /* CoteDIvoire.png in Resources */,
				CA2653291DBE3ABB008BCCC9 /* Chile.png in Resources */,
				CA2653241DBE3ABB008BCCC9 /* Algeria.png in Resources */,
				CA26533E1DBE3ABB008BCCC9 /* SouthAfrica.png in Resources */,
				CA26533D1DBE3ABB008BCCC9 /* Slovenia.png in Resources */,
				CA2653391DBE3ABB008BCCC9 /* Paraguay.png in Resources */,
			);
			runOnlyForDeploymentPostprocessing = 0;
		};
/* End PBXResourcesBuildPhase section */

/* Begin PBXSourcesBuildPhase section */
		CA2652E91DBE3AA6008BCCC9 /* Sources */ = {
			isa = PBXSourcesBuildPhase;
			buildActionMask = 2147483647;
			files = (
				CA2652F31DBE3AA6008BCCC9 /* ViewController.swift in Sources */,
				CA2652F11DBE3AA6008BCCC9 /* AppDelegate.swift in Sources */,
			);
			runOnlyForDeploymentPostprocessing = 0;
		};
/* End PBXSourcesBuildPhase section */

/* Begin PBXVariantGroup section */
		CA2652F41DBE3AA6008BCCC9 /* Main.storyboard */ = {
			isa = PBXVariantGroup;
			children = (
				CA2652F51DBE3AA6008BCCC9 /* Base */,
			);
			name = Main.storyboard;
			sourceTree = "<group>";
		};
		CA2652F91DBE3AA6008BCCC9 /* LaunchScreen.storyboard */ = {
			isa = PBXVariantGroup;
			children = (
				CA2652FA1DBE3AA6008BCCC9 /* Base */,
			);
			name = LaunchScreen.storyboard;
			sourceTree = "<group>";
		};
/* End PBXVariantGroup section */

/* Begin XCBuildConfiguration section */
		CA2652FD1DBE3AA6008BCCC9 /* Debug */ = {
			isa = XCBuildConfiguration;
			buildSettings = {
				ALWAYS_SEARCH_USER_PATHS = NO;
				CLANG_ANALYZER_NONNULL = YES;
				CLANG_CXX_LANGUAGE_STANDARD = "gnu++0x";
				CLANG_CXX_LIBRARY = "libc++";
				CLANG_ENABLE_MODULES = YES;
				CLANG_ENABLE_OBJC_ARC = YES;
				CLANG_WARN_BOOL_CONVERSION = YES;
				CLANG_WARN_CONSTANT_CONVERSION = YES;
				CLANG_WARN_DIRECT_OBJC_ISA_USAGE = YES_ERROR;
				CLANG_WARN_DOCUMENTATION_COMMENTS = YES;
				CLANG_WARN_EMPTY_BODY = YES;
				CLANG_WARN_ENUM_CONVERSION = YES;
				CLANG_WARN_INFINITE_RECURSION = YES;
				CLANG_WARN_INT_CONVERSION = YES;
				CLANG_WARN_OBJC_ROOT_CLASS = YES_ERROR;
				CLANG_WARN_SUSPICIOUS_MOVES = YES;
				CLANG_WARN_UNREACHABLE_CODE = YES;
				CLANG_WARN__DUPLICATE_METHOD_MATCH = YES;
				"CODE_SIGN_IDENTITY[sdk=iphoneos*]" = "iPhone Developer";
				COPY_PHASE_STRIP = NO;
				DEBUG_INFORMATION_FORMAT = dwarf;
				ENABLE_STRICT_OBJC_MSGSEND = YES;
				ENABLE_TESTABILITY = YES;
				GCC_C_LANGUAGE_STANDARD = gnu99;
				GCC_DYNAMIC_NO_PIC = NO;
				GCC_NO_COMMON_BLOCKS = YES;
				GCC_OPTIMIZATION_LEVEL = 0;
				GCC_PREPROCESSOR_DEFINITIONS = (
					"DEBUG=1",
					"$(inherited)",
				);
				GCC_WARN_64_TO_32_BIT_CONVERSION = YES;
				GCC_WARN_ABOUT_RETURN_TYPE = YES_ERROR;
				GCC_WARN_UNDECLARED_SELECTOR = YES;
				GCC_WARN_UNINITIALIZED_AUTOS = YES_AGGRESSIVE;
				GCC_WARN_UNUSED_FUNCTION = YES;
				GCC_WARN_UNUSED_VARIABLE = YES;
				IPHONEOS_DEPLOYMENT_TARGET = 10.0;
				MTL_ENABLE_DEBUG_INFO = YES;
				ONLY_ACTIVE_ARCH = YES;
				SDKROOT = iphoneos;
				SWIFT_ACTIVE_COMPILATION_CONDITIONS = DEBUG;
				SWIFT_OPTIMIZATION_LEVEL = "-Onone";
			};
			name = Debug;
		};
		CA2652FE1DBE3AA6008BCCC9 /* Release */ = {
			isa = XCBuildConfiguration;
			buildSettings = {
				ALWAYS_SEARCH_USER_PATHS = NO;
				CLANG_ANALYZER_NONNULL = YES;
				CLANG_CXX_LANGUAGE_STANDARD = "gnu++0x";
				CLANG_CXX_LIBRARY = "libc++";
				CLANG_ENABLE_MODULES = YES;
				CLANG_ENABLE_OBJC_ARC = YES;
				CLANG_WARN_BOOL_CONVERSION = YES;
				CLANG_WARN_CONSTANT_CONVERSION = YES;
				CLANG_WARN_DIRECT_OBJC_ISA_USAGE = YES_ERROR;
				CLANG_WARN_DOCUMENTATION_COMMENTS = YES;
				CLANG_WARN_EMPTY_BODY = YES;
				CLANG_WARN_ENUM_CONVERSION = YES;
				CLANG_WARN_INFINITE_RECURSION = YES;
				CLANG_WARN_INT_CONVERSION = YES;
				CLANG_WARN_OBJC_ROOT_CLASS = YES_ERROR;
				CLANG_WARN_SUSPICIOUS_MOVES = YES;
				CLANG_WARN_UNREACHABLE_CODE = YES;
				CLANG_WARN__DUPLICATE_METHOD_MATCH = YES;
				"CODE_SIGN_IDENTITY[sdk=iphoneos*]" = "iPhone Developer";
				COPY_PHASE_STRIP = NO;
				DEBUG_INFORMATION_FORMAT = "dwarf-with-dsym";
				ENABLE_NS_ASSERTIONS = NO;
				ENABLE_STRICT_OBJC_MSGSEND = YES;
				GCC_C_LANGUAGE_STANDARD = gnu99;
				GCC_NO_COMMON_BLOCKS = YES;
				GCC_WARN_64_TO_32_BIT_CONVERSION = YES;
				GCC_WARN_ABOUT_RETURN_TYPE = YES_ERROR;
				GCC_WARN_UNDECLARED_SELECTOR = YES;
				GCC_WARN_UNINITIALIZED_AUTOS = YES_AGGRESSIVE;
				GCC_WARN_UNUSED_FUNCTION = YES;
				GCC_WARN_UNUSED_VARIABLE = YES;
				IPHONEOS_DEPLOYMENT_TARGET = 10.0;
				MTL_ENABLE_DEBUG_INFO = NO;
				SDKROOT = iphoneos;
				SWIFT_OPTIMIZATION_LEVEL = "-Owholemodule";
				VALIDATE_PRODUCT = YES;
			};
			name = Release;
		};
		CA2653001DBE3AA6008BCCC9 /* Debug */ = {
			isa = XCBuildConfiguration;
			buildSettings = {
				ASSETCATALOG_COMPILER_APPICON_NAME = AppIcon;
				INFOPLIST_FILE = SearchbarTable/Info.plist;
				LD_RUNPATH_SEARCH_PATHS = "$(inherited) @executable_path/Frameworks";
				PRODUCT_BUNDLE_IDENTIFIER = com.51work6.SearchbarTable;
				PRODUCT_NAME = "$(TARGET_NAME)";
				SWIFT_VERSION = 3.0;
			};
			name = Debug;
		};
		CA2653011DBE3AA6008BCCC9 /* Release */ = {
			isa = XCBuildConfiguration;
			buildSettings = {
				ASSETCATALOG_COMPILER_APPICON_NAME = AppIcon;
				INFOPLIST_FILE = SearchbarTable/Info.plist;
				LD_RUNPATH_SEARCH_PATHS = "$(inherited) @executable_path/Frameworks";
				PRODUCT_BUNDLE_IDENTIFIER = com.51work6.SearchbarTable;
				PRODUCT_NAME = "$(TARGET_NAME)";
				SWIFT_VERSION = 3.0;
			};
			name = Release;
		};
/* End XCBuildConfiguration section */

/* Begin XCConfigurationList section */
		CA2652E81DBE3AA6008BCCC9 /* Build configuration list for PBXProject "SearchbarTable" */ = {
			isa = XCConfigurationList;
			buildConfigurations = (
				CA2652FD1DBE3AA6008BCCC9 /* Debug */,
				CA2652FE1DBE3AA6008BCCC9 /* Release */,
			);
			defaultConfigurationIsVisible = 0;
			defaultConfigurationName = Release;
		};
		CA2652FF1DBE3AA6008BCCC9 /* Build configuration list for PBXNativeTarget "SearchbarTable" */ = {
			isa = XCConfigurationList;
			buildConfigurations = (
				CA2653001DBE3AA6008BCCC9 /* Debug */,
				CA2653011DBE3AA6008BCCC9 /* Release */,
			);
			defaultConfigurationIsVisible = 0;
		};
/* End XCConfigurationList section */
	};
	rootObject = CA2652E51DBE3AA6008BCCC9 /* Project object */;
}
