// !$*UTF8*$!
{
	archiveVersion = 1;
	classes = {
	};
	objectVersion = 46;
	objects = {

/* Begin PBXBuildFile section */
		CACD6B541DC98BDB0091E350 /* AppDelegate.swift in Sources */ = {isa = PBXBuildFile; fileRef = CACD6B531DC98BDB0091E350 /* AppDelegate.swift */; };
		CACD6B561DC98BDB0091E350 /* ViewController.swift in Sources */ = {isa = PBXBuildFile; fileRef = CACD6B551DC98BDB0091E350 /* ViewController.swift */; };
		CACD6B5B1DC98BDB0091E350 /* Assets.xcassets in Resources */ = {isa = PBXBuildFile; fileRef = CACD6B5A1DC98BDB0091E350 /* Assets.xcassets */; };
		CACD6B5E1DC98BDB0091E350 /* LaunchScreen.storyboard in Resources */ = {isa = PBXBuildFile; fileRef = CACD6B5C1DC98BDB0091E350 /* LaunchScreen.storyboard */; };
		CACD6B661DC98BEF0091E350 /* ModalViewController.swift in Sources */ = {isa = PBXBuildFile; fileRef = CACD6B651DC98BEF0091E350 /* ModalViewController.swift */; };
/* End PBXBuildFile section */

/* Begin PBXFileReference section */
		CACD6B501DC98BDB0091E350 /* ModalViewSample.app */ = {isa = PBXFileReference; explicitFileType = wrapper.application; includeInIndex = 0; path = ModalViewSample.app; sourceTree = BUILT_PRODUCTS_DIR; };
		CACD6B531DC98BDB0091E350 /* AppDelegate.swift */ = {isa = PBXFileReference; lastKnownFileType = sourcecode.swift; path = AppDelegate.swift; sourceTree = "<group>"; };
		CACD6B551DC98BDB0091E350 /* ViewController.swift */ = {isa = PBXFileReference; lastKnownFileType = sourcecode.swift; path = ViewController.swift; sourceTree = "<group>"; };
		CACD6B5A1DC98BDB0091E350 /* Assets.xcassets */ = {isa = PBXFileReference; lastKnownFileType = folder.assetcatalog; path = Assets.xcassets; sourceTree = "<group>"; };
		CACD6B5D1DC98BDB0091E350 /* Base */ = {isa = PBXFileReference; lastKnownFileType = file.storyboard; name = Base; path = Base.lproj/LaunchScreen.storyboard; sourceTree = "<group>"; };
		CACD6B5F1DC98BDB0091E350 /* Info.plist */ = {isa = PBXFileReference; lastKnownFileType = text.plist.xml; path = Info.plist; sourceTree = "<group>"; };
		CACD6B651DC98BEF0091E350 /* ModalViewController.swift */ = {isa = PBXFileReference; fileEncoding = 4; lastKnownFileType = sourcecode.swift; path = ModalViewController.swift; sourceTree = "<group>"; };
/* End PBXFileReference section */

/* Begin PBXFrameworksBuildPhase section */
		CACD6B4D1DC98BDB0091E350 /* Frameworks */ = {
			isa = PBXFrameworksBuildPhase;
			buildActionMask = 2147483647;
			files = (
			);
			runOnlyForDeploymentPostprocessing = 0;
		};
/* End PBXFrameworksBuildPhase section */

/* Begin PBXGroup section */
		CACD6B471DC98BDB0091E350 = {
			isa = PBXGroup;
			children = (
				CACD6B521DC98BDB0091E350 /* ModalViewSample */,
				CACD6B511DC98BDB0091E350 /* Products */,
			);
			sourceTree = "<group>";
		};
		CACD6B511DC98BDB0091E350 /* Products */ = {
			isa = PBXGroup;
			children = (
				CACD6B501DC98BDB0091E350 /* ModalViewSample.app */,
			);
			name = Products;
			sourceTree = "<group>";
		};
		CACD6B521DC98BDB0091E350 /* ModalViewSample */ = {
			isa = PBXGroup;
			children = (
				CACD6B531DC98BDB0091E350 /* AppDelegate.swift */,
				CACD6B551DC98BDB0091E350 /* ViewController.swift */,
				CACD6B651DC98BEF0091E350 /* ModalViewController.swift */,
				CACD6B5A1DC98BDB0091E350 /* Assets.xcassets */,
				CACD6B5C1DC98BDB0091E350 /* LaunchScreen.storyboard */,
				CACD6B5F1DC98BDB0091E350 /* Info.plist */,
			);
			path = ModalViewSample;
			sourceTree = "<group>";
		};
/* End PBXGroup section */

/* Begin PBXNativeTarget section */
		CACD6B4F1DC98BDB0091E350 /* ModalViewSample */ = {
			isa = PBXNativeTarget;
			buildConfigurationList = CACD6B621DC98BDB0091E350 /* Build configuration list for PBXNativeTarget "ModalViewSample" */;
			buildPhases = (
				CACD6B4C1DC98BDB0091E350 /* Sources */,
				CACD6B4D1DC98BDB0091E350 /* Frameworks */,
				CACD6B4E1DC98BDB0091E350 /* Resources */,
			);
			buildRules = (
			);
			dependencies = (
			);
			name = ModalViewSample;
			productName = ModalViewSample;
			productReference = CACD6B501DC98BDB0091E350 /* ModalViewSample.app */;
			productType = "com.apple.product-type.application";
		};
/* End PBXNativeTarget section */

/* Begin PBXProject section */
		CACD6B481DC98BDB0091E350 /* Project object */ = {
			isa = PBXProject;
			attributes = {
				LastSwiftUpdateCheck = 0810;
				LastUpgradeCheck = 0810;
				ORGANIZATIONNAME = "关东升";
				TargetAttributes = {
					CACD6B4F1DC98BDB0091E350 = {
						CreatedOnToolsVersion = 8.1;
						ProvisioningStyle = Automatic;
					};
				};
			};
			buildConfigurationList = CACD6B4B1DC98BDB0091E350 /* Build configuration list for PBXProject "ModalViewSample" */;
			compatibilityVersion = "Xcode 3.2";
			developmentRegion = English;
			hasScannedForEncodings = 0;
			knownRegions = (
				en,
				Base,
			);
			mainGroup = CACD6B471DC98BDB0091E350;
			productRefGroup = CACD6B511DC98BDB0091E350 /* Products */;
			projectDirPath = "";
			projectRoot = "";
			targets = (
				CACD6B4F1DC98BDB0091E350 /* ModalViewSample */,
			);
		};
/* End PBXProject section */

/* Begin PBXResourcesBuildPhase section */
		CACD6B4E1DC98BDB0091E350 /* Resources */ = {
			isa = PBXResourcesBuildPhase;
			buildActionMask = 2147483647;
			files = (
				CACD6B5E1DC98BDB0091E350 /* LaunchScreen.storyboard in Resources */,
				CACD6B5B1DC98BDB0091E350 /* Assets.xcassets in Resources */,
			);
			runOnlyForDeploymentPostprocessing = 0;
		};
/* End PBXResourcesBuildPhase section */

/* Begin PBXSourcesBuildPhase section */
		CACD6B4C1DC98BDB0091E350 /* Sources */ = {
			isa = PBXSourcesBuildPhase;
			buildActionMask = 2147483647;
			files = (
				CACD6B561DC98BDB0091E350 /* ViewController.swift in Sources */,
				CACD6B661DC98BEF0091E350 /* ModalViewController.swift in Sources */,
				CACD6B541DC98BDB0091E350 /* AppDelegate.swift in Sources */,
			);
			runOnlyForDeploymentPostprocessing = 0;
		};
/* End PBXSourcesBuildPhase section */

/* Begin PBXVariantGroup section */
		CACD6B5C1DC98BDB0091E350 /* LaunchScreen.storyboard */ = {
			isa = PBXVariantGroup;
			children = (
				CACD6B5D1DC98BDB0091E350 /* Base */,
			);
			name = LaunchScreen.storyboard;
			sourceTree = "<group>";
		};
/* End PBXVariantGroup section */

/* Begin XCBuildConfiguration section */
		CACD6B601DC98BDB0091E350 /* Debug */ = {
			isa = XCBuildConfiguration;
			buildSettings = {
				ALWAYS_SEARCH_USER_PATHS = NO;
				CLANG_ANALYZER_NONNULL = YES;
				CLANG_CXX_LANGUAGE_STANDARD = "gnu++0x";
				CLANG_CXX_LIBRARY = "libc++";
				CLANG_ENABLE_MODULES = YES;
				CLANG_ENABLE_OBJC_ARC = YES;
				CLANG_WARN_BOOL_CONVERSION = YES;
				CLANG_WARN_CONSTANT_CONVERSION = YES;
				CLANG_WARN_DIRECT_OBJC_ISA_USAGE = YES_ERROR;
				CLANG_WARN_DOCUMENTATION_COMMENTS = YES;
				CLANG_WARN_EMPTY_BODY = YES;
				CLANG_WARN_ENUM_CONVERSION = YES;
				CLANG_WARN_INFINITE_RECURSION = YES;
				CLANG_WARN_INT_CONVERSION = YES;
				CLANG_WARN_OBJC_ROOT_CLASS = YES_ERROR;
				CLANG_WARN_SUSPICIOUS_MOVES = YES;
				CLANG_WARN_UNREACHABLE_CODE = YES;
				CLANG_WARN__DUPLICATE_METHOD_MATCH = YES;
				"CODE_SIGN_IDENTITY[sdk=iphoneos*]" = "iPhone Developer";
				COPY_PHASE_STRIP = NO;
				DEBUG_INFORMATION_FORMAT = dwarf;
				ENABLE_STRICT_OBJC_MSGSEND = YES;
				ENABLE_TESTABILITY = YES;
				GCC_C_LANGUAGE_STANDARD = gnu99;
				GCC_DYNAMIC_NO_PIC = NO;
				GCC_NO_COMMON_BLOCKS = YES;
				GCC_OPTIMIZATION_LEVEL = 0;
				GCC_PREPROCESSOR_DEFINITIONS = (
					"DEBUG=1",
					"$(inherited)",
				);
				GCC_WARN_64_TO_32_BIT_CONVERSION = YES;
				GCC_WARN_ABOUT_RETURN_TYPE = YES_ERROR;
				GCC_WARN_UNDECLARED_SELECTOR = YES;
				GCC_WARN_UNINITIALIZED_AUTOS = YES_AGGRESSIVE;
				GCC_WARN_UNUSED_FUNCTION = YES;
				GCC_WARN_UNUSED_VARIABLE = YES;
				IPHONEOS_DEPLOYMENT_TARGET = 10.1;
				MTL_ENABLE_DEBUG_INFO = YES;
				ONLY_ACTIVE_ARCH = YES;
				SDKROOT = iphoneos;
				SWIFT_ACTIVE_COMPILATION_CONDITIONS = DEBUG;
				SWIFT_OPTIMIZATION_LEVEL = "-Onone";
			};
			name = Debug;
		};
		CACD6B611DC98BDB0091E350 /* Release */ = {
			isa = XCBuildConfiguration;
			buildSettings = {
				ALWAYS_SEARCH_USER_PATHS = NO;
				CLANG_ANALYZER_NONNULL = YES;
				CLANG_CXX_LANGUAGE_STANDARD = "gnu++0x";
				CLANG_CXX_LIBRARY = "libc++";
				CLANG_ENABLE_MODULES = YES;
				CLANG_ENABLE_OBJC_ARC = YES;
				CLANG_WARN_BOOL_CONVERSION = YES;
				CLANG_WARN_CONSTANT_CONVERSION = YES;
				CLANG_WARN_DIRECT_OBJC_ISA_USAGE = YES_ERROR;
				CLANG_WARN_DOCUMENTATION_COMMENTS = YES;
				CLANG_WARN_EMPTY_BODY = YES;
				CLANG_WARN_ENUM_CONVERSION = YES;
				CLANG_WARN_INFINITE_RECURSION = YES;
				CLANG_WARN_INT_CONVERSION = YES;
				CLANG_WARN_OBJC_ROOT_CLASS = YES_ERROR;
				CLANG_WARN_SUSPICIOUS_MOVES = YES;
				CLANG_WARN_UNREACHABLE_CODE = YES;
				CLANG_WARN__DUPLICATE_METHOD_MATCH = YES;
				"CODE_SIGN_IDENTITY[sdk=iphoneos*]" = "iPhone Developer";
				COPY_PHASE_STRIP = NO;
				DEBUG_INFORMATION_FORMAT = "dwarf-with-dsym";
				ENABLE_NS_ASSERTIONS = NO;
				ENABLE_STRICT_OBJC_MSGSEND = YES;
				GCC_C_LANGUAGE_STANDARD = gnu99;
				GCC_NO_COMMON_BLOCKS = YES;
				GCC_WARN_64_TO_32_BIT_CONVERSION = YES;
				GCC_WARN_ABOUT_RETURN_TYPE = YES_ERROR;
				GCC_WARN_UNDECLARED_SELECTOR = YES;
				GCC_WARN_UNINITIALIZED_AUTOS = YES_AGGRESSIVE;
				GCC_WARN_UNUSED_FUNCTION = YES;
				GCC_WARN_UNUSED_VARIABLE = YES;
				IPHONEOS_DEPLOYMENT_TARGET = 10.1;
				MTL_ENABLE_DEBUG_INFO = NO;
				SDKROOT = iphoneos;
				SWIFT_OPTIMIZATION_LEVEL = "-Owholemodule";
				VALIDATE_PRODUCT = YES;
			};
			name = Release;
		};
		CACD6B631DC98BDB0091E350 /* Debug */ = {
			isa = XCBuildConfiguration;
			buildSettings = {
				ASSETCATALOG_COMPILER_APPICON_NAME = AppIcon;
				INFOPLIST_FILE = ModalViewSample/Info.plist;
				LD_RUNPATH_SEARCH_PATHS = "$(inherited) @executable_path/Frameworks";
				PRODUCT_BUNDLE_IDENTIFIER = com.51work6.ModalViewSample;
				PRODUCT_NAME = "$(TARGET_NAME)";
				SWIFT_VERSION = 3.0;
				TARGETED_DEVICE_FAMILY = 2;
			};
			name = Debug;
		};
		CACD6B641DC98BDB0091E350 /* Release */ = {
			isa = XCBuildConfiguration;
			buildSettings = {
				ASSETCATALOG_COMPILER_APPICON_NAME = AppIcon;
				INFOPLIST_FILE = ModalViewSample/Info.plist;
				LD_RUNPATH_SEARCH_PATHS = "$(inherited) @executable_path/Frameworks";
				PRODUCT_BUNDLE_IDENTIFIER = com.51work6.ModalViewSample;
				PRODUCT_NAME = "$(TARGET_NAME)";
				SWIFT_VERSION = 3.0;
				TARGETED_DEVICE_FAMILY = 2;
			};
			name = Release;
		};
/* End XCBuildConfiguration section */

/* Begin XCConfigurationList section */
		CACD6B4B1DC98BDB0091E350 /* Build configuration list for PBXProject "ModalViewSample" */ = {
			isa = XCConfigurationList;
			buildConfigurations = (
				CACD6B601DC98BDB0091E350 /* Debug */,
				CACD6B611DC98BDB0091E350 /* Release */,
			);
			defaultConfigurationIsVisible = 0;
			defaultConfigurationName = Release;
		};
		CACD6B621DC98BDB0091E350 /* Build configuration list for PBXNativeTarget "ModalViewSample" */ = {
			isa = XCConfigurationList;
			buildConfigurations = (
				CACD6B631DC98BDB0091E350 /* Debug */,
				CACD6B641DC98BDB0091E350 /* Release */,
			);
			defaultConfigurationIsVisible = 0;
			defaultConfigurationName = Release;
		};
/* End XCConfigurationList section */
	};
	rootObject = CACD6B481DC98BDB0091E350 /* Project object */;
}
