// !$*UTF8*$!
{
	archiveVersion = 1;
	classes = {
	};
	objectVersion = 46;
	objects = {

/* Begin PBXBuildFile section */
		CA17F9E11DD36633006D6841 /* AppDelegate.swift in Sources */ = {isa = PBXBuildFile; fileRef = CA17F9E01DD36633006D6841 /* AppDelegate.swift */; };
		CA17F9E31DD36633006D6841 /* ViewController.swift in Sources */ = {isa = PBXBuildFile; fileRef = CA17F9E21DD36633006D6841 /* ViewController.swift */; };
		CA17F9E61DD36633006D6841 /* Main.storyboard in Resources */ = {isa = PBXBuildFile; fileRef = CA17F9E41DD36633006D6841 /* Main.storyboard */; };
		CA17F9E81DD36633006D6841 /* Assets.xcassets in Resources */ = {isa = PBXBuildFile; fileRef = CA17F9E71DD36633006D6841 /* Assets.xcassets */; };
		CA17F9EB1DD36633006D6841 /* LaunchScreen.storyboard in Resources */ = {isa = PBXBuildFile; fileRef = CA17F9E91DD36633006D6841 /* LaunchScreen.storyboard */; };
		CA17F9F51DD39855006D6841 /* Icon.png in Resources */ = {isa = PBXBuildFile; fileRef = CA17F9F41DD39855006D6841 /* Icon.png */; };
/* End PBXBuildFile section */

/* Begin PBXFileReference section */
		CA17F9DD1DD36633006D6841 /* LocalNotificationSample.app */ = {isa = PBXFileReference; explicitFileType = wrapper.application; includeInIndex = 0; path = LocalNotificationSample.app; sourceTree = BUILT_PRODUCTS_DIR; };
		CA17F9E01DD36633006D6841 /* AppDelegate.swift */ = {isa = PBXFileReference; lastKnownFileType = sourcecode.swift; path = AppDelegate.swift; sourceTree = "<group>"; };
		CA17F9E21DD36633006D6841 /* ViewController.swift */ = {isa = PBXFileReference; lastKnownFileType = sourcecode.swift; path = ViewController.swift; sourceTree = "<group>"; };
		CA17F9E51DD36633006D6841 /* Base */ = {isa = PBXFileReference; lastKnownFileType = file.storyboard; name = Base; path = Base.lproj/Main.storyboard; sourceTree = "<group>"; };
		CA17F9E71DD36633006D6841 /* Assets.xcassets */ = {isa = PBXFileReference; lastKnownFileType = folder.assetcatalog; path = Assets.xcassets; sourceTree = "<group>"; };
		CA17F9EA1DD36633006D6841 /* Base */ = {isa = PBXFileReference; lastKnownFileType = file.storyboard; name = Base; path = Base.lproj/LaunchScreen.storyboard; sourceTree = "<group>"; };
		CA17F9EC1DD36633006D6841 /* Info.plist */ = {isa = PBXFileReference; lastKnownFileType = text.plist.xml; path = Info.plist; sourceTree = "<group>"; };
		CA17F9F41DD39855006D6841 /* Icon.png */ = {isa = PBXFileReference; lastKnownFileType = image.png; path = Icon.png; sourceTree = "<group>"; };
/* End PBXFileReference section */

/* Begin PBXFrameworksBuildPhase section */
		CA17F9DA1DD36633006D6841 /* Frameworks */ = {
			isa = PBXFrameworksBuildPhase;
			buildActionMask = 2147483647;
			files = (
			);
			runOnlyForDeploymentPostprocessing = 0;
		};
/* End PBXFrameworksBuildPhase section */

/* Begin PBXGroup section */
		CA17F9D41DD36633006D6841 = {
			isa = PBXGroup;
			children = (
				CA17F9DF1DD36633006D6841 /* LocalNotificationSample */,
				CA17F9DE1DD36633006D6841 /* Products */,
			);
			sourceTree = "<group>";
		};
		CA17F9DE1DD36633006D6841 /* Products */ = {
			isa = PBXGroup;
			children = (
				CA17F9DD1DD36633006D6841 /* LocalNotificationSample.app */,
			);
			name = Products;
			sourceTree = "<group>";
		};
		CA17F9DF1DD36633006D6841 /* LocalNotificationSample */ = {
			isa = PBXGroup;
			children = (
				CA17F9F41DD39855006D6841 /* Icon.png */,
				CA17F9E01DD36633006D6841 /* AppDelegate.swift */,
				CA17F9E21DD36633006D6841 /* ViewController.swift */,
				CA17F9E41DD36633006D6841 /* Main.storyboard */,
				CA17F9E71DD36633006D6841 /* Assets.xcassets */,
				CA17F9E91DD36633006D6841 /* LaunchScreen.storyboard */,
				CA17F9EC1DD36633006D6841 /* Info.plist */,
			);
			path = LocalNotificationSample;
			sourceTree = "<group>";
		};
/* End PBXGroup section */

/* Begin PBXNativeTarget section */
		CA17F9DC1DD36633006D6841 /* LocalNotificationSample */ = {
			isa = PBXNativeTarget;
			buildConfigurationList = CA17F9EF1DD36633006D6841 /* Build configuration list for PBXNativeTarget "LocalNotificationSample" */;
			buildPhases = (
				CA17F9D91DD36633006D6841 /* Sources */,
				CA17F9DA1DD36633006D6841 /* Frameworks */,
				CA17F9DB1DD36633006D6841 /* Resources */,
			);
			buildRules = (
			);
			dependencies = (
			);
			name = LocalNotificationSample;
			productName = LocalNotificationSample;
			productReference = CA17F9DD1DD36633006D6841 /* LocalNotificationSample.app */;
			productType = "com.apple.product-type.application";
		};
/* End PBXNativeTarget section */

/* Begin PBXProject section */
		CA17F9D51DD36633006D6841 /* Project object */ = {
			isa = PBXProject;
			attributes = {
				LastSwiftUpdateCheck = 0810;
				LastUpgradeCheck = 0810;
				ORGANIZATIONNAME = "关东升";
				TargetAttributes = {
					CA17F9DC1DD36633006D6841 = {
						CreatedOnToolsVersion = 8.1;
						DevelopmentTeam = 98Z3R5XU29;
						ProvisioningStyle = Automatic;
					};
				};
			};
			buildConfigurationList = CA17F9D81DD36633006D6841 /* Build configuration list for PBXProject "LocalNotificationSample" */;
			compatibilityVersion = "Xcode 3.2";
			developmentRegion = English;
			hasScannedForEncodings = 0;
			knownRegions = (
				en,
				Base,
			);
			mainGroup = CA17F9D41DD36633006D6841;
			productRefGroup = CA17F9DE1DD36633006D6841 /* Products */;
			projectDirPath = "";
			projectRoot = "";
			targets = (
				CA17F9DC1DD36633006D6841 /* LocalNotificationSample */,
			);
		};
/* End PBXProject section */

/* Begin PBXResourcesBuildPhase section */
		CA17F9DB1DD36633006D6841 /* Resources */ = {
			isa = PBXResourcesBuildPhase;
			buildActionMask = 2147483647;
			files = (
				CA17F9F51DD39855006D6841 /* Icon.png in Resources */,
				CA17F9EB1DD36633006D6841 /* LaunchScreen.storyboard in Resources */,
				CA17F9E81DD36633006D6841 /* Assets.xcassets in Resources */,
				CA17F9E61DD36633006D6841 /* Main.storyboard in Resources */,
			);
			runOnlyForDeploymentPostprocessing = 0;
		};
/* End PBXResourcesBuildPhase section */

/* Begin PBXSourcesBuildPhase section */
		CA17F9D91DD36633006D6841 /* Sources */ = {
			isa = PBXSourcesBuildPhase;
			buildActionMask = 2147483647;
			files = (
				CA17F9E31DD36633006D6841 /* ViewController.swift in Sources */,
				CA17F9E11DD36633006D6841 /* AppDelegate.swift in Sources */,
			);
			runOnlyForDeploymentPostprocessing = 0;
		};
/* End PBXSourcesBuildPhase section */

/* Begin PBXVariantGroup section */
		CA17F9E41DD36633006D6841 /* Main.storyboard */ = {
			isa = PBXVariantGroup;
			children = (
				CA17F9E51DD36633006D6841 /* Base */,
			);
			name = Main.storyboard;
			sourceTree = "<group>";
		};
		CA17F9E91DD36633006D6841 /* LaunchScreen.storyboard */ = {
			isa = PBXVariantGroup;
			children = (
				CA17F9EA1DD36633006D6841 /* Base */,
			);
			name = LaunchScreen.storyboard;
			sourceTree = "<group>";
		};
/* End PBXVariantGroup section */

/* Begin XCBuildConfiguration section */
		CA17F9ED1DD36633006D6841 /* Debug */ = {
			isa = XCBuildConfiguration;
			buildSettings = {
				ALWAYS_SEARCH_USER_PATHS = NO;
				CLANG_ANALYZER_NONNULL = YES;
				CLANG_CXX_LANGUAGE_STANDARD = "gnu++0x";
				CLANG_CXX_LIBRARY = "libc++";
				CLANG_ENABLE_MODULES = YES;
				CLANG_ENABLE_OBJC_ARC = YES;
				CLANG_WARN_BOOL_CONVERSION = YES;
				CLANG_WARN_CONSTANT_CONVERSION = YES;
				CLANG_WARN_DIRECT_OBJC_ISA_USAGE = YES_ERROR;
				CLANG_WARN_DOCUMENTATION_COMMENTS = YES;
				CLANG_WARN_EMPTY_BODY = YES;
				CLANG_WARN_ENUM_CONVERSION = YES;
				CLANG_WARN_INFINITE_RECURSION = YES;
				CLANG_WARN_INT_CONVERSION = YES;
				CLANG_WARN_OBJC_ROOT_CLASS = YES_ERROR;
				CLANG_WARN_SUSPICIOUS_MOVES = YES;
				CLANG_WARN_UNREACHABLE_CODE = YES;
				CLANG_WARN__DUPLICATE_METHOD_MATCH = YES;
				"CODE_SIGN_IDENTITY[sdk=iphoneos*]" = "iPhone Developer";
				COPY_PHASE_STRIP = NO;
				DEBUG_INFORMATION_FORMAT = dwarf;
				ENABLE_STRICT_OBJC_MSGSEND = YES;
				ENABLE_TESTABILITY = YES;
				GCC_C_LANGUAGE_STANDARD = gnu99;
				GCC_DYNAMIC_NO_PIC = NO;
				GCC_NO_COMMON_BLOCKS = YES;
				GCC_OPTIMIZATION_LEVEL = 0;
				GCC_PREPROCESSOR_DEFINITIONS = (
					"DEBUG=1",
					"$(inherited)",
				);
				GCC_WARN_64_TO_32_BIT_CONVERSION = YES;
				GCC_WARN_ABOUT_RETURN_TYPE = YES_ERROR;
				GCC_WARN_UNDECLARED_SELECTOR = YES;
				GCC_WARN_UNINITIALIZED_AUTOS = YES_AGGRESSIVE;
				GCC_WARN_UNUSED_FUNCTION = YES;
				GCC_WARN_UNUSED_VARIABLE = YES;
				IPHONEOS_DEPLOYMENT_TARGET = 10.1;
				MTL_ENABLE_DEBUG_INFO = YES;
				ONLY_ACTIVE_ARCH = YES;
				SDKROOT = iphoneos;
				SWIFT_ACTIVE_COMPILATION_CONDITIONS = DEBUG;
				SWIFT_OPTIMIZATION_LEVEL = "-Onone";
			};
			name = Debug;
		};
		CA17F9EE1DD36633006D6841 /* Release */ = {
			isa = XCBuildConfiguration;
			buildSettings = {
				ALWAYS_SEARCH_USER_PATHS = NO;
				CLANG_ANALYZER_NONNULL = YES;
				CLANG_CXX_LANGUAGE_STANDARD = "gnu++0x";
				CLANG_CXX_LIBRARY = "libc++";
				CLANG_ENABLE_MODULES = YES;
				CLANG_ENABLE_OBJC_ARC = YES;
				CLANG_WARN_BOOL_CONVERSION = YES;
				CLANG_WARN_CONSTANT_CONVERSION = YES;
				CLANG_WARN_DIRECT_OBJC_ISA_USAGE = YES_ERROR;
				CLANG_WARN_DOCUMENTATION_COMMENTS = YES;
				CLANG_WARN_EMPTY_BODY = YES;
				CLANG_WARN_ENUM_CONVERSION = YES;
				CLANG_WARN_INFINITE_RECURSION = YES;
				CLANG_WARN_INT_CONVERSION = YES;
				CLANG_WARN_OBJC_ROOT_CLASS = YES_ERROR;
				CLANG_WARN_SUSPICIOUS_MOVES = YES;
				CLANG_WARN_UNREACHABLE_CODE = YES;
				CLANG_WARN__DUPLICATE_METHOD_MATCH = YES;
				"CODE_SIGN_IDENTITY[sdk=iphoneos*]" = "iPhone Developer";
				COPY_PHASE_STRIP = NO;
				DEBUG_INFORMATION_FORMAT = "dwarf-with-dsym";
				ENABLE_NS_ASSERTIONS = NO;
				ENABLE_STRICT_OBJC_MSGSEND = YES;
				GCC_C_LANGUAGE_STANDARD = gnu99;
				GCC_NO_COMMON_BLOCKS = YES;
				GCC_WARN_64_TO_32_BIT_CONVERSION = YES;
				GCC_WARN_ABOUT_RETURN_TYPE = YES_ERROR;
				GCC_WARN_UNDECLARED_SELECTOR = YES;
				GCC_WARN_UNINITIALIZED_AUTOS = YES_AGGRESSIVE;
				GCC_WARN_UNUSED_FUNCTION = YES;
				GCC_WARN_UNUSED_VARIABLE = YES;
				IPHONEOS_DEPLOYMENT_TARGET = 10.1;
				MTL_ENABLE_DEBUG_INFO = NO;
				SDKROOT = iphoneos;
				SWIFT_OPTIMIZATION_LEVEL = "-Owholemodule";
				VALIDATE_PRODUCT = YES;
			};
			name = Release;
		};
		CA17F9F01DD36633006D6841 /* Debug */ = {
			isa = XCBuildConfiguration;
			buildSettings = {
				ASSETCATALOG_COMPILER_APPICON_NAME = AppIcon;
				DEVELOPMENT_TEAM = 98Z3R5XU29;
				INFOPLIST_FILE = LocalNotificationSample/Info.plist;
				LD_RUNPATH_SEARCH_PATHS = "$(inherited) @executable_path/Frameworks";
				PRODUCT_BUNDLE_IDENTIFIER = com.51work6.LocalNotificationSample;
				PRODUCT_NAME = "$(TARGET_NAME)";
				SWIFT_VERSION = 3.0;
			};
			name = Debug;
		};
		CA17F9F11DD36633006D6841 /* Release */ = {
			isa = XCBuildConfiguration;
			buildSettings = {
				ASSETCATALOG_COMPILER_APPICON_NAME = AppIcon;
				DEVELOPMENT_TEAM = 98Z3R5XU29;
				INFOPLIST_FILE = LocalNotificationSample/Info.plist;
				LD_RUNPATH_SEARCH_PATHS = "$(inherited) @executable_path/Frameworks";
				PRODUCT_BUNDLE_IDENTIFIER = com.51work6.LocalNotificationSample;
				PRODUCT_NAME = "$(TARGET_NAME)";
				SWIFT_VERSION = 3.0;
			};
			name = Release;
		};
/* End XCBuildConfiguration section */

/* Begin XCConfigurationList section */
		CA17F9D81DD36633006D6841 /* Build configuration list for PBXProject "LocalNotificationSample" */ = {
			isa = XCConfigurationList;
			buildConfigurations = (
				CA17F9ED1DD36633006D6841 /* Debug */,
				CA17F9EE1DD36633006D6841 /* Release */,
			);
			defaultConfigurationIsVisible = 0;
			defaultConfigurationName = Release;
		};
		CA17F9EF1DD36633006D6841 /* Build configuration list for PBXNativeTarget "LocalNotificationSample" */ = {
			isa = XCConfigurationList;
			buildConfigurations = (
				CA17F9F01DD36633006D6841 /* Debug */,
				CA17F9F11DD36633006D6841 /* Release */,
			);
			defaultConfigurationIsVisible = 0;
			defaultConfigurationName = Release;
		};
/* End XCConfigurationList section */
	};
	rootObject = CA17F9D51DD36633006D6841 /* Project object */;
}
