// !$*UTF8*$!
{
	archiveVersion = 1;
	classes = {
	};
	objectVersion = 46;
	objects = {

/* Begin PBXBuildFile section */
		CAB62A2C1DC771BE00954012 /* main.m in Sources */ = {isa = PBXBuildFile; fileRef = CAB62A2B1DC771BE00954012 /* main.m */; };
		CAB62A2F1DC771BE00954012 /* AppDelegate.m in Sources */ = {isa = PBXBuildFile; fileRef = CAB62A2E1DC771BE00954012 /* AppDelegate.m */; };
		CAB62A321DC771BE00954012 /* ViewController.m in Sources */ = {isa = PBXBuildFile; fileRef = CAB62A311DC771BE00954012 /* ViewController.m */; };
		CAB62A371DC771BE00954012 /* Assets.xcassets in Resources */ = {isa = PBXBuildFile; fileRef = CAB62A361DC771BE00954012 /* Assets.xcassets */; };
		CAB62A3A1DC771BE00954012 /* LaunchScreen.storyboard in Resources */ = {isa = PBXBuildFile; fileRef = CAB62A381DC771BE00954012 /* LaunchScreen.storyboard */; };
		CAB62A4B1DC7771500954012 /* Hei.png in Resources */ = {isa = PBXBuildFile; fileRef = CAB62A421DC7771500954012 /* Hei.png */; };
		CAB62A4C1DC7771500954012 /* Hei@2x.png in Resources */ = {isa = PBXBuildFile; fileRef = CAB62A431DC7771500954012 /* Hei@2x.png */; };
		CAB62A4D1DC7771500954012 /* Hei@3x.png in Resources */ = {isa = PBXBuildFile; fileRef = CAB62A441DC7771500954012 /* Hei@3x.png */; };
		CAB62A4E1DC7771500954012 /* Ji.png in Resources */ = {isa = PBXBuildFile; fileRef = CAB62A451DC7771500954012 /* Ji.png */; };
		CAB62A4F1DC7771500954012 /* Ji@2x.png in Resources */ = {isa = PBXBuildFile; fileRef = CAB62A461DC7771500954012 /* Ji@2x.png */; };
		CAB62A501DC7771500954012 /* Ji@3x.png in Resources */ = {isa = PBXBuildFile; fileRef = CAB62A471DC7771500954012 /* Ji@3x.png */; };
		CAB62A511DC7771500954012 /* Liao.png in Resources */ = {isa = PBXBuildFile; fileRef = CAB62A481DC7771500954012 /* Liao.png */; };
		CAB62A521DC7771500954012 /* Liao@2x.png in Resources */ = {isa = PBXBuildFile; fileRef = CAB62A491DC7771500954012 /* Liao@2x.png */; };
		CAB62A531DC7771500954012 /* Liao@3x.png in Resources */ = {isa = PBXBuildFile; fileRef = CAB62A4A1DC7771500954012 /* Liao@3x.png */; };
		CAB62A551DC7771C00954012 /* provinces_cities.plist in Resources */ = {isa = PBXBuildFile; fileRef = CAB62A541DC7771C00954012 /* provinces_cities.plist */; };
		CAB62A581DC7774200954012 /* DetailViewController.m in Sources */ = {isa = PBXBuildFile; fileRef = CAB62A571DC7774200954012 /* DetailViewController.m */; };
		CAB62A5B1DC7775300954012 /* ModalViewController.m in Sources */ = {isa = PBXBuildFile; fileRef = CAB62A5A1DC7775300954012 /* ModalViewController.m */; };
/* End PBXBuildFile section */

/* Begin PBXFileReference section */
		CAB62A271DC771BE00954012 /* NavigationComb.app */ = {isa = PBXFileReference; explicitFileType = wrapper.application; includeInIndex = 0; path = NavigationComb.app; sourceTree = BUILT_PRODUCTS_DIR; };
		CAB62A2B1DC771BE00954012 /* main.m */ = {isa = PBXFileReference; lastKnownFileType = sourcecode.c.objc; path = main.m; sourceTree = "<group>"; };
		CAB62A2D1DC771BE00954012 /* AppDelegate.h */ = {isa = PBXFileReference; lastKnownFileType = sourcecode.c.h; path = AppDelegate.h; sourceTree = "<group>"; };
		CAB62A2E1DC771BE00954012 /* AppDelegate.m */ = {isa = PBXFileReference; lastKnownFileType = sourcecode.c.objc; path = AppDelegate.m; sourceTree = "<group>"; };
		CAB62A301DC771BE00954012 /* ViewController.h */ = {isa = PBXFileReference; lastKnownFileType = sourcecode.c.h; path = ViewController.h; sourceTree = "<group>"; };
		CAB62A311DC771BE00954012 /* ViewController.m */ = {isa = PBXFileReference; lastKnownFileType = sourcecode.c.objc; path = ViewController.m; sourceTree = "<group>"; };
		CAB62A361DC771BE00954012 /* Assets.xcassets */ = {isa = PBXFileReference; lastKnownFileType = folder.assetcatalog; path = Assets.xcassets; sourceTree = "<group>"; };
		CAB62A391DC771BE00954012 /* Base */ = {isa = PBXFileReference; lastKnownFileType = file.storyboard; name = Base; path = Base.lproj/LaunchScreen.storyboard; sourceTree = "<group>"; };
		CAB62A3B1DC771BE00954012 /* Info.plist */ = {isa = PBXFileReference; lastKnownFileType = text.plist.xml; path = Info.plist; sourceTree = "<group>"; };
		CAB62A421DC7771500954012 /* Hei.png */ = {isa = PBXFileReference; lastKnownFileType = image.png; path = Hei.png; sourceTree = "<group>"; };
		CAB62A431DC7771500954012 /* Hei@2x.png */ = {isa = PBXFileReference; lastKnownFileType = image.png; path = "Hei@2x.png"; sourceTree = "<group>"; };
		CAB62A441DC7771500954012 /* Hei@3x.png */ = {isa = PBXFileReference; lastKnownFileType = image.png; path = "Hei@3x.png"; sourceTree = "<group>"; };
		CAB62A451DC7771500954012 /* Ji.png */ = {isa = PBXFileReference; lastKnownFileType = image.png; path = Ji.png; sourceTree = "<group>"; };
		CAB62A461DC7771500954012 /* Ji@2x.png */ = {isa = PBXFileReference; lastKnownFileType = image.png; path = "Ji@2x.png"; sourceTree = "<group>"; };
		CAB62A471DC7771500954012 /* Ji@3x.png */ = {isa = PBXFileReference; lastKnownFileType = image.png; path = "Ji@3x.png"; sourceTree = "<group>"; };
		CAB62A481DC7771500954012 /* Liao.png */ = {isa = PBXFileReference; lastKnownFileType = image.png; path = Liao.png; sourceTree = "<group>"; };
		CAB62A491DC7771500954012 /* Liao@2x.png */ = {isa = PBXFileReference; lastKnownFileType = image.png; path = "Liao@2x.png"; sourceTree = "<group>"; };
		CAB62A4A1DC7771500954012 /* Liao@3x.png */ = {isa = PBXFileReference; lastKnownFileType = image.png; path = "Liao@3x.png"; sourceTree = "<group>"; };
		CAB62A541DC7771C00954012 /* provinces_cities.plist */ = {isa = PBXFileReference; fileEncoding = 4; lastKnownFileType = text.plist.xml; path = provinces_cities.plist; sourceTree = "<group>"; };
		CAB62A561DC7774200954012 /* DetailViewController.h */ = {isa = PBXFileReference; fileEncoding = 4; lastKnownFileType = sourcecode.c.h; path = DetailViewController.h; sourceTree = "<group>"; };
		CAB62A571DC7774200954012 /* DetailViewController.m */ = {isa = PBXFileReference; fileEncoding = 4; lastKnownFileType = sourcecode.c.objc; path = DetailViewController.m; sourceTree = "<group>"; };
		CAB62A591DC7775300954012 /* ModalViewController.h */ = {isa = PBXFileReference; fileEncoding = 4; lastKnownFileType = sourcecode.c.h; path = ModalViewController.h; sourceTree = "<group>"; };
		CAB62A5A1DC7775300954012 /* ModalViewController.m */ = {isa = PBXFileReference; fileEncoding = 4; lastKnownFileType = sourcecode.c.objc; path = ModalViewController.m; sourceTree = "<group>"; };
/* End PBXFileReference section */

/* Begin PBXFrameworksBuildPhase section */
		CAB62A241DC771BE00954012 /* Frameworks */ = {
			isa = PBXFrameworksBuildPhase;
			buildActionMask = 2147483647;
			files = (
			);
			runOnlyForDeploymentPostprocessing = 0;
		};
/* End PBXFrameworksBuildPhase section */

/* Begin PBXGroup section */
		CAB62A1E1DC771BE00954012 = {
			isa = PBXGroup;
			children = (
				CAB62A291DC771BE00954012 /* NavigationComb */,
				CAB62A281DC771BE00954012 /* Products */,
			);
			sourceTree = "<group>";
		};
		CAB62A281DC771BE00954012 /* Products */ = {
			isa = PBXGroup;
			children = (
				CAB62A271DC771BE00954012 /* NavigationComb.app */,
			);
			name = Products;
			sourceTree = "<group>";
		};
		CAB62A291DC771BE00954012 /* NavigationComb */ = {
			isa = PBXGroup;
			children = (
				CAB62A411DC7771500954012 /* tabicons */,
				CAB62A2D1DC771BE00954012 /* AppDelegate.h */,
				CAB62A2E1DC771BE00954012 /* AppDelegate.m */,
				CAB62A301DC771BE00954012 /* ViewController.h */,
				CAB62A311DC771BE00954012 /* ViewController.m */,
				CAB62A561DC7774200954012 /* DetailViewController.h */,
				CAB62A571DC7774200954012 /* DetailViewController.m */,
				CAB62A591DC7775300954012 /* ModalViewController.h */,
				CAB62A5A1DC7775300954012 /* ModalViewController.m */,
				CAB62A541DC7771C00954012 /* provinces_cities.plist */,
				CAB62A361DC771BE00954012 /* Assets.xcassets */,
				CAB62A381DC771BE00954012 /* LaunchScreen.storyboard */,
				CAB62A3B1DC771BE00954012 /* Info.plist */,
				CAB62A2A1DC771BE00954012 /* Supporting Files */,
			);
			path = NavigationComb;
			sourceTree = "<group>";
		};
		CAB62A2A1DC771BE00954012 /* Supporting Files */ = {
			isa = PBXGroup;
			children = (
				CAB62A2B1DC771BE00954012 /* main.m */,
			);
			name = "Supporting Files";
			sourceTree = "<group>";
		};
		CAB62A411DC7771500954012 /* tabicons */ = {
			isa = PBXGroup;
			children = (
				CAB62A421DC7771500954012 /* Hei.png */,
				CAB62A431DC7771500954012 /* Hei@2x.png */,
				CAB62A441DC7771500954012 /* Hei@3x.png */,
				CAB62A451DC7771500954012 /* Ji.png */,
				CAB62A461DC7771500954012 /* Ji@2x.png */,
				CAB62A471DC7771500954012 /* Ji@3x.png */,
				CAB62A481DC7771500954012 /* Liao.png */,
				CAB62A491DC7771500954012 /* Liao@2x.png */,
				CAB62A4A1DC7771500954012 /* Liao@3x.png */,
			);
			path = tabicons;
			sourceTree = "<group>";
		};
/* End PBXGroup section */

/* Begin PBXNativeTarget section */
		CAB62A261DC771BE00954012 /* NavigationComb */ = {
			isa = PBXNativeTarget;
			buildConfigurationList = CAB62A3E1DC771BE00954012 /* Build configuration list for PBXNativeTarget "NavigationComb" */;
			buildPhases = (
				CAB62A231DC771BE00954012 /* Sources */,
				CAB62A241DC771BE00954012 /* Frameworks */,
				CAB62A251DC771BE00954012 /* Resources */,
			);
			buildRules = (
			);
			dependencies = (
			);
			name = NavigationComb;
			productName = NavigationComb;
			productReference = CAB62A271DC771BE00954012 /* NavigationComb.app */;
			productType = "com.apple.product-type.application";
		};
/* End PBXNativeTarget section */

/* Begin PBXProject section */
		CAB62A1F1DC771BE00954012 /* Project object */ = {
			isa = PBXProject;
			attributes = {
				LastUpgradeCheck = 0810;
				ORGANIZATIONNAME = "关东升";
				TargetAttributes = {
					CAB62A261DC771BE00954012 = {
						CreatedOnToolsVersion = 8.1;
						ProvisioningStyle = Automatic;
					};
				};
			};
			buildConfigurationList = CAB62A221DC771BE00954012 /* Build configuration list for PBXProject "NavigationComb" */;
			compatibilityVersion = "Xcode 3.2";
			developmentRegion = English;
			hasScannedForEncodings = 0;
			knownRegions = (
				en,
				Base,
			);
			mainGroup = CAB62A1E1DC771BE00954012;
			productRefGroup = CAB62A281DC771BE00954012 /* Products */;
			projectDirPath = "";
			projectRoot = "";
			targets = (
				CAB62A261DC771BE00954012 /* NavigationComb */,
			);
		};
/* End PBXProject section */

/* Begin PBXResourcesBuildPhase section */
		CAB62A251DC771BE00954012 /* Resources */ = {
			isa = PBXResourcesBuildPhase;
			buildActionMask = 2147483647;
			files = (
				CAB62A4B1DC7771500954012 /* Hei.png in Resources */,
				CAB62A4F1DC7771500954012 /* Ji@2x.png in Resources */,
				CAB62A531DC7771500954012 /* Liao@3x.png in Resources */,
				CAB62A511DC7771500954012 /* Liao.png in Resources */,
				CAB62A4E1DC7771500954012 /* Ji.png in Resources */,
				CAB62A4C1DC7771500954012 /* Hei@2x.png in Resources */,
				CAB62A501DC7771500954012 /* Ji@3x.png in Resources */,
				CAB62A521DC7771500954012 /* Liao@2x.png in Resources */,
				CAB62A551DC7771C00954012 /* provinces_cities.plist in Resources */,
				CAB62A3A1DC771BE00954012 /* LaunchScreen.storyboard in Resources */,
				CAB62A371DC771BE00954012 /* Assets.xcassets in Resources */,
				CAB62A4D1DC7771500954012 /* Hei@3x.png in Resources */,
			);
			runOnlyForDeploymentPostprocessing = 0;
		};
/* End PBXResourcesBuildPhase section */

/* Begin PBXSourcesBuildPhase section */
		CAB62A231DC771BE00954012 /* Sources */ = {
			isa = PBXSourcesBuildPhase;
			buildActionMask = 2147483647;
			files = (
				CAB62A321DC771BE00954012 /* ViewController.m in Sources */,
				CAB62A2F1DC771BE00954012 /* AppDelegate.m in Sources */,
				CAB62A5B1DC7775300954012 /* ModalViewController.m in Sources */,
				CAB62A2C1DC771BE00954012 /* main.m in Sources */,
				CAB62A581DC7774200954012 /* DetailViewController.m in Sources */,
			);
			runOnlyForDeploymentPostprocessing = 0;
		};
/* End PBXSourcesBuildPhase section */

/* Begin PBXVariantGroup section */
		CAB62A381DC771BE00954012 /* LaunchScreen.storyboard */ = {
			isa = PBXVariantGroup;
			children = (
				CAB62A391DC771BE00954012 /* Base */,
			);
			name = LaunchScreen.storyboard;
			sourceTree = "<group>";
		};
/* End PBXVariantGroup section */

/* Begin XCBuildConfiguration section */
		CAB62A3C1DC771BE00954012 /* Debug */ = {
			isa = XCBuildConfiguration;
			buildSettings = {
				ALWAYS_SEARCH_USER_PATHS = NO;
				CLANG_ANALYZER_NONNULL = YES;
				CLANG_CXX_LANGUAGE_STANDARD = "gnu++0x";
				CLANG_CXX_LIBRARY = "libc++";
				CLANG_ENABLE_MODULES = YES;
				CLANG_ENABLE_OBJC_ARC = YES;
				CLANG_WARN_BOOL_CONVERSION = YES;
				CLANG_WARN_CONSTANT_CONVERSION = YES;
				CLANG_WARN_DIRECT_OBJC_ISA_USAGE = YES_ERROR;
				CLANG_WARN_DOCUMENTATION_COMMENTS = YES;
				CLANG_WARN_EMPTY_BODY = YES;
				CLANG_WARN_ENUM_CONVERSION = YES;
				CLANG_WARN_INFINITE_RECURSION = YES;
				CLANG_WARN_INT_CONVERSION = YES;
				CLANG_WARN_OBJC_ROOT_CLASS = YES_ERROR;
				CLANG_WARN_SUSPICIOUS_MOVES = YES;
				CLANG_WARN_UNREACHABLE_CODE = YES;
				CLANG_WARN__DUPLICATE_METHOD_MATCH = YES;
				"CODE_SIGN_IDENTITY[sdk=iphoneos*]" = "iPhone Developer";
				COPY_PHASE_STRIP = NO;
				DEBUG_INFORMATION_FORMAT = dwarf;
				ENABLE_STRICT_OBJC_MSGSEND = YES;
				ENABLE_TESTABILITY = YES;
				GCC_C_LANGUAGE_STANDARD = gnu99;
				GCC_DYNAMIC_NO_PIC = NO;
				GCC_NO_COMMON_BLOCKS = YES;
				GCC_OPTIMIZATION_LEVEL = 0;
				GCC_PREPROCESSOR_DEFINITIONS = (
					"DEBUG=1",
					"$(inherited)",
				);
				GCC_WARN_64_TO_32_BIT_CONVERSION = YES;
				GCC_WARN_ABOUT_RETURN_TYPE = YES_ERROR;
				GCC_WARN_UNDECLARED_SELECTOR = YES;
				GCC_WARN_UNINITIALIZED_AUTOS = YES_AGGRESSIVE;
				GCC_WARN_UNUSED_FUNCTION = YES;
				GCC_WARN_UNUSED_VARIABLE = YES;
				IPHONEOS_DEPLOYMENT_TARGET = 10.1;
				MTL_ENABLE_DEBUG_INFO = YES;
				ONLY_ACTIVE_ARCH = YES;
				SDKROOT = iphoneos;
			};
			name = Debug;
		};
		CAB62A3D1DC771BE00954012 /* Release */ = {
			isa = XCBuildConfiguration;
			buildSettings = {
				ALWAYS_SEARCH_USER_PATHS = NO;
				CLANG_ANALYZER_NONNULL = YES;
				CLANG_CXX_LANGUAGE_STANDARD = "gnu++0x";
				CLANG_CXX_LIBRARY = "libc++";
				CLANG_ENABLE_MODULES = YES;
				CLANG_ENABLE_OBJC_ARC = YES;
				CLANG_WARN_BOOL_CONVERSION = YES;
				CLANG_WARN_CONSTANT_CONVERSION = YES;
				CLANG_WARN_DIRECT_OBJC_ISA_USAGE = YES_ERROR;
				CLANG_WARN_DOCUMENTATION_COMMENTS = YES;
				CLANG_WARN_EMPTY_BODY = YES;
				CLANG_WARN_ENUM_CONVERSION = YES;
				CLANG_WARN_INFINITE_RECURSION = YES;
				CLANG_WARN_INT_CONVERSION = YES;
				CLANG_WARN_OBJC_ROOT_CLASS = YES_ERROR;
				CLANG_WARN_SUSPICIOUS_MOVES = YES;
				CLANG_WARN_UNREACHABLE_CODE = YES;
				CLANG_WARN__DUPLICATE_METHOD_MATCH = YES;
				"CODE_SIGN_IDENTITY[sdk=iphoneos*]" = "iPhone Developer";
				COPY_PHASE_STRIP = NO;
				DEBUG_INFORMATION_FORMAT = "dwarf-with-dsym";
				ENABLE_NS_ASSERTIONS = NO;
				ENABLE_STRICT_OBJC_MSGSEND = YES;
				GCC_C_LANGUAGE_STANDARD = gnu99;
				GCC_NO_COMMON_BLOCKS = YES;
				GCC_WARN_64_TO_32_BIT_CONVERSION = YES;
				GCC_WARN_ABOUT_RETURN_TYPE = YES_ERROR;
				GCC_WARN_UNDECLARED_SELECTOR = YES;
				GCC_WARN_UNINITIALIZED_AUTOS = YES_AGGRESSIVE;
				GCC_WARN_UNUSED_FUNCTION = YES;
				GCC_WARN_UNUSED_VARIABLE = YES;
				IPHONEOS_DEPLOYMENT_TARGET = 10.1;
				MTL_ENABLE_DEBUG_INFO = NO;
				SDKROOT = iphoneos;
				VALIDATE_PRODUCT = YES;
			};
			name = Release;
		};
		CAB62A3F1DC771BE00954012 /* Debug */ = {
			isa = XCBuildConfiguration;
			buildSettings = {
				ASSETCATALOG_COMPILER_APPICON_NAME = AppIcon;
				INFOPLIST_FILE = NavigationComb/Info.plist;
				LD_RUNPATH_SEARCH_PATHS = "$(inherited) @executable_path/Frameworks";
				PRODUCT_BUNDLE_IDENTIFIER = com.51work6.NavigationComb;
				PRODUCT_NAME = "$(TARGET_NAME)";
			};
			name = Debug;
		};
		CAB62A401DC771BE00954012 /* Release */ = {
			isa = XCBuildConfiguration;
			buildSettings = {
				ASSETCATALOG_COMPILER_APPICON_NAME = AppIcon;
				INFOPLIST_FILE = NavigationComb/Info.plist;
				LD_RUNPATH_SEARCH_PATHS = "$(inherited) @executable_path/Frameworks";
				PRODUCT_BUNDLE_IDENTIFIER = com.51work6.NavigationComb;
				PRODUCT_NAME = "$(TARGET_NAME)";
			};
			name = Release;
		};
/* End XCBuildConfiguration section */

/* Begin XCConfigurationList section */
		CAB62A221DC771BE00954012 /* Build configuration list for PBXProject "NavigationComb" */ = {
			isa = XCConfigurationList;
			buildConfigurations = (
				CAB62A3C1DC771BE00954012 /* Debug */,
				CAB62A3D1DC771BE00954012 /* Release */,
			);
			defaultConfigurationIsVisible = 0;
			defaultConfigurationName = Release;
		};
		CAB62A3E1DC771BE00954012 /* Build configuration list for PBXNativeTarget "NavigationComb" */ = {
			isa = XCConfigurationList;
			buildConfigurations = (
				CAB62A3F1DC771BE00954012 /* Debug */,
				CAB62A401DC771BE00954012 /* Release */,
			);
			defaultConfigurationIsVisible = 0;
			defaultConfigurationName = Release;
		};
/* End XCConfigurationList section */
	};
	rootObject = CAB62A1F1DC771BE00954012 /* Project object */;
}
