// !$*UTF8*$!
{
	archiveVersion = 1;
	classes = {
	};
	objectVersion = 46;
	objects = {

/* Begin PBXBuildFile section */
		CA2652261DBE0336008BCCC9 /* main.m in Sources */ = {isa = PBXBuildFile; fileRef = CA2652251DBE0336008BCCC9 /* main.m */; };
		CA2652291DBE0336008BCCC9 /* AppDelegate.m in Sources */ = {isa = PBXBuildFile; fileRef = CA2652281DBE0336008BCCC9 /* AppDelegate.m */; };
		CA26522C1DBE0336008BCCC9 /* ViewController.m in Sources */ = {isa = PBXBuildFile; fileRef = CA26522B1DBE0336008BCCC9 /* ViewController.m */; };
		CA26522F1DBE0336008BCCC9 /* Main.storyboard in Resources */ = {isa = PBXBuildFile; fileRef = CA26522D1DBE0336008BCCC9 /* Main.storyboard */; };
		CA2652311DBE0336008BCCC9 /* Assets.xcassets in Resources */ = {isa = PBXBuildFile; fileRef = CA2652301DBE0336008BCCC9 /* Assets.xcassets */; };
		CA2652341DBE0336008BCCC9 /* LaunchScreen.storyboard in Resources */ = {isa = PBXBuildFile; fileRef = CA2652321DBE0336008BCCC9 /* LaunchScreen.storyboard */; };
		CA26525D1DBE034B008BCCC9 /* Algeria.png in Resources */ = {isa = PBXBuildFile; fileRef = CA26523C1DBE034B008BCCC9 /* Algeria.png */; };
		CA26525E1DBE034B008BCCC9 /* Argentina.png in Resources */ = {isa = PBXBuildFile; fileRef = CA26523D1DBE034B008BCCC9 /* Argentina.png */; };
		CA26525F1DBE034B008BCCC9 /* Australia.png in Resources */ = {isa = PBXBuildFile; fileRef = CA26523E1DBE034B008BCCC9 /* Australia.png */; };
		CA2652601DBE034B008BCCC9 /* Brazil.png in Resources */ = {isa = PBXBuildFile; fileRef = CA26523F1DBE034B008BCCC9 /* Brazil.png */; };
		CA2652611DBE034B008BCCC9 /* Cameroon.png in Resources */ = {isa = PBXBuildFile; fileRef = CA2652401DBE034B008BCCC9 /* Cameroon.png */; };
		CA2652621DBE034B008BCCC9 /* Chile.png in Resources */ = {isa = PBXBuildFile; fileRef = CA2652411DBE034B008BCCC9 /* Chile.png */; };
		CA2652631DBE034B008BCCC9 /* CoteDIvoire.png in Resources */ = {isa = PBXBuildFile; fileRef = CA2652421DBE034B008BCCC9 /* CoteDIvoire.png */; };
		CA2652641DBE034B008BCCC9 /* Denmark.png in Resources */ = {isa = PBXBuildFile; fileRef = CA2652431DBE034B008BCCC9 /* Denmark.png */; };
		CA2652651DBE034B008BCCC9 /* England.png in Resources */ = {isa = PBXBuildFile; fileRef = CA2652441DBE034B008BCCC9 /* England.png */; };
		CA2652661DBE034B008BCCC9 /* France.png in Resources */ = {isa = PBXBuildFile; fileRef = CA2652451DBE034B008BCCC9 /* France.png */; };
		CA2652671DBE034B008BCCC9 /* Germany.png in Resources */ = {isa = PBXBuildFile; fileRef = CA2652461DBE034B008BCCC9 /* Germany.png */; };
		CA2652681DBE034B008BCCC9 /* Ghana.png in Resources */ = {isa = PBXBuildFile; fileRef = CA2652471DBE034B008BCCC9 /* Ghana.png */; };
		CA2652691DBE034B008BCCC9 /* Greece.png in Resources */ = {isa = PBXBuildFile; fileRef = CA2652481DBE034B008BCCC9 /* Greece.png */; };
		CA26526A1DBE034B008BCCC9 /* Holland.png in Resources */ = {isa = PBXBuildFile; fileRef = CA2652491DBE034B008BCCC9 /* Holland.png */; };
		CA26526B1DBE034B008BCCC9 /* Honduras.png in Resources */ = {isa = PBXBuildFile; fileRef = CA26524A1DBE034B008BCCC9 /* Honduras.png */; };
		CA26526C1DBE034B008BCCC9 /* Italy.png in Resources */ = {isa = PBXBuildFile; fileRef = CA26524B1DBE034B008BCCC9 /* Italy.png */; };
		CA26526D1DBE034B008BCCC9 /* Japan.png in Resources */ = {isa = PBXBuildFile; fileRef = CA26524C1DBE034B008BCCC9 /* Japan.png */; };
		CA26526E1DBE034B008BCCC9 /* Mexico.png in Resources */ = {isa = PBXBuildFile; fileRef = CA26524D1DBE034B008BCCC9 /* Mexico.png */; };
		CA26526F1DBE034B008BCCC9 /* NewZealand.png in Resources */ = {isa = PBXBuildFile; fileRef = CA26524E1DBE034B008BCCC9 /* NewZealand.png */; };
		CA2652701DBE034B008BCCC9 /* Nigeria.png in Resources */ = {isa = PBXBuildFile; fileRef = CA26524F1DBE034B008BCCC9 /* Nigeria.png */; };
		CA2652711DBE034B008BCCC9 /* NorthKorea.png in Resources */ = {isa = PBXBuildFile; fileRef = CA2652501DBE034B008BCCC9 /* NorthKorea.png */; };
		CA2652721DBE034B008BCCC9 /* Paraguay.png in Resources */ = {isa = PBXBuildFile; fileRef = CA2652511DBE034B008BCCC9 /* Paraguay.png */; };
		CA2652731DBE034B008BCCC9 /* Portugal.png in Resources */ = {isa = PBXBuildFile; fileRef = CA2652521DBE034B008BCCC9 /* Portugal.png */; };
		CA2652741DBE034B008BCCC9 /* Serbia.png in Resources */ = {isa = PBXBuildFile; fileRef = CA2652531DBE034B008BCCC9 /* Serbia.png */; };
		CA2652751DBE034C008BCCC9 /* Slovakia.png in Resources */ = {isa = PBXBuildFile; fileRef = CA2652541DBE034B008BCCC9 /* Slovakia.png */; };
		CA2652761DBE034C008BCCC9 /* Slovenia.png in Resources */ = {isa = PBXBuildFile; fileRef = CA2652551DBE034B008BCCC9 /* Slovenia.png */; };
		CA2652771DBE034C008BCCC9 /* SouthAfrica.png in Resources */ = {isa = PBXBuildFile; fileRef = CA2652561DBE034B008BCCC9 /* SouthAfrica.png */; };
		CA2652781DBE034C008BCCC9 /* SouthKorea.png in Resources */ = {isa = PBXBuildFile; fileRef = CA2652571DBE034B008BCCC9 /* SouthKorea.png */; };
		CA2652791DBE034C008BCCC9 /* Spain.png in Resources */ = {isa = PBXBuildFile; fileRef = CA2652581DBE034B008BCCC9 /* Spain.png */; };
		CA26527A1DBE034C008BCCC9 /* Switzerland.png in Resources */ = {isa = PBXBuildFile; fileRef = CA2652591DBE034B008BCCC9 /* Switzerland.png */; };
		CA26527B1DBE034C008BCCC9 /* Uruguay.png in Resources */ = {isa = PBXBuildFile; fileRef = CA26525A1DBE034B008BCCC9 /* Uruguay.png */; };
		CA26527C1DBE034C008BCCC9 /* USA.png in Resources */ = {isa = PBXBuildFile; fileRef = CA26525B1DBE034B008BCCC9 /* USA.png */; };
		CA26527D1DBE034C008BCCC9 /* team.plist in Resources */ = {isa = PBXBuildFile; fileRef = CA26525C1DBE034B008BCCC9 /* team.plist */; };
		CA2652801DBE03FC008BCCC9 /* CustomCell.m in Sources */ = {isa = PBXBuildFile; fileRef = CA26527F1DBE03FC008BCCC9 /* CustomCell.m */; };
/* End PBXBuildFile section */

/* Begin PBXFileReference section */
		CA2652211DBE0336008BCCC9 /* CustomCell.app */ = {isa = PBXFileReference; explicitFileType = wrapper.application; includeInIndex = 0; path = CustomCell.app; sourceTree = BUILT_PRODUCTS_DIR; };
		CA2652251DBE0336008BCCC9 /* main.m */ = {isa = PBXFileReference; lastKnownFileType = sourcecode.c.objc; path = main.m; sourceTree = "<group>"; };
		CA2652271DBE0336008BCCC9 /* AppDelegate.h */ = {isa = PBXFileReference; lastKnownFileType = sourcecode.c.h; path = AppDelegate.h; sourceTree = "<group>"; };
		CA2652281DBE0336008BCCC9 /* AppDelegate.m */ = {isa = PBXFileReference; lastKnownFileType = sourcecode.c.objc; path = AppDelegate.m; sourceTree = "<group>"; };
		CA26522A1DBE0336008BCCC9 /* ViewController.h */ = {isa = PBXFileReference; lastKnownFileType = sourcecode.c.h; path = ViewController.h; sourceTree = "<group>"; };
		CA26522B1DBE0336008BCCC9 /* ViewController.m */ = {isa = PBXFileReference; lastKnownFileType = sourcecode.c.objc; path = ViewController.m; sourceTree = "<group>"; };
		CA26522E1DBE0336008BCCC9 /* Base */ = {isa = PBXFileReference; lastKnownFileType = file.storyboard; name = Base; path = Base.lproj/Main.storyboard; sourceTree = "<group>"; };
		CA2652301DBE0336008BCCC9 /* Assets.xcassets */ = {isa = PBXFileReference; lastKnownFileType = folder.assetcatalog; path = Assets.xcassets; sourceTree = "<group>"; };
		CA2652331DBE0336008BCCC9 /* Base */ = {isa = PBXFileReference; lastKnownFileType = file.storyboard; name = Base; path = Base.lproj/LaunchScreen.storyboard; sourceTree = "<group>"; };
		CA2652351DBE0336008BCCC9 /* Info.plist */ = {isa = PBXFileReference; lastKnownFileType = text.plist.xml; path = Info.plist; sourceTree = "<group>"; };
		CA26523C1DBE034B008BCCC9 /* Algeria.png */ = {isa = PBXFileReference; lastKnownFileType = image.png; path = Algeria.png; sourceTree = "<group>"; };
		CA26523D1DBE034B008BCCC9 /* Argentina.png */ = {isa = PBXFileReference; lastKnownFileType = image.png; path = Argentina.png; sourceTree = "<group>"; };
		CA26523E1DBE034B008BCCC9 /* Australia.png */ = {isa = PBXFileReference; lastKnownFileType = image.png; path = Australia.png; sourceTree = "<group>"; };
		CA26523F1DBE034B008BCCC9 /* Brazil.png */ = {isa = PBXFileReference; lastKnownFileType = image.png; path = Brazil.png; sourceTree = "<group>"; };
		CA2652401DBE034B008BCCC9 /* Cameroon.png */ = {isa = PBXFileReference; lastKnownFileType = image.png; path = Cameroon.png; sourceTree = "<group>"; };
		CA2652411DBE034B008BCCC9 /* Chile.png */ = {isa = PBXFileReference; lastKnownFileType = image.png; path = Chile.png; sourceTree = "<group>"; };
		CA2652421DBE034B008BCCC9 /* CoteDIvoire.png */ = {isa = PBXFileReference; lastKnownFileType = image.png; path = CoteDIvoire.png; sourceTree = "<group>"; };
		CA2652431DBE034B008BCCC9 /* Denmark.png */ = {isa = PBXFileReference; lastKnownFileType = image.png; path = Denmark.png; sourceTree = "<group>"; };
		CA2652441DBE034B008BCCC9 /* England.png */ = {isa = PBXFileReference; lastKnownFileType = image.png; path = England.png; sourceTree = "<group>"; };
		CA2652451DBE034B008BCCC9 /* France.png */ = {isa = PBXFileReference; lastKnownFileType = image.png; path = France.png; sourceTree = "<group>"; };
		CA2652461DBE034B008BCCC9 /* Germany.png */ = {isa = PBXFileReference; lastKnownFileType = image.png; path = Germany.png; sourceTree = "<group>"; };
		CA2652471DBE034B008BCCC9 /* Ghana.png */ = {isa = PBXFileReference; lastKnownFileType = image.png; path = Ghana.png; sourceTree = "<group>"; };
		CA2652481DBE034B008BCCC9 /* Greece.png */ = {isa = PBXFileReference; lastKnownFileType = image.png; path = Greece.png; sourceTree = "<group>"; };
		CA2652491DBE034B008BCCC9 /* Holland.png */ = {isa = PBXFileReference; lastKnownFileType = image.png; path = Holland.png; sourceTree = "<group>"; };
		CA26524A1DBE034B008BCCC9 /* Honduras.png */ = {isa = PBXFileReference; lastKnownFileType = image.png; path = Honduras.png; sourceTree = "<group>"; };
		CA26524B1DBE034B008BCCC9 /* Italy.png */ = {isa = PBXFileReference; lastKnownFileType = image.png; path = Italy.png; sourceTree = "<group>"; };
		CA26524C1DBE034B008BCCC9 /* Japan.png */ = {isa = PBXFileReference; lastKnownFileType = image.png; path = Japan.png; sourceTree = "<group>"; };
		CA26524D1DBE034B008BCCC9 /* Mexico.png */ = {isa = PBXFileReference; lastKnownFileType = image.png; path = Mexico.png; sourceTree = "<group>"; };
		CA26524E1DBE034B008BCCC9 /* NewZealand.png */ = {isa = PBXFileReference; lastKnownFileType = image.png; path = NewZealand.png; sourceTree = "<group>"; };
		CA26524F1DBE034B008BCCC9 /* Nigeria.png */ = {isa = PBXFileReference; lastKnownFileType = image.png; path = Nigeria.png; sourceTree = "<group>"; };
		CA2652501DBE034B008BCCC9 /* NorthKorea.png */ = {isa = PBXFileReference; lastKnownFileType = image.png; path = NorthKorea.png; sourceTree = "<group>"; };
		CA2652511DBE034B008BCCC9 /* Paraguay.png */ = {isa = PBXFileReference; lastKnownFileType = image.png; path = Paraguay.png; sourceTree = "<group>"; };
		CA2652521DBE034B008BCCC9 /* Portugal.png */ = {isa = PBXFileReference; lastKnownFileType = image.png; path = Portugal.png; sourceTree = "<group>"; };
		CA2652531DBE034B008BCCC9 /* Serbia.png */ = {isa = PBXFileReference; lastKnownFileType = image.png; path = Serbia.png; sourceTree = "<group>"; };
		CA2652541DBE034B008BCCC9 /* Slovakia.png */ = {isa = PBXFileReference; lastKnownFileType = image.png; path = Slovakia.png; sourceTree = "<group>"; };
		CA2652551DBE034B008BCCC9 /* Slovenia.png */ = {isa = PBXFileReference; lastKnownFileType = image.png; path = Slovenia.png; sourceTree = "<group>"; };
		CA2652561DBE034B008BCCC9 /* SouthAfrica.png */ = {isa = PBXFileReference; lastKnownFileType = image.png; path = SouthAfrica.png; sourceTree = "<group>"; };
		CA2652571DBE034B008BCCC9 /* SouthKorea.png */ = {isa = PBXFileReference; lastKnownFileType = image.png; path = SouthKorea.png; sourceTree = "<group>"; };
		CA2652581DBE034B008BCCC9 /* Spain.png */ = {isa = PBXFileReference; lastKnownFileType = image.png; path = Spain.png; sourceTree = "<group>"; };
		CA2652591DBE034B008BCCC9 /* Switzerland.png */ = {isa = PBXFileReference; lastKnownFileType = image.png; path = Switzerland.png; sourceTree = "<group>"; };
		CA26525A1DBE034B008BCCC9 /* Uruguay.png */ = {isa = PBXFileReference; lastKnownFileType = image.png; path = Uruguay.png; sourceTree = "<group>"; };
		CA26525B1DBE034B008BCCC9 /* USA.png */ = {isa = PBXFileReference; lastKnownFileType = image.png; path = USA.png; sourceTree = "<group>"; };
		CA26525C1DBE034B008BCCC9 /* team.plist */ = {isa = PBXFileReference; fileEncoding = 4; lastKnownFileType = text.plist.xml; path = team.plist; sourceTree = "<group>"; };
		CA26527E1DBE03FC008BCCC9 /* CustomCell.h */ = {isa = PBXFileReference; fileEncoding = 4; lastKnownFileType = sourcecode.c.h; path = CustomCell.h; sourceTree = "<group>"; };
		CA26527F1DBE03FC008BCCC9 /* CustomCell.m */ = {isa = PBXFileReference; fileEncoding = 4; lastKnownFileType = sourcecode.c.objc; path = CustomCell.m; sourceTree = "<group>"; };
/* End PBXFileReference section */

/* Begin PBXFrameworksBuildPhase section */
		CA26521E1DBE0336008BCCC9 /* Frameworks */ = {
			isa = PBXFrameworksBuildPhase;
			buildActionMask = 2147483647;
			files = (
			);
			runOnlyForDeploymentPostprocessing = 0;
		};
/* End PBXFrameworksBuildPhase section */

/* Begin PBXGroup section */
		CA2652181DBE0336008BCCC9 = {
			isa = PBXGroup;
			children = (
				CA2652231DBE0336008BCCC9 /* CustomCell */,
				CA2652221DBE0336008BCCC9 /* Products */,
			);
			sourceTree = "<group>";
		};
		CA2652221DBE0336008BCCC9 /* Products */ = {
			isa = PBXGroup;
			children = (
				CA2652211DBE0336008BCCC9 /* CustomCell.app */,
			);
			name = Products;
			sourceTree = "<group>";
		};
		CA2652231DBE0336008BCCC9 /* CustomCell */ = {
			isa = PBXGroup;
			children = (
				CA26523B1DBE034B008BCCC9 /* 球队图片 */,
				CA26525C1DBE034B008BCCC9 /* team.plist */,
				CA2652271DBE0336008BCCC9 /* AppDelegate.h */,
				CA2652281DBE0336008BCCC9 /* AppDelegate.m */,
				CA26522A1DBE0336008BCCC9 /* ViewController.h */,
				CA26522B1DBE0336008BCCC9 /* ViewController.m */,
				CA26527E1DBE03FC008BCCC9 /* CustomCell.h */,
				CA26527F1DBE03FC008BCCC9 /* CustomCell.m */,
				CA26522D1DBE0336008BCCC9 /* Main.storyboard */,
				CA2652301DBE0336008BCCC9 /* Assets.xcassets */,
				CA2652321DBE0336008BCCC9 /* LaunchScreen.storyboard */,
				CA2652351DBE0336008BCCC9 /* Info.plist */,
				CA2652241DBE0336008BCCC9 /* Supporting Files */,
			);
			path = CustomCell;
			sourceTree = "<group>";
		};
		CA2652241DBE0336008BCCC9 /* Supporting Files */ = {
			isa = PBXGroup;
			children = (
				CA2652251DBE0336008BCCC9 /* main.m */,
			);
			name = "Supporting Files";
			sourceTree = "<group>";
		};
		CA26523B1DBE034B008BCCC9 /* 球队图片 */ = {
			isa = PBXGroup;
			children = (
				CA26523C1DBE034B008BCCC9 /* Algeria.png */,
				CA26523D1DBE034B008BCCC9 /* Argentina.png */,
				CA26523E1DBE034B008BCCC9 /* Australia.png */,
				CA26523F1DBE034B008BCCC9 /* Brazil.png */,
				CA2652401DBE034B008BCCC9 /* Cameroon.png */,
				CA2652411DBE034B008BCCC9 /* Chile.png */,
				CA2652421DBE034B008BCCC9 /* CoteDIvoire.png */,
				CA2652431DBE034B008BCCC9 /* Denmark.png */,
				CA2652441DBE034B008BCCC9 /* England.png */,
				CA2652451DBE034B008BCCC9 /* France.png */,
				CA2652461DBE034B008BCCC9 /* Germany.png */,
				CA2652471DBE034B008BCCC9 /* Ghana.png */,
				CA2652481DBE034B008BCCC9 /* Greece.png */,
				CA2652491DBE034B008BCCC9 /* Holland.png */,
				CA26524A1DBE034B008BCCC9 /* Honduras.png */,
				CA26524B1DBE034B008BCCC9 /* Italy.png */,
				CA26524C1DBE034B008BCCC9 /* Japan.png */,
				CA26524D1DBE034B008BCCC9 /* Mexico.png */,
				CA26524E1DBE034B008BCCC9 /* NewZealand.png */,
				CA26524F1DBE034B008BCCC9 /* Nigeria.png */,
				CA2652501DBE034B008BCCC9 /* NorthKorea.png */,
				CA2652511DBE034B008BCCC9 /* Paraguay.png */,
				CA2652521DBE034B008BCCC9 /* Portugal.png */,
				CA2652531DBE034B008BCCC9 /* Serbia.png */,
				CA2652541DBE034B008BCCC9 /* Slovakia.png */,
				CA2652551DBE034B008BCCC9 /* Slovenia.png */,
				CA2652561DBE034B008BCCC9 /* SouthAfrica.png */,
				CA2652571DBE034B008BCCC9 /* SouthKorea.png */,
				CA2652581DBE034B008BCCC9 /* Spain.png */,
				CA2652591DBE034B008BCCC9 /* Switzerland.png */,
				CA26525A1DBE034B008BCCC9 /* Uruguay.png */,
				CA26525B1DBE034B008BCCC9 /* USA.png */,
			);
			path = "球队图片";
			sourceTree = "<group>";
		};
/* End PBXGroup section */

/* Begin PBXNativeTarget section */
		CA2652201DBE0336008BCCC9 /* CustomCell */ = {
			isa = PBXNativeTarget;
			buildConfigurationList = CA2652381DBE0336008BCCC9 /* Build configuration list for PBXNativeTarget "CustomCell" */;
			buildPhases = (
				CA26521D1DBE0336008BCCC9 /* Sources */,
				CA26521E1DBE0336008BCCC9 /* Frameworks */,
				CA26521F1DBE0336008BCCC9 /* Resources */,
			);
			buildRules = (
			);
			dependencies = (
			);
			name = CustomCell;
			productName = CustomCell;
			productReference = CA2652211DBE0336008BCCC9 /* CustomCell.app */;
			productType = "com.apple.product-type.application";
		};
/* End PBXNativeTarget section */

/* Begin PBXProject section */
		CA2652191DBE0336008BCCC9 /* Project object */ = {
			isa = PBXProject;
			attributes = {
				LastUpgradeCheck = 0800;
				ORGANIZATIONNAME = "关东升";
				TargetAttributes = {
					CA2652201DBE0336008BCCC9 = {
						CreatedOnToolsVersion = 8.0;
						ProvisioningStyle = Automatic;
					};
				};
			};
			buildConfigurationList = CA26521C1DBE0336008BCCC9 /* Build configuration list for PBXProject "CustomCell" */;
			compatibilityVersion = "Xcode 3.2";
			developmentRegion = English;
			hasScannedForEncodings = 0;
			knownRegions = (
				en,
				Base,
			);
			mainGroup = CA2652181DBE0336008BCCC9;
			productRefGroup = CA2652221DBE0336008BCCC9 /* Products */;
			projectDirPath = "";
			projectRoot = "";
			targets = (
				CA2652201DBE0336008BCCC9 /* CustomCell */,
			);
		};
/* End PBXProject section */

/* Begin PBXResourcesBuildPhase section */
		CA26521F1DBE0336008BCCC9 /* Resources */ = {
			isa = PBXResourcesBuildPhase;
			buildActionMask = 2147483647;
			files = (
				CA26527C1DBE034C008BCCC9 /* USA.png in Resources */,
				CA2652341DBE0336008BCCC9 /* LaunchScreen.storyboard in Resources */,
				CA26525E1DBE034B008BCCC9 /* Argentina.png in Resources */,
				CA26527B1DBE034C008BCCC9 /* Uruguay.png in Resources */,
				CA26526C1DBE034B008BCCC9 /* Italy.png in Resources */,
				CA2652731DBE034B008BCCC9 /* Portugal.png in Resources */,
				CA26526A1DBE034B008BCCC9 /* Holland.png in Resources */,
				CA26525F1DBE034B008BCCC9 /* Australia.png in Resources */,
				CA2652671DBE034B008BCCC9 /* Germany.png in Resources */,
				CA2652711DBE034B008BCCC9 /* NorthKorea.png in Resources */,
				CA2652651DBE034B008BCCC9 /* England.png in Resources */,
				CA2652641DBE034B008BCCC9 /* Denmark.png in Resources */,
				CA26527A1DBE034C008BCCC9 /* Switzerland.png in Resources */,
				CA2652741DBE034B008BCCC9 /* Serbia.png in Resources */,
				CA26526B1DBE034B008BCCC9 /* Honduras.png in Resources */,
				CA2652701DBE034B008BCCC9 /* Nigeria.png in Resources */,
				CA2652751DBE034C008BCCC9 /* Slovakia.png in Resources */,
				CA2652781DBE034C008BCCC9 /* SouthKorea.png in Resources */,
				CA26526E1DBE034B008BCCC9 /* Mexico.png in Resources */,
				CA26527D1DBE034C008BCCC9 /* team.plist in Resources */,
				CA2652611DBE034B008BCCC9 /* Cameroon.png in Resources */,
				CA26526D1DBE034B008BCCC9 /* Japan.png in Resources */,
				CA2652311DBE0336008BCCC9 /* Assets.xcassets in Resources */,
				CA2652691DBE034B008BCCC9 /* Greece.png in Resources */,
				CA26526F1DBE034B008BCCC9 /* NewZealand.png in Resources */,
				CA2652661DBE034B008BCCC9 /* France.png in Resources */,
				CA26522F1DBE0336008BCCC9 /* Main.storyboard in Resources */,
				CA2652791DBE034C008BCCC9 /* Spain.png in Resources */,
				CA2652601DBE034B008BCCC9 /* Brazil.png in Resources */,
				CA2652681DBE034B008BCCC9 /* Ghana.png in Resources */,
				CA2652631DBE034B008BCCC9 /* CoteDIvoire.png in Resources */,
				CA2652621DBE034B008BCCC9 /* Chile.png in Resources */,
				CA26525D1DBE034B008BCCC9 /* Algeria.png in Resources */,
				CA2652771DBE034C008BCCC9 /* SouthAfrica.png in Resources */,
				CA2652761DBE034C008BCCC9 /* Slovenia.png in Resources */,
				CA2652721DBE034B008BCCC9 /* Paraguay.png in Resources */,
			);
			runOnlyForDeploymentPostprocessing = 0;
		};
/* End PBXResourcesBuildPhase section */

/* Begin PBXSourcesBuildPhase section */
		CA26521D1DBE0336008BCCC9 /* Sources */ = {
			isa = PBXSourcesBuildPhase;
			buildActionMask = 2147483647;
			files = (
				CA26522C1DBE0336008BCCC9 /* ViewController.m in Sources */,
				CA2652291DBE0336008BCCC9 /* AppDelegate.m in Sources */,
				CA2652801DBE03FC008BCCC9 /* CustomCell.m in Sources */,
				CA2652261DBE0336008BCCC9 /* main.m in Sources */,
			);
			runOnlyForDeploymentPostprocessing = 0;
		};
/* End PBXSourcesBuildPhase section */

/* Begin PBXVariantGroup section */
		CA26522D1DBE0336008BCCC9 /* Main.storyboard */ = {
			isa = PBXVariantGroup;
			children = (
				CA26522E1DBE0336008BCCC9 /* Base */,
			);
			name = Main.storyboard;
			sourceTree = "<group>";
		};
		CA2652321DBE0336008BCCC9 /* LaunchScreen.storyboard */ = {
			isa = PBXVariantGroup;
			children = (
				CA2652331DBE0336008BCCC9 /* Base */,
			);
			name = LaunchScreen.storyboard;
			sourceTree = "<group>";
		};
/* End PBXVariantGroup section */

/* Begin XCBuildConfiguration section */
		CA2652361DBE0336008BCCC9 /* Debug */ = {
			isa = XCBuildConfiguration;
			buildSettings = {
				ALWAYS_SEARCH_USER_PATHS = NO;
				CLANG_ANALYZER_NONNULL = YES;
				CLANG_CXX_LANGUAGE_STANDARD = "gnu++0x";
				CLANG_CXX_LIBRARY = "libc++";
				CLANG_ENABLE_MODULES = YES;
				CLANG_ENABLE_OBJC_ARC = YES;
				CLANG_WARN_BOOL_CONVERSION = YES;
				CLANG_WARN_CONSTANT_CONVERSION = YES;
				CLANG_WARN_DIRECT_OBJC_ISA_USAGE = YES_ERROR;
				CLANG_WARN_DOCUMENTATION_COMMENTS = YES;
				CLANG_WARN_EMPTY_BODY = YES;
				CLANG_WARN_ENUM_CONVERSION = YES;
				CLANG_WARN_INFINITE_RECURSION = YES;
				CLANG_WARN_INT_CONVERSION = YES;
				CLANG_WARN_OBJC_ROOT_CLASS = YES_ERROR;
				CLANG_WARN_SUSPICIOUS_MOVES = YES;
				CLANG_WARN_UNREACHABLE_CODE = YES;
				CLANG_WARN__DUPLICATE_METHOD_MATCH = YES;
				"CODE_SIGN_IDENTITY[sdk=iphoneos*]" = "iPhone Developer";
				COPY_PHASE_STRIP = NO;
				DEBUG_INFORMATION_FORMAT = dwarf;
				ENABLE_STRICT_OBJC_MSGSEND = YES;
				ENABLE_TESTABILITY = YES;
				GCC_C_LANGUAGE_STANDARD = gnu99;
				GCC_DYNAMIC_NO_PIC = NO;
				GCC_NO_COMMON_BLOCKS = YES;
				GCC_OPTIMIZATION_LEVEL = 0;
				GCC_PREPROCESSOR_DEFINITIONS = (
					"DEBUG=1",
					"$(inherited)",
				);
				GCC_WARN_64_TO_32_BIT_CONVERSION = YES;
				GCC_WARN_ABOUT_RETURN_TYPE = YES_ERROR;
				GCC_WARN_UNDECLARED_SELECTOR = YES;
				GCC_WARN_UNINITIALIZED_AUTOS = YES_AGGRESSIVE;
				GCC_WARN_UNUSED_FUNCTION = YES;
				GCC_WARN_UNUSED_VARIABLE = YES;
				IPHONEOS_DEPLOYMENT_TARGET = 10.0;
				MTL_ENABLE_DEBUG_INFO = YES;
				ONLY_ACTIVE_ARCH = YES;
				SDKROOT = iphoneos;
			};
			name = Debug;
		};
		CA2652371DBE0336008BCCC9 /* Release */ = {
			isa = XCBuildConfiguration;
			buildSettings = {
				ALWAYS_SEARCH_USER_PATHS = NO;
				CLANG_ANALYZER_NONNULL = YES;
				CLANG_CXX_LANGUAGE_STANDARD = "gnu++0x";
				CLANG_CXX_LIBRARY = "libc++";
				CLANG_ENABLE_MODULES = YES;
				CLANG_ENABLE_OBJC_ARC = YES;
				CLANG_WARN_BOOL_CONVERSION = YES;
				CLANG_WARN_CONSTANT_CONVERSION = YES;
				CLANG_WARN_DIRECT_OBJC_ISA_USAGE = YES_ERROR;
				CLANG_WARN_DOCUMENTATION_COMMENTS = YES;
				CLANG_WARN_EMPTY_BODY = YES;
				CLANG_WARN_ENUM_CONVERSION = YES;
				CLANG_WARN_INFINITE_RECURSION = YES;
				CLANG_WARN_INT_CONVERSION = YES;
				CLANG_WARN_OBJC_ROOT_CLASS = YES_ERROR;
				CLANG_WARN_SUSPICIOUS_MOVES = YES;
				CLANG_WARN_UNREACHABLE_CODE = YES;
				CLANG_WARN__DUPLICATE_METHOD_MATCH = YES;
				"CODE_SIGN_IDENTITY[sdk=iphoneos*]" = "iPhone Developer";
				COPY_PHASE_STRIP = NO;
				DEBUG_INFORMATION_FORMAT = "dwarf-with-dsym";
				ENABLE_NS_ASSERTIONS = NO;
				ENABLE_STRICT_OBJC_MSGSEND = YES;
				GCC_C_LANGUAGE_STANDARD = gnu99;
				GCC_NO_COMMON_BLOCKS = YES;
				GCC_WARN_64_TO_32_BIT_CONVERSION = YES;
				GCC_WARN_ABOUT_RETURN_TYPE = YES_ERROR;
				GCC_WARN_UNDECLARED_SELECTOR = YES;
				GCC_WARN_UNINITIALIZED_AUTOS = YES_AGGRESSIVE;
				GCC_WARN_UNUSED_FUNCTION = YES;
				GCC_WARN_UNUSED_VARIABLE = YES;
				IPHONEOS_DEPLOYMENT_TARGET = 10.0;
				MTL_ENABLE_DEBUG_INFO = NO;
				SDKROOT = iphoneos;
				VALIDATE_PRODUCT = YES;
			};
			name = Release;
		};
		CA2652391DBE0336008BCCC9 /* Debug */ = {
			isa = XCBuildConfiguration;
			buildSettings = {
				ASSETCATALOG_COMPILER_APPICON_NAME = AppIcon;
				INFOPLIST_FILE = CustomCell/Info.plist;
				LD_RUNPATH_SEARCH_PATHS = "$(inherited) @executable_path/Frameworks";
				PRODUCT_BUNDLE_IDENTIFIER = com.51work6.CustomCell;
				PRODUCT_NAME = "$(TARGET_NAME)";
			};
			name = Debug;
		};
		CA26523A1DBE0336008BCCC9 /* Release */ = {
			isa = XCBuildConfiguration;
			buildSettings = {
				ASSETCATALOG_COMPILER_APPICON_NAME = AppIcon;
				INFOPLIST_FILE = CustomCell/Info.plist;
				LD_RUNPATH_SEARCH_PATHS = "$(inherited) @executable_path/Frameworks";
				PRODUCT_BUNDLE_IDENTIFIER = com.51work6.CustomCell;
				PRODUCT_NAME = "$(TARGET_NAME)";
			};
			name = Release;
		};
/* End XCBuildConfiguration section */

/* Begin XCConfigurationList section */
		CA26521C1DBE0336008BCCC9 /* Build configuration list for PBXProject "CustomCell" */ = {
			isa = XCConfigurationList;
			buildConfigurations = (
				CA2652361DBE0336008BCCC9 /* Debug */,
				CA2652371DBE0336008BCCC9 /* Release */,
			);
			defaultConfigurationIsVisible = 0;
			defaultConfigurationName = Release;
		};
		CA2652381DBE0336008BCCC9 /* Build configuration list for PBXNativeTarget "CustomCell" */ = {
			isa = XCConfigurationList;
			buildConfigurations = (
				CA2652391DBE0336008BCCC9 /* Debug */,
				CA26523A1DBE0336008BCCC9 /* Release */,
			);
			defaultConfigurationIsVisible = 0;
		};
/* End XCConfigurationList section */
	};
	rootObject = CA2652191DBE0336008BCCC9 /* Project object */;
}
