// !$*UTF8*$!
{
	archiveVersion = 1;
	classes = {
	};
	objectVersion = 46;
	objects = {

/* Begin PBXBuildFile section */
		CA2653531DBE3C21008BCCC9 /* main.m in Sources */ = {isa = PBXBuildFile; fileRef = CA2653521DBE3C21008BCCC9 /* main.m */; };
		CA2653561DBE3C21008BCCC9 /* AppDelegate.m in Sources */ = {isa = PBXBuildFile; fileRef = CA2653551DBE3C21008BCCC9 /* AppDelegate.m */; };
		CA2653591DBE3C21008BCCC9 /* ViewController.m in Sources */ = {isa = PBXBuildFile; fileRef = CA2653581DBE3C21008BCCC9 /* ViewController.m */; };
		CA26535C1DBE3C21008BCCC9 /* Main.storyboard in Resources */ = {isa = PBXBuildFile; fileRef = CA26535A1DBE3C21008BCCC9 /* Main.storyboard */; };
		CA26535E1DBE3C21008BCCC9 /* Assets.xcassets in Resources */ = {isa = PBXBuildFile; fileRef = CA26535D1DBE3C21008BCCC9 /* Assets.xcassets */; };
		CA2653611DBE3C21008BCCC9 /* LaunchScreen.storyboard in Resources */ = {isa = PBXBuildFile; fileRef = CA26535F1DBE3C21008BCCC9 /* LaunchScreen.storyboard */; };
		CA2653CD1DBE3DC4008BCCC9 /* Algeria.png in Resources */ = {isa = PBXBuildFile; fileRef = CA2653AC1DBE3DC4008BCCC9 /* Algeria.png */; };
		CA2653CE1DBE3DC4008BCCC9 /* Argentina.png in Resources */ = {isa = PBXBuildFile; fileRef = CA2653AD1DBE3DC4008BCCC9 /* Argentina.png */; };
		CA2653CF1DBE3DC4008BCCC9 /* Australia.png in Resources */ = {isa = PBXBuildFile; fileRef = CA2653AE1DBE3DC4008BCCC9 /* Australia.png */; };
		CA2653D01DBE3DC4008BCCC9 /* Brazil.png in Resources */ = {isa = PBXBuildFile; fileRef = CA2653AF1DBE3DC4008BCCC9 /* Brazil.png */; };
		CA2653D11DBE3DC4008BCCC9 /* Cameroon.png in Resources */ = {isa = PBXBuildFile; fileRef = CA2653B01DBE3DC4008BCCC9 /* Cameroon.png */; };
		CA2653D21DBE3DC4008BCCC9 /* Chile.png in Resources */ = {isa = PBXBuildFile; fileRef = CA2653B11DBE3DC4008BCCC9 /* Chile.png */; };
		CA2653D31DBE3DC4008BCCC9 /* CoteDIvoire.png in Resources */ = {isa = PBXBuildFile; fileRef = CA2653B21DBE3DC4008BCCC9 /* CoteDIvoire.png */; };
		CA2653D41DBE3DC4008BCCC9 /* Denmark.png in Resources */ = {isa = PBXBuildFile; fileRef = CA2653B31DBE3DC4008BCCC9 /* Denmark.png */; };
		CA2653D51DBE3DC4008BCCC9 /* England.png in Resources */ = {isa = PBXBuildFile; fileRef = CA2653B41DBE3DC4008BCCC9 /* England.png */; };
		CA2653D61DBE3DC4008BCCC9 /* France.png in Resources */ = {isa = PBXBuildFile; fileRef = CA2653B51DBE3DC4008BCCC9 /* France.png */; };
		CA2653D71DBE3DC4008BCCC9 /* Germany.png in Resources */ = {isa = PBXBuildFile; fileRef = CA2653B61DBE3DC4008BCCC9 /* Germany.png */; };
		CA2653D81DBE3DC4008BCCC9 /* Ghana.png in Resources */ = {isa = PBXBuildFile; fileRef = CA2653B71DBE3DC4008BCCC9 /* Ghana.png */; };
		CA2653D91DBE3DC4008BCCC9 /* Greece.png in Resources */ = {isa = PBXBuildFile; fileRef = CA2653B81DBE3DC4008BCCC9 /* Greece.png */; };
		CA2653DA1DBE3DC4008BCCC9 /* Holland.png in Resources */ = {isa = PBXBuildFile; fileRef = CA2653B91DBE3DC4008BCCC9 /* Holland.png */; };
		CA2653DB1DBE3DC4008BCCC9 /* Honduras.png in Resources */ = {isa = PBXBuildFile; fileRef = CA2653BA1DBE3DC4008BCCC9 /* Honduras.png */; };
		CA2653DC1DBE3DC4008BCCC9 /* Italy.png in Resources */ = {isa = PBXBuildFile; fileRef = CA2653BB1DBE3DC4008BCCC9 /* Italy.png */; };
		CA2653DD1DBE3DC4008BCCC9 /* Japan.png in Resources */ = {isa = PBXBuildFile; fileRef = CA2653BC1DBE3DC4008BCCC9 /* Japan.png */; };
		CA2653DE1DBE3DC4008BCCC9 /* Mexico.png in Resources */ = {isa = PBXBuildFile; fileRef = CA2653BD1DBE3DC4008BCCC9 /* Mexico.png */; };
		CA2653DF1DBE3DC4008BCCC9 /* NewZealand.png in Resources */ = {isa = PBXBuildFile; fileRef = CA2653BE1DBE3DC4008BCCC9 /* NewZealand.png */; };
		CA2653E01DBE3DC4008BCCC9 /* Nigeria.png in Resources */ = {isa = PBXBuildFile; fileRef = CA2653BF1DBE3DC4008BCCC9 /* Nigeria.png */; };
		CA2653E11DBE3DC4008BCCC9 /* NorthKorea.png in Resources */ = {isa = PBXBuildFile; fileRef = CA2653C01DBE3DC4008BCCC9 /* NorthKorea.png */; };
		CA2653E21DBE3DC4008BCCC9 /* Paraguay.png in Resources */ = {isa = PBXBuildFile; fileRef = CA2653C11DBE3DC4008BCCC9 /* Paraguay.png */; };
		CA2653E31DBE3DC4008BCCC9 /* Portugal.png in Resources */ = {isa = PBXBuildFile; fileRef = CA2653C21DBE3DC4008BCCC9 /* Portugal.png */; };
		CA2653E41DBE3DC4008BCCC9 /* Serbia.png in Resources */ = {isa = PBXBuildFile; fileRef = CA2653C31DBE3DC4008BCCC9 /* Serbia.png */; };
		CA2653E51DBE3DC4008BCCC9 /* Slovakia.png in Resources */ = {isa = PBXBuildFile; fileRef = CA2653C41DBE3DC4008BCCC9 /* Slovakia.png */; };
		CA2653E61DBE3DC4008BCCC9 /* Slovenia.png in Resources */ = {isa = PBXBuildFile; fileRef = CA2653C51DBE3DC4008BCCC9 /* Slovenia.png */; };
		CA2653E71DBE3DC4008BCCC9 /* SouthAfrica.png in Resources */ = {isa = PBXBuildFile; fileRef = CA2653C61DBE3DC4008BCCC9 /* SouthAfrica.png */; };
		CA2653E81DBE3DC4008BCCC9 /* SouthKorea.png in Resources */ = {isa = PBXBuildFile; fileRef = CA2653C71DBE3DC4008BCCC9 /* SouthKorea.png */; };
		CA2653E91DBE3DC4008BCCC9 /* Spain.png in Resources */ = {isa = PBXBuildFile; fileRef = CA2653C81DBE3DC4008BCCC9 /* Spain.png */; };
		CA2653EA1DBE3DC4008BCCC9 /* Switzerland.png in Resources */ = {isa = PBXBuildFile; fileRef = CA2653C91DBE3DC4008BCCC9 /* Switzerland.png */; };
		CA2653EB1DBE3DC4008BCCC9 /* Uruguay.png in Resources */ = {isa = PBXBuildFile; fileRef = CA2653CA1DBE3DC4008BCCC9 /* Uruguay.png */; };
		CA2653EC1DBE3DC4008BCCC9 /* USA.png in Resources */ = {isa = PBXBuildFile; fileRef = CA2653CB1DBE3DC4008BCCC9 /* USA.png */; };
		CA2653ED1DBE3DC4008BCCC9 /* team.plist in Resources */ = {isa = PBXBuildFile; fileRef = CA2653CC1DBE3DC4008BCCC9 /* team.plist */; };
/* End PBXBuildFile section */

/* Begin PBXFileReference section */
		CA26534E1DBE3C21008BCCC9 /* SearchbarTable.app */ = {isa = PBXFileReference; explicitFileType = wrapper.application; includeInIndex = 0; path = SearchbarTable.app; sourceTree = BUILT_PRODUCTS_DIR; };
		CA2653521DBE3C21008BCCC9 /* main.m */ = {isa = PBXFileReference; lastKnownFileType = sourcecode.c.objc; path = main.m; sourceTree = "<group>"; };
		CA2653541DBE3C21008BCCC9 /* AppDelegate.h */ = {isa = PBXFileReference; lastKnownFileType = sourcecode.c.h; path = AppDelegate.h; sourceTree = "<group>"; };
		CA2653551DBE3C21008BCCC9 /* AppDelegate.m */ = {isa = PBXFileReference; lastKnownFileType = sourcecode.c.objc; path = AppDelegate.m; sourceTree = "<group>"; };
		CA2653571DBE3C21008BCCC9 /* ViewController.h */ = {isa = PBXFileReference; lastKnownFileType = sourcecode.c.h; path = ViewController.h; sourceTree = "<group>"; };
		CA2653581DBE3C21008BCCC9 /* ViewController.m */ = {isa = PBXFileReference; lastKnownFileType = sourcecode.c.objc; path = ViewController.m; sourceTree = "<group>"; };
		CA26535B1DBE3C21008BCCC9 /* Base */ = {isa = PBXFileReference; lastKnownFileType = file.storyboard; name = Base; path = Base.lproj/Main.storyboard; sourceTree = "<group>"; };
		CA26535D1DBE3C21008BCCC9 /* Assets.xcassets */ = {isa = PBXFileReference; lastKnownFileType = folder.assetcatalog; path = Assets.xcassets; sourceTree = "<group>"; };
		CA2653601DBE3C21008BCCC9 /* Base */ = {isa = PBXFileReference; lastKnownFileType = file.storyboard; name = Base; path = Base.lproj/LaunchScreen.storyboard; sourceTree = "<group>"; };
		CA2653621DBE3C21008BCCC9 /* Info.plist */ = {isa = PBXFileReference; lastKnownFileType = text.plist.xml; path = Info.plist; sourceTree = "<group>"; };
		CA2653AC1DBE3DC4008BCCC9 /* Algeria.png */ = {isa = PBXFileReference; lastKnownFileType = image.png; path = Algeria.png; sourceTree = "<group>"; };
		CA2653AD1DBE3DC4008BCCC9 /* Argentina.png */ = {isa = PBXFileReference; lastKnownFileType = image.png; path = Argentina.png; sourceTree = "<group>"; };
		CA2653AE1DBE3DC4008BCCC9 /* Australia.png */ = {isa = PBXFileReference; lastKnownFileType = image.png; path = Australia.png; sourceTree = "<group>"; };
		CA2653AF1DBE3DC4008BCCC9 /* Brazil.png */ = {isa = PBXFileReference; lastKnownFileType = image.png; path = Brazil.png; sourceTree = "<group>"; };
		CA2653B01DBE3DC4008BCCC9 /* Cameroon.png */ = {isa = PBXFileReference; lastKnownFileType = image.png; path = Cameroon.png; sourceTree = "<group>"; };
		CA2653B11DBE3DC4008BCCC9 /* Chile.png */ = {isa = PBXFileReference; lastKnownFileType = image.png; path = Chile.png; sourceTree = "<group>"; };
		CA2653B21DBE3DC4008BCCC9 /* CoteDIvoire.png */ = {isa = PBXFileReference; lastKnownFileType = image.png; path = CoteDIvoire.png; sourceTree = "<group>"; };
		CA2653B31DBE3DC4008BCCC9 /* Denmark.png */ = {isa = PBXFileReference; lastKnownFileType = image.png; path = Denmark.png; sourceTree = "<group>"; };
		CA2653B41DBE3DC4008BCCC9 /* England.png */ = {isa = PBXFileReference; lastKnownFileType = image.png; path = England.png; sourceTree = "<group>"; };
		CA2653B51DBE3DC4008BCCC9 /* France.png */ = {isa = PBXFileReference; lastKnownFileType = image.png; path = France.png; sourceTree = "<group>"; };
		CA2653B61DBE3DC4008BCCC9 /* Germany.png */ = {isa = PBXFileReference; lastKnownFileType = image.png; path = Germany.png; sourceTree = "<group>"; };
		CA2653B71DBE3DC4008BCCC9 /* Ghana.png */ = {isa = PBXFileReference; lastKnownFileType = image.png; path = Ghana.png; sourceTree = "<group>"; };
		CA2653B81DBE3DC4008BCCC9 /* Greece.png */ = {isa = PBXFileReference; lastKnownFileType = image.png; path = Greece.png; sourceTree = "<group>"; };
		CA2653B91DBE3DC4008BCCC9 /* Holland.png */ = {isa = PBXFileReference; lastKnownFileType = image.png; path = Holland.png; sourceTree = "<group>"; };
		CA2653BA1DBE3DC4008BCCC9 /* Honduras.png */ = {isa = PBXFileReference; lastKnownFileType = image.png; path = Honduras.png; sourceTree = "<group>"; };
		CA2653BB1DBE3DC4008BCCC9 /* Italy.png */ = {isa = PBXFileReference; lastKnownFileType = image.png; path = Italy.png; sourceTree = "<group>"; };
		CA2653BC1DBE3DC4008BCCC9 /* Japan.png */ = {isa = PBXFileReference; lastKnownFileType = image.png; path = Japan.png; sourceTree = "<group>"; };
		CA2653BD1DBE3DC4008BCCC9 /* Mexico.png */ = {isa = PBXFileReference; lastKnownFileType = image.png; path = Mexico.png; sourceTree = "<group>"; };
		CA2653BE1DBE3DC4008BCCC9 /* NewZealand.png */ = {isa = PBXFileReference; lastKnownFileType = image.png; path = NewZealand.png; sourceTree = "<group>"; };
		CA2653BF1DBE3DC4008BCCC9 /* Nigeria.png */ = {isa = PBXFileReference; lastKnownFileType = image.png; path = Nigeria.png; sourceTree = "<group>"; };
		CA2653C01DBE3DC4008BCCC9 /* NorthKorea.png */ = {isa = PBXFileReference; lastKnownFileType = image.png; path = NorthKorea.png; sourceTree = "<group>"; };
		CA2653C11DBE3DC4008BCCC9 /* Paraguay.png */ = {isa = PBXFileReference; lastKnownFileType = image.png; path = Paraguay.png; sourceTree = "<group>"; };
		CA2653C21DBE3DC4008BCCC9 /* Portugal.png */ = {isa = PBXFileReference; lastKnownFileType = image.png; path = Portugal.png; sourceTree = "<group>"; };
		CA2653C31DBE3DC4008BCCC9 /* Serbia.png */ = {isa = PBXFileReference; lastKnownFileType = image.png; path = Serbia.png; sourceTree = "<group>"; };
		CA2653C41DBE3DC4008BCCC9 /* Slovakia.png */ = {isa = PBXFileReference; lastKnownFileType = image.png; path = Slovakia.png; sourceTree = "<group>"; };
		CA2653C51DBE3DC4008BCCC9 /* Slovenia.png */ = {isa = PBXFileReference; lastKnownFileType = image.png; path = Slovenia.png; sourceTree = "<group>"; };
		CA2653C61DBE3DC4008BCCC9 /* SouthAfrica.png */ = {isa = PBXFileReference; lastKnownFileType = image.png; path = SouthAfrica.png; sourceTree = "<group>"; };
		CA2653C71DBE3DC4008BCCC9 /* SouthKorea.png */ = {isa = PBXFileReference; lastKnownFileType = image.png; path = SouthKorea.png; sourceTree = "<group>"; };
		CA2653C81DBE3DC4008BCCC9 /* Spain.png */ = {isa = PBXFileReference; lastKnownFileType = image.png; path = Spain.png; sourceTree = "<group>"; };
		CA2653C91DBE3DC4008BCCC9 /* Switzerland.png */ = {isa = PBXFileReference; lastKnownFileType = image.png; path = Switzerland.png; sourceTree = "<group>"; };
		CA2653CA1DBE3DC4008BCCC9 /* Uruguay.png */ = {isa = PBXFileReference; lastKnownFileType = image.png; path = Uruguay.png; sourceTree = "<group>"; };
		CA2653CB1DBE3DC4008BCCC9 /* USA.png */ = {isa = PBXFileReference; lastKnownFileType = image.png; path = USA.png; sourceTree = "<group>"; };
		CA2653CC1DBE3DC4008BCCC9 /* team.plist */ = {isa = PBXFileReference; fileEncoding = 4; lastKnownFileType = text.plist.xml; path = team.plist; sourceTree = "<group>"; };
/* End PBXFileReference section */

/* Begin PBXFrameworksBuildPhase section */
		CA26534B1DBE3C21008BCCC9 /* Frameworks */ = {
			isa = PBXFrameworksBuildPhase;
			buildActionMask = 2147483647;
			files = (
			);
			runOnlyForDeploymentPostprocessing = 0;
		};
/* End PBXFrameworksBuildPhase section */

/* Begin PBXGroup section */
		CA2653451DBE3C21008BCCC9 = {
			isa = PBXGroup;
			children = (
				CA2653501DBE3C21008BCCC9 /* SearchbarTable */,
				CA26534F1DBE3C21008BCCC9 /* Products */,
			);
			sourceTree = "<group>";
		};
		CA26534F1DBE3C21008BCCC9 /* Products */ = {
			isa = PBXGroup;
			children = (
				CA26534E1DBE3C21008BCCC9 /* SearchbarTable.app */,
			);
			name = Products;
			sourceTree = "<group>";
		};
		CA2653501DBE3C21008BCCC9 /* SearchbarTable */ = {
			isa = PBXGroup;
			children = (
				CA2653AB1DBE3DC4008BCCC9 /* 球队图片 */,
				CA2653CC1DBE3DC4008BCCC9 /* team.plist */,
				CA2653541DBE3C21008BCCC9 /* AppDelegate.h */,
				CA2653551DBE3C21008BCCC9 /* AppDelegate.m */,
				CA2653571DBE3C21008BCCC9 /* ViewController.h */,
				CA2653581DBE3C21008BCCC9 /* ViewController.m */,
				CA26535A1DBE3C21008BCCC9 /* Main.storyboard */,
				CA26535D1DBE3C21008BCCC9 /* Assets.xcassets */,
				CA26535F1DBE3C21008BCCC9 /* LaunchScreen.storyboard */,
				CA2653621DBE3C21008BCCC9 /* Info.plist */,
				CA2653511DBE3C21008BCCC9 /* Supporting Files */,
			);
			path = SearchbarTable;
			sourceTree = "<group>";
		};
		CA2653511DBE3C21008BCCC9 /* Supporting Files */ = {
			isa = PBXGroup;
			children = (
				CA2653521DBE3C21008BCCC9 /* main.m */,
			);
			name = "Supporting Files";
			sourceTree = "<group>";
		};
		CA2653AB1DBE3DC4008BCCC9 /* 球队图片 */ = {
			isa = PBXGroup;
			children = (
				CA2653AC1DBE3DC4008BCCC9 /* Algeria.png */,
				CA2653AD1DBE3DC4008BCCC9 /* Argentina.png */,
				CA2653AE1DBE3DC4008BCCC9 /* Australia.png */,
				CA2653AF1DBE3DC4008BCCC9 /* Brazil.png */,
				CA2653B01DBE3DC4008BCCC9 /* Cameroon.png */,
				CA2653B11DBE3DC4008BCCC9 /* Chile.png */,
				CA2653B21DBE3DC4008BCCC9 /* CoteDIvoire.png */,
				CA2653B31DBE3DC4008BCCC9 /* Denmark.png */,
				CA2653B41DBE3DC4008BCCC9 /* England.png */,
				CA2653B51DBE3DC4008BCCC9 /* France.png */,
				CA2653B61DBE3DC4008BCCC9 /* Germany.png */,
				CA2653B71DBE3DC4008BCCC9 /* Ghana.png */,
				CA2653B81DBE3DC4008BCCC9 /* Greece.png */,
				CA2653B91DBE3DC4008BCCC9 /* Holland.png */,
				CA2653BA1DBE3DC4008BCCC9 /* Honduras.png */,
				CA2653BB1DBE3DC4008BCCC9 /* Italy.png */,
				CA2653BC1DBE3DC4008BCCC9 /* Japan.png */,
				CA2653BD1DBE3DC4008BCCC9 /* Mexico.png */,
				CA2653BE1DBE3DC4008BCCC9 /* NewZealand.png */,
				CA2653BF1DBE3DC4008BCCC9 /* Nigeria.png */,
				CA2653C01DBE3DC4008BCCC9 /* NorthKorea.png */,
				CA2653C11DBE3DC4008BCCC9 /* Paraguay.png */,
				CA2653C21DBE3DC4008BCCC9 /* Portugal.png */,
				CA2653C31DBE3DC4008BCCC9 /* Serbia.png */,
				CA2653C41DBE3DC4008BCCC9 /* Slovakia.png */,
				CA2653C51DBE3DC4008BCCC9 /* Slovenia.png */,
				CA2653C61DBE3DC4008BCCC9 /* SouthAfrica.png */,
				CA2653C71DBE3DC4008BCCC9 /* SouthKorea.png */,
				CA2653C81DBE3DC4008BCCC9 /* Spain.png */,
				CA2653C91DBE3DC4008BCCC9 /* Switzerland.png */,
				CA2653CA1DBE3DC4008BCCC9 /* Uruguay.png */,
				CA2653CB1DBE3DC4008BCCC9 /* USA.png */,
			);
			path = "球队图片";
			sourceTree = "<group>";
		};
/* End PBXGroup section */

/* Begin PBXNativeTarget section */
		CA26534D1DBE3C21008BCCC9 /* SearchbarTable */ = {
			isa = PBXNativeTarget;
			buildConfigurationList = CA2653651DBE3C21008BCCC9 /* Build configuration list for PBXNativeTarget "SearchbarTable" */;
			buildPhases = (
				CA26534A1DBE3C21008BCCC9 /* Sources */,
				CA26534B1DBE3C21008BCCC9 /* Frameworks */,
				CA26534C1DBE3C21008BCCC9 /* Resources */,
			);
			buildRules = (
			);
			dependencies = (
			);
			name = SearchbarTable;
			productName = SearchbarTable;
			productReference = CA26534E1DBE3C21008BCCC9 /* SearchbarTable.app */;
			productType = "com.apple.product-type.application";
		};
/* End PBXNativeTarget section */

/* Begin PBXProject section */
		CA2653461DBE3C21008BCCC9 /* Project object */ = {
			isa = PBXProject;
			attributes = {
				LastUpgradeCheck = 0820;
				ORGANIZATIONNAME = "关东升";
				TargetAttributes = {
					CA26534D1DBE3C21008BCCC9 = {
						CreatedOnToolsVersion = 8.0;
						ProvisioningStyle = Automatic;
					};
				};
			};
			buildConfigurationList = CA2653491DBE3C21008BCCC9 /* Build configuration list for PBXProject "SearchbarTable" */;
			compatibilityVersion = "Xcode 3.2";
			developmentRegion = English;
			hasScannedForEncodings = 0;
			knownRegions = (
				en,
				Base,
			);
			mainGroup = CA2653451DBE3C21008BCCC9;
			productRefGroup = CA26534F1DBE3C21008BCCC9 /* Products */;
			projectDirPath = "";
			projectRoot = "";
			targets = (
				CA26534D1DBE3C21008BCCC9 /* SearchbarTable */,
			);
		};
/* End PBXProject section */

/* Begin PBXResourcesBuildPhase section */
		CA26534C1DBE3C21008BCCC9 /* Resources */ = {
			isa = PBXResourcesBuildPhase;
			buildActionMask = 2147483647;
			files = (
				CA2653EC1DBE3DC4008BCCC9 /* USA.png in Resources */,
				CA2653611DBE3C21008BCCC9 /* LaunchScreen.storyboard in Resources */,
				CA2653CE1DBE3DC4008BCCC9 /* Argentina.png in Resources */,
				CA2653EB1DBE3DC4008BCCC9 /* Uruguay.png in Resources */,
				CA2653DC1DBE3DC4008BCCC9 /* Italy.png in Resources */,
				CA2653E31DBE3DC4008BCCC9 /* Portugal.png in Resources */,
				CA2653DA1DBE3DC4008BCCC9 /* Holland.png in Resources */,
				CA2653CF1DBE3DC4008BCCC9 /* Australia.png in Resources */,
				CA2653D71DBE3DC4008BCCC9 /* Germany.png in Resources */,
				CA2653E11DBE3DC4008BCCC9 /* NorthKorea.png in Resources */,
				CA2653D51DBE3DC4008BCCC9 /* England.png in Resources */,
				CA2653D41DBE3DC4008BCCC9 /* Denmark.png in Resources */,
				CA2653EA1DBE3DC4008BCCC9 /* Switzerland.png in Resources */,
				CA2653E41DBE3DC4008BCCC9 /* Serbia.png in Resources */,
				CA2653DB1DBE3DC4008BCCC9 /* Honduras.png in Resources */,
				CA2653E01DBE3DC4008BCCC9 /* Nigeria.png in Resources */,
				CA2653E51DBE3DC4008BCCC9 /* Slovakia.png in Resources */,
				CA2653E81DBE3DC4008BCCC9 /* SouthKorea.png in Resources */,
				CA2653DE1DBE3DC4008BCCC9 /* Mexico.png in Resources */,
				CA2653ED1DBE3DC4008BCCC9 /* team.plist in Resources */,
				CA2653D11DBE3DC4008BCCC9 /* Cameroon.png in Resources */,
				CA2653DD1DBE3DC4008BCCC9 /* Japan.png in Resources */,
				CA26535E1DBE3C21008BCCC9 /* Assets.xcassets in Resources */,
				CA2653D91DBE3DC4008BCCC9 /* Greece.png in Resources */,
				CA2653DF1DBE3DC4008BCCC9 /* NewZealand.png in Resources */,
				CA2653D61DBE3DC4008BCCC9 /* France.png in Resources */,
				CA26535C1DBE3C21008BCCC9 /* Main.storyboard in Resources */,
				CA2653E91DBE3DC4008BCCC9 /* Spain.png in Resources */,
				CA2653D01DBE3DC4008BCCC9 /* Brazil.png in Resources */,
				CA2653D81DBE3DC4008BCCC9 /* Ghana.png in Resources */,
				CA2653D31DBE3DC4008BCCC9 /* CoteDIvoire.png in Resources */,
				CA2653D21DBE3DC4008BCCC9 /* Chile.png in Resources */,
				CA2653CD1DBE3DC4008BCCC9 /* Algeria.png in Resources */,
				CA2653E71DBE3DC4008BCCC9 /* SouthAfrica.png in Resources */,
				CA2653E61DBE3DC4008BCCC9 /* Slovenia.png in Resources */,
				CA2653E21DBE3DC4008BCCC9 /* Paraguay.png in Resources */,
			);
			runOnlyForDeploymentPostprocessing = 0;
		};
/* End PBXResourcesBuildPhase section */

/* Begin PBXSourcesBuildPhase section */
		CA26534A1DBE3C21008BCCC9 /* Sources */ = {
			isa = PBXSourcesBuildPhase;
			buildActionMask = 2147483647;
			files = (
				CA2653591DBE3C21008BCCC9 /* ViewController.m in Sources */,
				CA2653561DBE3C21008BCCC9 /* AppDelegate.m in Sources */,
				CA2653531DBE3C21008BCCC9 /* main.m in Sources */,
			);
			runOnlyForDeploymentPostprocessing = 0;
		};
/* End PBXSourcesBuildPhase section */

/* Begin PBXVariantGroup section */
		CA26535A1DBE3C21008BCCC9 /* Main.storyboard */ = {
			isa = PBXVariantGroup;
			children = (
				CA26535B1DBE3C21008BCCC9 /* Base */,
			);
			name = Main.storyboard;
			sourceTree = "<group>";
		};
		CA26535F1DBE3C21008BCCC9 /* LaunchScreen.storyboard */ = {
			isa = PBXVariantGroup;
			children = (
				CA2653601DBE3C21008BCCC9 /* Base */,
			);
			name = LaunchScreen.storyboard;
			sourceTree = "<group>";
		};
/* End PBXVariantGroup section */

/* Begin XCBuildConfiguration section */
		CA2653631DBE3C21008BCCC9 /* Debug */ = {
			isa = XCBuildConfiguration;
			buildSettings = {
				ALWAYS_SEARCH_USER_PATHS = NO;
				CLANG_ANALYZER_NONNULL = YES;
				CLANG_CXX_LANGUAGE_STANDARD = "gnu++0x";
				CLANG_CXX_LIBRARY = "libc++";
				CLANG_ENABLE_MODULES = YES;
				CLANG_ENABLE_OBJC_ARC = YES;
				CLANG_WARN_BOOL_CONVERSION = YES;
				CLANG_WARN_CONSTANT_CONVERSION = YES;
				CLANG_WARN_DIRECT_OBJC_ISA_USAGE = YES_ERROR;
				CLANG_WARN_DOCUMENTATION_COMMENTS = YES;
				CLANG_WARN_EMPTY_BODY = YES;
				CLANG_WARN_ENUM_CONVERSION = YES;
				CLANG_WARN_INFINITE_RECURSION = YES;
				CLANG_WARN_INT_CONVERSION = YES;
				CLANG_WARN_OBJC_ROOT_CLASS = YES_ERROR;
				CLANG_WARN_SUSPICIOUS_MOVE = YES;
				CLANG_WARN_SUSPICIOUS_MOVES = YES;
				CLANG_WARN_UNREACHABLE_CODE = YES;
				CLANG_WARN__DUPLICATE_METHOD_MATCH = YES;
				"CODE_SIGN_IDENTITY[sdk=iphoneos*]" = "iPhone Developer";
				COPY_PHASE_STRIP = NO;
				DEBUG_INFORMATION_FORMAT = dwarf;
				ENABLE_STRICT_OBJC_MSGSEND = YES;
				ENABLE_TESTABILITY = YES;
				GCC_C_LANGUAGE_STANDARD = gnu99;
				GCC_DYNAMIC_NO_PIC = NO;
				GCC_NO_COMMON_BLOCKS = YES;
				GCC_OPTIMIZATION_LEVEL = 0;
				GCC_PREPROCESSOR_DEFINITIONS = (
					"DEBUG=1",
					"$(inherited)",
				);
				GCC_WARN_64_TO_32_BIT_CONVERSION = YES;
				GCC_WARN_ABOUT_RETURN_TYPE = YES_ERROR;
				GCC_WARN_UNDECLARED_SELECTOR = YES;
				GCC_WARN_UNINITIALIZED_AUTOS = YES_AGGRESSIVE;
				GCC_WARN_UNUSED_FUNCTION = YES;
				GCC_WARN_UNUSED_VARIABLE = YES;
				IPHONEOS_DEPLOYMENT_TARGET = 10.0;
				MTL_ENABLE_DEBUG_INFO = YES;
				ONLY_ACTIVE_ARCH = YES;
				SDKROOT = iphoneos;
			};
			name = Debug;
		};
		CA2653641DBE3C21008BCCC9 /* Release */ = {
			isa = XCBuildConfiguration;
			buildSettings = {
				ALWAYS_SEARCH_USER_PATHS = NO;
				CLANG_ANALYZER_NONNULL = YES;
				CLANG_CXX_LANGUAGE_STANDARD = "gnu++0x";
				CLANG_CXX_LIBRARY = "libc++";
				CLANG_ENABLE_MODULES = YES;
				CLANG_ENABLE_OBJC_ARC = YES;
				CLANG_WARN_BOOL_CONVERSION = YES;
				CLANG_WARN_CONSTANT_CONVERSION = YES;
				CLANG_WARN_DIRECT_OBJC_ISA_USAGE = YES_ERROR;
				CLANG_WARN_DOCUMENTATION_COMMENTS = YES;
				CLANG_WARN_EMPTY_BODY = YES;
				CLANG_WARN_ENUM_CONVERSION = YES;
				CLANG_WARN_INFINITE_RECURSION = YES;
				CLANG_WARN_INT_CONVERSION = YES;
				CLANG_WARN_OBJC_ROOT_CLASS = YES_ERROR;
				CLANG_WARN_SUSPICIOUS_MOVE = YES;
				CLANG_WARN_SUSPICIOUS_MOVES = YES;
				CLANG_WARN_UNREACHABLE_CODE = YES;
				CLANG_WARN__DUPLICATE_METHOD_MATCH = YES;
				"CODE_SIGN_IDENTITY[sdk=iphoneos*]" = "iPhone Developer";
				COPY_PHASE_STRIP = NO;
				DEBUG_INFORMATION_FORMAT = "dwarf-with-dsym";
				ENABLE_NS_ASSERTIONS = NO;
				ENABLE_STRICT_OBJC_MSGSEND = YES;
				GCC_C_LANGUAGE_STANDARD = gnu99;
				GCC_NO_COMMON_BLOCKS = YES;
				GCC_WARN_64_TO_32_BIT_CONVERSION = YES;
				GCC_WARN_ABOUT_RETURN_TYPE = YES_ERROR;
				GCC_WARN_UNDECLARED_SELECTOR = YES;
				GCC_WARN_UNINITIALIZED_AUTOS = YES_AGGRESSIVE;
				GCC_WARN_UNUSED_FUNCTION = YES;
				GCC_WARN_UNUSED_VARIABLE = YES;
				IPHONEOS_DEPLOYMENT_TARGET = 10.0;
				MTL_ENABLE_DEBUG_INFO = NO;
				SDKROOT = iphoneos;
				VALIDATE_PRODUCT = YES;
			};
			name = Release;
		};
		CA2653661DBE3C21008BCCC9 /* Debug */ = {
			isa = XCBuildConfiguration;
			buildSettings = {
				ASSETCATALOG_COMPILER_APPICON_NAME = AppIcon;
				INFOPLIST_FILE = SearchbarTable/Info.plist;
				LD_RUNPATH_SEARCH_PATHS = "$(inherited) @executable_path/Frameworks";
				PRODUCT_BUNDLE_IDENTIFIER = com.51work6.SearchbarTable;
				PRODUCT_NAME = "$(TARGET_NAME)";
			};
			name = Debug;
		};
		CA2653671DBE3C21008BCCC9 /* Release */ = {
			isa = XCBuildConfiguration;
			buildSettings = {
				ASSETCATALOG_COMPILER_APPICON_NAME = AppIcon;
				INFOPLIST_FILE = SearchbarTable/Info.plist;
				LD_RUNPATH_SEARCH_PATHS = "$(inherited) @executable_path/Frameworks";
				PRODUCT_BUNDLE_IDENTIFIER = com.51work6.SearchbarTable;
				PRODUCT_NAME = "$(TARGET_NAME)";
			};
			name = Release;
		};
/* End XCBuildConfiguration section */

/* Begin XCConfigurationList section */
		CA2653491DBE3C21008BCCC9 /* Build configuration list for PBXProject "SearchbarTable" */ = {
			isa = XCConfigurationList;
			buildConfigurations = (
				CA2653631DBE3C21008BCCC9 /* Debug */,
				CA2653641DBE3C21008BCCC9 /* Release */,
			);
			defaultConfigurationIsVisible = 0;
			defaultConfigurationName = Release;
		};
		CA2653651DBE3C21008BCCC9 /* Build configuration list for PBXNativeTarget "SearchbarTable" */ = {
			isa = XCConfigurationList;
			buildConfigurations = (
				CA2653661DBE3C21008BCCC9 /* Debug */,
				CA2653671DBE3C21008BCCC9 /* Release */,
			);
			defaultConfigurationIsVisible = 0;
			defaultConfigurationName = Release;
		};
/* End XCConfigurationList section */
	};
	rootObject = CA2653461DBE3C21008BCCC9 /* Project object */;
}
