// !$*UTF8*$!
{
	archiveVersion = 1;
	classes = {
	};
	objectVersion = 46;
	objects = {

/* Begin PBXBuildFile section */
		CAD7D27E1DB72A6D0067AF7A /* main.m in Sources */ = {isa = PBXBuildFile; fileRef = CAD7D27D1DB72A6D0067AF7A /* main.m */; };
		CAD7D2811DB72A6D0067AF7A /* AppDelegate.m in Sources */ = {isa = PBXBuildFile; fileRef = CAD7D2801DB72A6D0067AF7A /* AppDelegate.m */; };
		CAD7D2841DB72A6D0067AF7A /* ViewController.m in Sources */ = {isa = PBXBuildFile; fileRef = CAD7D2831DB72A6D0067AF7A /* ViewController.m */; };
		CAD7D2871DB72A6D0067AF7A /* Main.storyboard in Resources */ = {isa = PBXBuildFile; fileRef = CAD7D2851DB72A6D0067AF7A /* Main.storyboard */; };
		CAD7D2891DB72A6D0067AF7A /* Assets.xcassets in Resources */ = {isa = PBXBuildFile; fileRef = CAD7D2881DB72A6D0067AF7A /* Assets.xcassets */; };
		CAD7D28C1DB72A6D0067AF7A /* LaunchScreen.storyboard in Resources */ = {isa = PBXBuildFile; fileRef = CAD7D28A1DB72A6D0067AF7A /* LaunchScreen.storyboard */; };
/* End PBXBuildFile section */

/* Begin PBXFileReference section */
		CAD7D2791DB72A6D0067AF7A /* HelloWorld.app */ = {isa = PBXFileReference; explicitFileType = wrapper.application; includeInIndex = 0; path = HelloWorld.app; sourceTree = BUILT_PRODUCTS_DIR; };
		CAD7D27D1DB72A6D0067AF7A /* main.m */ = {isa = PBXFileReference; lastKnownFileType = sourcecode.c.objc; path = main.m; sourceTree = "<group>"; };
		CAD7D27F1DB72A6D0067AF7A /* AppDelegate.h */ = {isa = PBXFileReference; lastKnownFileType = sourcecode.c.h; path = AppDelegate.h; sourceTree = "<group>"; };
		CAD7D2801DB72A6D0067AF7A /* AppDelegate.m */ = {isa = PBXFileReference; lastKnownFileType = sourcecode.c.objc; path = AppDelegate.m; sourceTree = "<group>"; };
		CAD7D2821DB72A6D0067AF7A /* ViewController.h */ = {isa = PBXFileReference; lastKnownFileType = sourcecode.c.h; path = ViewController.h; sourceTree = "<group>"; };
		CAD7D2831DB72A6D0067AF7A /* ViewController.m */ = {isa = PBXFileReference; lastKnownFileType = sourcecode.c.objc; path = ViewController.m; sourceTree = "<group>"; };
		CAD7D2861DB72A6D0067AF7A /* Base */ = {isa = PBXFileReference; lastKnownFileType = file.storyboard; name = Base; path = Base.lproj/Main.storyboard; sourceTree = "<group>"; };
		CAD7D2881DB72A6D0067AF7A /* Assets.xcassets */ = {isa = PBXFileReference; lastKnownFileType = folder.assetcatalog; path = Assets.xcassets; sourceTree = "<group>"; };
		CAD7D28B1DB72A6D0067AF7A /* Base */ = {isa = PBXFileReference; lastKnownFileType = file.storyboard; name = Base; path = Base.lproj/LaunchScreen.storyboard; sourceTree = "<group>"; };
		CAD7D28D1DB72A6D0067AF7A /* Info.plist */ = {isa = PBXFileReference; lastKnownFileType = text.plist.xml; path = Info.plist; sourceTree = "<group>"; };
/* End PBXFileReference section */

/* Begin PBXFrameworksBuildPhase section */
		CAD7D2761DB72A6D0067AF7A /* Frameworks */ = {
			isa = PBXFrameworksBuildPhase;
			buildActionMask = 2147483647;
			files = (
			);
			runOnlyForDeploymentPostprocessing = 0;
		};
/* End PBXFrameworksBuildPhase section */

/* Begin PBXGroup section */
		CAD7D2701DB72A6D0067AF7A = {
			isa = PBXGroup;
			children = (
				CAD7D27B1DB72A6D0067AF7A /* HelloWorld */,
				CAD7D27A1DB72A6D0067AF7A /* Products */,
			);
			sourceTree = "<group>";
		};
		CAD7D27A1DB72A6D0067AF7A /* Products */ = {
			isa = PBXGroup;
			children = (
				CAD7D2791DB72A6D0067AF7A /* HelloWorld.app */,
			);
			name = Products;
			sourceTree = "<group>";
		};
		CAD7D27B1DB72A6D0067AF7A /* HelloWorld */ = {
			isa = PBXGroup;
			children = (
				CAD7D27F1DB72A6D0067AF7A /* AppDelegate.h */,
				CAD7D2801DB72A6D0067AF7A /* AppDelegate.m */,
				CAD7D2821DB72A6D0067AF7A /* ViewController.h */,
				CAD7D2831DB72A6D0067AF7A /* ViewController.m */,
				CAD7D2851DB72A6D0067AF7A /* Main.storyboard */,
				CAD7D2881DB72A6D0067AF7A /* Assets.xcassets */,
				CAD7D28A1DB72A6D0067AF7A /* LaunchScreen.storyboard */,
				CAD7D28D1DB72A6D0067AF7A /* Info.plist */,
				CAD7D27C1DB72A6D0067AF7A /* Supporting Files */,
			);
			path = HelloWorld;
			sourceTree = "<group>";
		};
		CAD7D27C1DB72A6D0067AF7A /* Supporting Files */ = {
			isa = PBXGroup;
			children = (
				CAD7D27D1DB72A6D0067AF7A /* main.m */,
			);
			name = "Supporting Files";
			sourceTree = "<group>";
		};
/* End PBXGroup section */

/* Begin PBXNativeTarget section */
		CAD7D2781DB72A6D0067AF7A /* HelloWorld */ = {
			isa = PBXNativeTarget;
			buildConfigurationList = CAD7D2901DB72A6D0067AF7A /* Build configuration list for PBXNativeTarget "HelloWorld" */;
			buildPhases = (
				CAD7D2751DB72A6D0067AF7A /* Sources */,
				CAD7D2761DB72A6D0067AF7A /* Frameworks */,
				CAD7D2771DB72A6D0067AF7A /* Resources */,
			);
			buildRules = (
			);
			dependencies = (
			);
			name = HelloWorld;
			productName = HelloWorld;
			productReference = CAD7D2791DB72A6D0067AF7A /* HelloWorld.app */;
			productType = "com.apple.product-type.application";
		};
/* End PBXNativeTarget section */

/* Begin PBXProject section */
		CAD7D2711DB72A6D0067AF7A /* Project object */ = {
			isa = PBXProject;
			attributes = {
				LastUpgradeCheck = 0810;
				ORGANIZATIONNAME = "关东升";
				TargetAttributes = {
					CAD7D2781DB72A6D0067AF7A = {
						CreatedOnToolsVersion = 8.0;
						ProvisioningStyle = Automatic;
					};
				};
			};
			buildConfigurationList = CAD7D2741DB72A6D0067AF7A /* Build configuration list for PBXProject "HelloWorld" */;
			compatibilityVersion = "Xcode 3.2";
			developmentRegion = English;
			hasScannedForEncodings = 0;
			knownRegions = (
				en,
				Base,
			);
			mainGroup = CAD7D2701DB72A6D0067AF7A;
			productRefGroup = CAD7D27A1DB72A6D0067AF7A /* Products */;
			projectDirPath = "";
			projectRoot = "";
			targets = (
				CAD7D2781DB72A6D0067AF7A /* HelloWorld */,
			);
		};
/* End PBXProject section */

/* Begin PBXResourcesBuildPhase section */
		CAD7D2771DB72A6D0067AF7A /* Resources */ = {
			isa = PBXResourcesBuildPhase;
			buildActionMask = 2147483647;
			files = (
				CAD7D28C1DB72A6D0067AF7A /* LaunchScreen.storyboard in Resources */,
				CAD7D2891DB72A6D0067AF7A /* Assets.xcassets in Resources */,
				CAD7D2871DB72A6D0067AF7A /* Main.storyboard in Resources */,
			);
			runOnlyForDeploymentPostprocessing = 0;
		};
/* End PBXResourcesBuildPhase section */

/* Begin PBXSourcesBuildPhase section */
		CAD7D2751DB72A6D0067AF7A /* Sources */ = {
			isa = PBXSourcesBuildPhase;
			buildActionMask = 2147483647;
			files = (
				CAD7D2841DB72A6D0067AF7A /* ViewController.m in Sources */,
				CAD7D2811DB72A6D0067AF7A /* AppDelegate.m in Sources */,
				CAD7D27E1DB72A6D0067AF7A /* main.m in Sources */,
			);
			runOnlyForDeploymentPostprocessing = 0;
		};
/* End PBXSourcesBuildPhase section */

/* Begin PBXVariantGroup section */
		CAD7D2851DB72A6D0067AF7A /* Main.storyboard */ = {
			isa = PBXVariantGroup;
			children = (
				CAD7D2861DB72A6D0067AF7A /* Base */,
			);
			name = Main.storyboard;
			sourceTree = "<group>";
		};
		CAD7D28A1DB72A6D0067AF7A /* LaunchScreen.storyboard */ = {
			isa = PBXVariantGroup;
			children = (
				CAD7D28B1DB72A6D0067AF7A /* Base */,
			);
			name = LaunchScreen.storyboard;
			sourceTree = "<group>";
		};
/* End PBXVariantGroup section */

/* Begin XCBuildConfiguration section */
		CAD7D28E1DB72A6D0067AF7A /* Debug */ = {
			isa = XCBuildConfiguration;
			buildSettings = {
				ALWAYS_SEARCH_USER_PATHS = NO;
				CLANG_ANALYZER_NONNULL = YES;
				CLANG_CXX_LANGUAGE_STANDARD = "gnu++0x";
				CLANG_CXX_LIBRARY = "libc++";
				CLANG_ENABLE_MODULES = YES;
				CLANG_ENABLE_OBJC_ARC = YES;
				CLANG_WARN_BOOL_CONVERSION = YES;
				CLANG_WARN_CONSTANT_CONVERSION = YES;
				CLANG_WARN_DIRECT_OBJC_ISA_USAGE = YES_ERROR;
				CLANG_WARN_DOCUMENTATION_COMMENTS = YES;
				CLANG_WARN_EMPTY_BODY = YES;
				CLANG_WARN_ENUM_CONVERSION = YES;
				CLANG_WARN_INFINITE_RECURSION = YES;
				CLANG_WARN_INT_CONVERSION = YES;
				CLANG_WARN_OBJC_ROOT_CLASS = YES_ERROR;
				CLANG_WARN_SUSPICIOUS_MOVE = YES;
				CLANG_WARN_SUSPICIOUS_MOVES = YES;
				CLANG_WARN_UNREACHABLE_CODE = YES;
				CLANG_WARN__DUPLICATE_METHOD_MATCH = YES;
				"CODE_SIGN_IDENTITY[sdk=iphoneos*]" = "iPhone Developer";
				COPY_PHASE_STRIP = NO;
				DEBUG_INFORMATION_FORMAT = dwarf;
				ENABLE_STRICT_OBJC_MSGSEND = YES;
				ENABLE_TESTABILITY = YES;
				GCC_C_LANGUAGE_STANDARD = gnu99;
				GCC_DYNAMIC_NO_PIC = NO;
				GCC_NO_COMMON_BLOCKS = YES;
				GCC_OPTIMIZATION_LEVEL = 0;
				GCC_PREPROCESSOR_DEFINITIONS = (
					"DEBUG=1",
					"$(inherited)",
				);
				GCC_WARN_64_TO_32_BIT_CONVERSION = YES;
				GCC_WARN_ABOUT_RETURN_TYPE = YES_ERROR;
				GCC_WARN_UNDECLARED_SELECTOR = YES;
				GCC_WARN_UNINITIALIZED_AUTOS = YES_AGGRESSIVE;
				GCC_WARN_UNUSED_FUNCTION = YES;
				GCC_WARN_UNUSED_VARIABLE = YES;
				IPHONEOS_DEPLOYMENT_TARGET = 10.0;
				MTL_ENABLE_DEBUG_INFO = YES;
				ONLY_ACTIVE_ARCH = YES;
				SDKROOT = iphoneos;
			};
			name = Debug;
		};
		CAD7D28F1DB72A6D0067AF7A /* Release */ = {
			isa = XCBuildConfiguration;
			buildSettings = {
				ALWAYS_SEARCH_USER_PATHS = NO;
				CLANG_ANALYZER_NONNULL = YES;
				CLANG_CXX_LANGUAGE_STANDARD = "gnu++0x";
				CLANG_CXX_LIBRARY = "libc++";
				CLANG_ENABLE_MODULES = YES;
				CLANG_ENABLE_OBJC_ARC = YES;
				CLANG_WARN_BOOL_CONVERSION = YES;
				CLANG_WARN_CONSTANT_CONVERSION = YES;
				CLANG_WARN_DIRECT_OBJC_ISA_USAGE = YES_ERROR;
				CLANG_WARN_DOCUMENTATION_COMMENTS = YES;
				CLANG_WARN_EMPTY_BODY = YES;
				CLANG_WARN_ENUM_CONVERSION = YES;
				CLANG_WARN_INFINITE_RECURSION = YES;
				CLANG_WARN_INT_CONVERSION = YES;
				CLANG_WARN_OBJC_ROOT_CLASS = YES_ERROR;
				CLANG_WARN_SUSPICIOUS_MOVE = YES;
				CLANG_WARN_SUSPICIOUS_MOVES = YES;
				CLANG_WARN_UNREACHABLE_CODE = YES;
				CLANG_WARN__DUPLICATE_METHOD_MATCH = YES;
				"CODE_SIGN_IDENTITY[sdk=iphoneos*]" = "iPhone Developer";
				COPY_PHASE_STRIP = NO;
				DEBUG_INFORMATION_FORMAT = "dwarf-with-dsym";
				ENABLE_NS_ASSERTIONS = NO;
				ENABLE_STRICT_OBJC_MSGSEND = YES;
				GCC_C_LANGUAGE_STANDARD = gnu99;
				GCC_NO_COMMON_BLOCKS = YES;
				GCC_WARN_64_TO_32_BIT_CONVERSION = YES;
				GCC_WARN_ABOUT_RETURN_TYPE = YES_ERROR;
				GCC_WARN_UNDECLARED_SELECTOR = YES;
				GCC_WARN_UNINITIALIZED_AUTOS = YES_AGGRESSIVE;
				GCC_WARN_UNUSED_FUNCTION = YES;
				GCC_WARN_UNUSED_VARIABLE = YES;
				IPHONEOS_DEPLOYMENT_TARGET = 10.0;
				MTL_ENABLE_DEBUG_INFO = NO;
				SDKROOT = iphoneos;
				VALIDATE_PRODUCT = YES;
			};
			name = Release;
		};
		CAD7D2911DB72A6D0067AF7A /* Debug */ = {
			isa = XCBuildConfiguration;
			buildSettings = {
				ASSETCATALOG_COMPILER_APPICON_NAME = AppIcon;
				INFOPLIST_FILE = HelloWorld/Info.plist;
				LD_RUNPATH_SEARCH_PATHS = "$(inherited) @executable_path/Frameworks";
				PRODUCT_BUNDLE_IDENTIFIER = com.51work6.HelloWorld;
				PRODUCT_NAME = "$(TARGET_NAME)";
			};
			name = Debug;
		};
		CAD7D2921DB72A6D0067AF7A /* Release */ = {
			isa = XCBuildConfiguration;
			buildSettings = {
				ASSETCATALOG_COMPILER_APPICON_NAME = AppIcon;
				INFOPLIST_FILE = HelloWorld/Info.plist;
				LD_RUNPATH_SEARCH_PATHS = "$(inherited) @executable_path/Frameworks";
				PRODUCT_BUNDLE_IDENTIFIER = com.51work6.HelloWorld;
				PRODUCT_NAME = "$(TARGET_NAME)";
			};
			name = Release;
		};
/* End XCBuildConfiguration section */

/* Begin XCConfigurationList section */
		CAD7D2741DB72A6D0067AF7A /* Build configuration list for PBXProject "HelloWorld" */ = {
			isa = XCConfigurationList;
			buildConfigurations = (
				CAD7D28E1DB72A6D0067AF7A /* Debug */,
				CAD7D28F1DB72A6D0067AF7A /* Release */,
			);
			defaultConfigurationIsVisible = 0;
			defaultConfigurationName = Release;
		};
		CAD7D2901DB72A6D0067AF7A /* Build configuration list for PBXNativeTarget "HelloWorld" */ = {
			isa = XCConfigurationList;
			buildConfigurations = (
				CAD7D2911DB72A6D0067AF7A /* Debug */,
				CAD7D2921DB72A6D0067AF7A /* Release */,
			);
			defaultConfigurationIsVisible = 0;
			defaultConfigurationName = Release;
		};
/* End XCConfigurationList section */
	};
	rootObject = CAD7D2711DB72A6D0067AF7A /* Project object */;
}
